// !$*UTF8*$!
{
	archiveVersion = 1;
	classes = {
	};
	objectVersion = 46;
	objects = {

/* Begin PBXAggregateTarget section */
		24416B8111C4CA220047AFDD /* Build & Test */ = {
			isa = PBXAggregateTarget;
			buildConfigurationList = 24416B8A11C4CA520047AFDD /* Build configuration list for PBXAggregateTarget "Build & Test" */;
			buildPhases = (
				24416B8011C4CA220047AFDD /* ShellScript */,
			);
			dependencies = (
				24416B8511C4CA280047AFDD /* PBXTargetDependency */,
			);
			name = "Build & Test";
			productName = "Build & test";
		};
/* End PBXAggregateTarget section */

/* Begin PBXBuildFile section */
		24DD6CF91134B3F500162E58 /* Com0x82DropboxModule.h in Headers */ = {isa = PBXBuildFile; fileRef = 24DD6CF71134B3F500162E58 /* Com0x82DropboxModule.h */; };
		24DD6CFA1134B3F500162E58 /* Com0x82DropboxModule.m in Sources */ = {isa = PBXBuildFile; fileRef = 24DD6CF81134B3F500162E58 /* Com0x82DropboxModule.m */; };
		24DE9E1111C5FE74003F90F6 /* Com0x82DropboxModuleAssets.h in Headers */ = {isa = PBXBuildFile; fileRef = 24DE9E0F11C5FE74003F90F6 /* Com0x82DropboxModuleAssets.h */; };
		24DE9E1211C5FE74003F90F6 /* Com0x82DropboxModuleAssets.m in Sources */ = {isa = PBXBuildFile; fileRef = 24DE9E1011C5FE74003F90F6 /* Com0x82DropboxModuleAssets.m */; };
		3E04169E1350960200C66455 /* UIKit.framework in Frameworks */ = {isa = PBXBuildFile; fileRef = 3E04169D1350960200C66455 /* UIKit.framework */; };
		3E0416A01350960600C66455 /* Security.framework in Frameworks */ = {isa = PBXBuildFile; fileRef = 3E04169F1350960600C66455 /* Security.framework */; };
		3E0416A21350960C00C66455 /* CoreGraphics.framework in Frameworks */ = {isa = PBXBuildFile; fileRef = 3E0416A11350960C00C66455 /* CoreGraphics.framework */; };
		3E08DE3B14585AE90091E8DA /* DBMetadata+Dumper.h in Headers */ = {isa = PBXBuildFile; fileRef = 3E08DE3914585AE90091E8DA /* DBMetadata+Dumper.h */; };
		3E08DE3C14585AE90091E8DA /* DBMetadata+Dumper.m in Sources */ = {isa = PBXBuildFile; fileRef = 3E08DE3A14585AE90091E8DA /* DBMetadata+Dumper.m */; };
		3E2CA27714CC98CD00CCA508 /* DBAccountInfo.m in Sources */ = {isa = PBXBuildFile; fileRef = 3E2CA21514CC98CD00CCA508 /* DBAccountInfo.m */; };
		3E2CA27814CC98CD00CCA508 /* DBDefines.h in Headers */ = {isa = PBXBuildFile; fileRef = 3E2CA21614CC98CD00CCA508 /* DBDefines.h */; };
		3E2CA27914CC98CD00CCA508 /* DBError.m in Sources */ = {isa = PBXBuildFile; fileRef = 3E2CA21714CC98CD00CCA508 /* DBError.m */; };
		3E2CA27A14CC98CD00CCA508 /* DBLog.m in Sources */ = {isa = PBXBuildFile; fileRef = 3E2CA21814CC98CD00CCA508 /* DBLog.m */; };
		3E2CA27B14CC98CD00CCA508 /* DBMetadata.m in Sources */ = {isa = PBXBuildFile; fileRef = 3E2CA21914CC98CD00CCA508 /* DBMetadata.m */; };
		3E2CA27C14CC98CD00CCA508 /* DBQuota.m in Sources */ = {isa = PBXBuildFile; fileRef = 3E2CA21A14CC98CD00CCA508 /* DBQuota.m */; };
		3E2CA27D14CC98CD00CCA508 /* DBRequest.m in Sources */ = {isa = PBXBuildFile; fileRef = 3E2CA21B14CC98CD00CCA508 /* DBRequest.m */; };
		3E2CA27E14CC98CD00CCA508 /* DBRestClient.m in Sources */ = {isa = PBXBuildFile; fileRef = 3E2CA21C14CC98CD00CCA508 /* DBRestClient.m */; };
		3E2CA27F14CC98CD00CCA508 /* DBSession.m in Sources */ = {isa = PBXBuildFile; fileRef = 3E2CA21F14CC98CD00CCA508 /* DBSession.m */; };
		3E2CA28014CC98CD00CCA508 /* Base64Transcoder.h in Headers */ = {isa = PBXBuildFile; fileRef = 3E2CA22214CC98CD00CCA508 /* Base64Transcoder.h */; };
		3E2CA28114CC98CD00CCA508 /* DBAccountInfo.h in Headers */ = {isa = PBXBuildFile; fileRef = 3E2CA22314CC98CD00CCA508 /* DBAccountInfo.h */; };
		3E2CA28214CC98CD00CCA508 /* DBError.h in Headers */ = {isa = PBXBuildFile; fileRef = 3E2CA22414CC98CD00CCA508 /* DBError.h */; };
		3E2CA28314CC98CD00CCA508 /* DBJSON.h in Headers */ = {isa = PBXBuildFile; fileRef = 3E2CA22514CC98CD00CCA508 /* DBJSON.h */; };
		3E2CA28414CC98CD00CCA508 /* DBJsonBase.h in Headers */ = {isa = PBXBuildFile; fileRef = 3E2CA22614CC98CD00CCA508 /* DBJsonBase.h */; };
		3E2CA28514CC98CD00CCA508 /* DBJsonParser.h in Headers */ = {isa = PBXBuildFile; fileRef = 3E2CA22714CC98CD00CCA508 /* DBJsonParser.h */; };
		3E2CA28614CC98CD00CCA508 /* DBJsonWriter.h in Headers */ = {isa = PBXBuildFile; fileRef = 3E2CA22814CC98CD00CCA508 /* DBJsonWriter.h */; };
		3E2CA28714CC98CD00CCA508 /* DBLog.h in Headers */ = {isa = PBXBuildFile; fileRef = 3E2CA22914CC98CD00CCA508 /* DBLog.h */; };
		3E2CA28814CC98CD00CCA508 /* DBMetadata.h in Headers */ = {isa = PBXBuildFile; fileRef = 3E2CA22A14CC98CD00CCA508 /* DBMetadata.h */; };
		3E2CA28914CC98CD00CCA508 /* DBQuota.h in Headers */ = {isa = PBXBuildFile; fileRef = 3E2CA22B14CC98CD00CCA508 /* DBQuota.h */; };
		3E2CA28A14CC98CD00CCA508 /* DBRequest.h in Headers */ = {isa = PBXBuildFile; fileRef = 3E2CA22C14CC98CD00CCA508 /* DBRequest.h */; };
		3E2CA28B14CC98CD00CCA508 /* DBRestClient.h in Headers */ = {isa = PBXBuildFile; fileRef = 3E2CA22D14CC98CD00CCA508 /* DBRestClient.h */; };
		3E2CA28C14CC98CD00CCA508 /* DBSession.h in Headers */ = {isa = PBXBuildFile; fileRef = 3E2CA23014CC98CD00CCA508 /* DBSession.h */; };
		3E2CA28D14CC98CD00CCA508 /* DropboxSDK.h in Headers */ = {isa = PBXBuildFile; fileRef = 3E2CA23114CC98CD00CCA508 /* DropboxSDK.h */; };
		3E2CA28E14CC98CD00CCA508 /* JSON.h in Headers */ = {isa = PBXBuildFile; fileRef = 3E2CA23214CC98CD00CCA508 /* JSON.h */; };
		3E2CA28F14CC98CD00CCA508 /* MPDebug.h in Headers */ = {isa = PBXBuildFile; fileRef = 3E2CA23414CC98CD00CCA508 /* MPDebug.h */; };
		3E2CA29014CC98CD00CCA508 /* MPOAuth.h in Headers */ = {isa = PBXBuildFile; fileRef = 3E2CA23514CC98CD00CCA508 /* MPOAuth.h */; };
		3E2CA29114CC98CD00CCA508 /* MPOAuthAPI.h in Headers */ = {isa = PBXBuildFile; fileRef = 3E2CA23614CC98CD00CCA508 /* MPOAuthAPI.h */; };
		3E2CA29214CC98CD00CCA508 /* MPOAuthAPIRequestLoader.h in Headers */ = {isa = PBXBuildFile; fileRef = 3E2CA23714CC98CD00CCA508 /* MPOAuthAPIRequestLoader.h */; };
		3E2CA29314CC98CD00CCA508 /* MPOAuthAuthenticationMethod.h in Headers */ = {isa = PBXBuildFile; fileRef = 3E2CA23814CC98CD00CCA508 /* MPOAuthAuthenticationMethod.h */; };
		3E2CA29414CC98CD00CCA508 /* MPOAuthAuthenticationMethodOAuth.h in Headers */ = {isa = PBXBuildFile; fileRef = 3E2CA23914CC98CD00CCA508 /* MPOAuthAuthenticationMethodOAuth.h */; };
		3E2CA29514CC98CD00CCA508 /* MPOAuthConnection.h in Headers */ = {isa = PBXBuildFile; fileRef = 3E2CA23A14CC98CD00CCA508 /* MPOAuthConnection.h */; };
		3E2CA29614CC98CD00CCA508 /* MPOAuthCredentialConcreteStore+KeychainAdditions.h in Headers */ = {isa = PBXBuildFile; fileRef = 3E2CA23B14CC98CD00CCA508 /* MPOAuthCredentialConcreteStore+KeychainAdditions.h */; };
		3E2CA29714CC98CD00CCA508 /* MPOAuthCredentialConcreteStore.h in Headers */ = {isa = PBXBuildFile; fileRef = 3E2CA23C14CC98CD00CCA508 /* MPOAuthCredentialConcreteStore.h */; };
		3E2CA29814CC98CD00CCA508 /* MPOAuthCredentialStore.h in Headers */ = {isa = PBXBuildFile; fileRef = 3E2CA23D14CC98CD00CCA508 /* MPOAuthCredentialStore.h */; };
		3E2CA29914CC98CD00CCA508 /* MPOAuthParameterFactory.h in Headers */ = {isa = PBXBuildFile; fileRef = 3E2CA23E14CC98CD00CCA508 /* MPOAuthParameterFactory.h */; };
		3E2CA29A14CC98CD00CCA508 /* MPOAuthSignatureParameter.h in Headers */ = {isa = PBXBuildFile; fileRef = 3E2CA23F14CC98CD00CCA508 /* MPOAuthSignatureParameter.h */; };
		3E2CA29B14CC98CD00CCA508 /* MPOAuthURLRequest.h in Headers */ = {isa = PBXBuildFile; fileRef = 3E2CA24014CC98CD00CCA508 /* MPOAuthURLRequest.h */; };
		3E2CA29C14CC98CD00CCA508 /* MPOAuthURLResponse.h in Headers */ = {isa = PBXBuildFile; fileRef = 3E2CA24114CC98CD00CCA508 /* MPOAuthURLResponse.h */; };
		3E2CA29D14CC98CD00CCA508 /* MPURLRequestParameter.h in Headers */ = {isa = PBXBuildFile; fileRef = 3E2CA24214CC98CD00CCA508 /* MPURLRequestParameter.h */; };
		3E2CA29E14CC98CD00CCA508 /* NSDictionary+Dropbox.h in Headers */ = {isa = PBXBuildFile; fileRef = 3E2CA24314CC98CD00CCA508 /* NSDictionary+Dropbox.h */; };
		3E2CA29F14CC98CD00CCA508 /* NSObject+DBJSON.h in Headers */ = {isa = PBXBuildFile; fileRef = 3E2CA24414CC98CD00CCA508 /* NSObject+DBJSON.h */; };
		3E2CA2A014CC98CD00CCA508 /* NSString+DBJSON.h in Headers */ = {isa = PBXBuildFile; fileRef = 3E2CA24514CC98CD00CCA508 /* NSString+DBJSON.h */; };
		3E2CA2A114CC98CD00CCA508 /* NSString+Dropbox.h in Headers */ = {isa = PBXBuildFile; fileRef = 3E2CA24614CC98CD00CCA508 /* NSString+Dropbox.h */; };
		3E2CA2A214CC98CD00CCA508 /* NSString+URLEscapingAdditions.h in Headers */ = {isa = PBXBuildFile; fileRef = 3E2CA24714CC98CD00CCA508 /* NSString+URLEscapingAdditions.h */; };
		3E2CA2A314CC98CD00CCA508 /* NSURL+MPURLParameterAdditions.h in Headers */ = {isa = PBXBuildFile; fileRef = 3E2CA24814CC98CD00CCA508 /* NSURL+MPURLParameterAdditions.h */; };
		3E2CA2A414CC98CD00CCA508 /* NSURLResponse+Encoding.h in Headers */ = {isa = PBXBuildFile; fileRef = 3E2CA24914CC98CD00CCA508 /* NSURLResponse+Encoding.h */; };
		3E2CA2A514CC98CD00CCA508 /* UIAlertView+Dropbox.h in Headers */ = {isa = PBXBuildFile; fileRef = 3E2CA24A14CC98CD00CCA508 /* UIAlertView+Dropbox.h */; };
		3E2CA2A814CC98CD00CCA508 /* DBJSON.h in Headers */ = {isa = PBXBuildFile; fileRef = 3E2CA24F14CC98CD00CCA508 /* DBJSON.h */; };
		3E2CA2A914CC98CD00CCA508 /* DBJSON.m in Sources */ = {isa = PBXBuildFile; fileRef = 3E2CA25014CC98CD00CCA508 /* DBJSON.m */; };
		3E2CA2AA14CC98CD00CCA508 /* DBJsonBase.h in Headers */ = {isa = PBXBuildFile; fileRef = 3E2CA25114CC98CD00CCA508 /* DBJsonBase.h */; };
		3E2CA2AB14CC98CD00CCA508 /* DBJsonBase.m in Sources */ = {isa = PBXBuildFile; fileRef = 3E2CA25214CC98CD00CCA508 /* DBJsonBase.m */; };
		3E2CA2AC14CC98CD00CCA508 /* DBJsonParser.h in Headers */ = {isa = PBXBuildFile; fileRef = 3E2CA25314CC98CD00CCA508 /* DBJsonParser.h */; };
		3E2CA2AD14CC98CD00CCA508 /* DBJsonParser.m in Sources */ = {isa = PBXBuildFile; fileRef = 3E2CA25414CC98CD00CCA508 /* DBJsonParser.m */; };
		3E2CA2AE14CC98CD00CCA508 /* DBJsonWriter.h in Headers */ = {isa = PBXBuildFile; fileRef = 3E2CA25514CC98CD00CCA508 /* DBJsonWriter.h */; };
		3E2CA2AF14CC98CD00CCA508 /* DBJsonWriter.m in Sources */ = {isa = PBXBuildFile; fileRef = 3E2CA25614CC98CD00CCA508 /* DBJsonWriter.m */; };
		3E2CA2B014CC98CD00CCA508 /* JSON.h in Headers */ = {isa = PBXBuildFile; fileRef = 3E2CA25714CC98CD00CCA508 /* JSON.h */; };
		3E2CA2B114CC98CD00CCA508 /* NSObject+DBJSON.h in Headers */ = {isa = PBXBuildFile; fileRef = 3E2CA25814CC98CD00CCA508 /* NSObject+DBJSON.h */; };
		3E2CA2B214CC98CD00CCA508 /* NSObject+DBJSON.m in Sources */ = {isa = PBXBuildFile; fileRef = 3E2CA25914CC98CD00CCA508 /* NSObject+DBJSON.m */; };
		3E2CA2B314CC98CD00CCA508 /* NSString+DBJSON.h in Headers */ = {isa = PBXBuildFile; fileRef = 3E2CA25A14CC98CD00CCA508 /* NSString+DBJSON.h */; };
		3E2CA2B414CC98CD00CCA508 /* NSString+DBJSON.m in Sources */ = {isa = PBXBuildFile; fileRef = 3E2CA25B14CC98CD00CCA508 /* NSString+DBJSON.m */; };
		3E2CA2B514CC98CD00CCA508 /* Base64Transcoder.c in Sources */ = {isa = PBXBuildFile; fileRef = 3E2CA25E14CC98CD00CCA508 /* Base64Transcoder.c */; };
		3E2CA2B614CC98CD00CCA508 /* MPOAuthAPI.m in Sources */ = {isa = PBXBuildFile; fileRef = 3E2CA25F14CC98CD00CCA508 /* MPOAuthAPI.m */; };
		3E2CA2B714CC98CD00CCA508 /* MPOAuthAPIRequestLoader.m in Sources */ = {isa = PBXBuildFile; fileRef = 3E2CA26014CC98CD00CCA508 /* MPOAuthAPIRequestLoader.m */; };
		3E2CA2B814CC98CD00CCA508 /* MPOAuthAuthenticationMethod.m in Sources */ = {isa = PBXBuildFile; fileRef = 3E2CA26114CC98CD00CCA508 /* MPOAuthAuthenticationMethod.m */; };
		3E2CA2B914CC98CD00CCA508 /* MPOAuthAuthenticationMethodOAuth.m in Sources */ = {isa = PBXBuildFile; fileRef = 3E2CA26214CC98CD00CCA508 /* MPOAuthAuthenticationMethodOAuth.m */; };
		3E2CA2BA14CC98CD00CCA508 /* MPOAuthConnection.m in Sources */ = {isa = PBXBuildFile; fileRef = 3E2CA26314CC98CD00CCA508 /* MPOAuthConnection.m */; };
		3E2CA2BB14CC98CD00CCA508 /* MPOAuthCredentiaIConcreteStore+KeychainAdditionsMac.m in Sources */ = {isa = PBXBuildFile; fileRef = 3E2CA26414CC98CD00CCA508 /* MPOAuthCredentiaIConcreteStore+KeychainAdditionsMac.m */; };
		3E2CA2BC14CC98CD00CCA508 /* MPOAuthCredentialConcreteStore+KeychainAdditionsiPhone.m in Sources */ = {isa = PBXBuildFile; fileRef = 3E2CA26514CC98CD00CCA508 /* MPOAuthCredentialConcreteStore+KeychainAdditionsiPhone.m */; };
		3E2CA2BD14CC98CD00CCA508 /* MPOAuthCredentialConcreteStore.m in Sources */ = {isa = PBXBuildFile; fileRef = 3E2CA26614CC98CD00CCA508 /* MPOAuthCredentialConcreteStore.m */; };
		3E2CA2BE14CC98CD00CCA508 /* MPOAuthSignatureParameter.m in Sources */ = {isa = PBXBuildFile; fileRef = 3E2CA26714CC98CD00CCA508 /* MPOAuthSignatureParameter.m */; };
		3E2CA2BF14CC98CD00CCA508 /* MPOAuthURLRequest.m in Sources */ = {isa = PBXBuildFile; fileRef = 3E2CA26814CC98CD00CCA508 /* MPOAuthURLRequest.m */; };
		3E2CA2C014CC98CD00CCA508 /* MPOAuthURLResponse.m in Sources */ = {isa = PBXBuildFile; fileRef = 3E2CA26914CC98CD00CCA508 /* MPOAuthURLResponse.m */; };
		3E2CA2C114CC98CD00CCA508 /* MPURLRequestParameter.m in Sources */ = {isa = PBXBuildFile; fileRef = 3E2CA26A14CC98CD00CCA508 /* MPURLRequestParameter.m */; };
		3E2CA2C214CC98CD00CCA508 /* NSString+URLEscapingAdditions.m in Sources */ = {isa = PBXBuildFile; fileRef = 3E2CA26B14CC98CD00CCA508 /* NSString+URLEscapingAdditions.m */; };
		3E2CA2C314CC98CD00CCA508 /* NSURL+MPURLParameterAdditions.m in Sources */ = {isa = PBXBuildFile; fileRef = 3E2CA26C14CC98CD00CCA508 /* NSURL+MPURLParameterAdditions.m */; };
		3E2CA2C414CC98CD00CCA508 /* NSURLResponse+Encoding.m in Sources */ = {isa = PBXBuildFile; fileRef = 3E2CA26D14CC98CD00CCA508 /* NSURLResponse+Encoding.m */; };
		3E2CA2C514CC98CD00CCA508 /* NSDictionary+Dropbox.m in Sources */ = {isa = PBXBuildFile; fileRef = 3E2CA26E14CC98CD00CCA508 /* NSDictionary+Dropbox.m */; };
		3E2CA2C614CC98CD00CCA508 /* NSString+Dropbox.m in Sources */ = {isa = PBXBuildFile; fileRef = 3E2CA26F14CC98CD00CCA508 /* NSString+Dropbox.m */; };
		3E2CA2C714CC98CD00CCA508 /* UIAlertView+Dropbox.m in Sources */ = {isa = PBXBuildFile; fileRef = 3E2CA27014CC98CD00CCA508 /* UIAlertView+Dropbox.m */; };
		3E36112D1553F279000B3A2A /* DBDeltaEntry.m in Sources */ = {isa = PBXBuildFile; fileRef = 3E36112C1553F279000B3A2A /* DBDeltaEntry.m */; };
		3E3611301553F280000B3A2A /* DBKeychain-iOS.m in Sources */ = {isa = PBXBuildFile; fileRef = 3E36112F1553F280000B3A2A /* DBKeychain-iOS.m */; };
		3E3611321553F28A000B3A2A /* DBSession+iOS.m in Sources */ = {isa = PBXBuildFile; fileRef = 3E3611311553F28A000B3A2A /* DBSession+iOS.m */; };
		3E3611341553F2A1000B3A2A /* DBDeltaEntry.h in Headers */ = {isa = PBXBuildFile; fileRef = 3E3611331553F2A1000B3A2A /* DBDeltaEntry.h */; };
		3E3611361553F2A7000B3A2A /* DBKeychain.h in Headers */ = {isa = PBXBuildFile; fileRef = 3E3611351553F2A7000B3A2A /* DBKeychain.h */; };
		3E3611381553F2B7000B3A2A /* DBSession+iOS.h in Headers */ = {isa = PBXBuildFile; fileRef = 3E3611371553F2B7000B3A2A /* DBSession+iOS.h */; };
		3EA8F01A1462D3F8002B8438 /* DBRestClient+OverwriteUpload.h in Headers */ = {isa = PBXBuildFile; fileRef = 3EA8F0181462D3F8002B8438 /* DBRestClient+OverwriteUpload.h */; };
		3EA8F01B1462D3F8002B8438 /* DBRestClient+OverwriteUpload.m in Sources */ = {isa = PBXBuildFile; fileRef = 3EA8F0191462D3F8002B8438 /* DBRestClient+OverwriteUpload.m */; };
		3EE509E113534075001C442C /* Com0x82DropboxSessionProxy.h in Headers */ = {isa = PBXBuildFile; fileRef = 3EE509DF13534075001C442C /* Com0x82DropboxSessionProxy.h */; };
		3EE509E213534075001C442C /* Com0x82DropboxSessionProxy.m in Sources */ = {isa = PBXBuildFile; fileRef = 3EE509E013534075001C442C /* Com0x82DropboxSessionProxy.m */; };
		3EE509E51353407A001C442C /* Com0x82DropboxClientProxy.h in Headers */ = {isa = PBXBuildFile; fileRef = 3EE509E31353407A001C442C /* Com0x82DropboxClientProxy.h */; };
		3EE509E61353407A001C442C /* Com0x82DropboxClientProxy.m in Sources */ = {isa = PBXBuildFile; fileRef = 3EE509E41353407A001C442C /* Com0x82DropboxClientProxy.m */; };
		AA747D9F0F9514B9006C5449 /* Com0x82Dropbox_Prefix.pch in Headers */ = {isa = PBXBuildFile; fileRef = AA747D9E0F9514B9006C5449 /* Com0x82Dropbox_Prefix.pch */; };
		AACBBE4A0F95108600F1A2B1 /* Foundation.framework in Frameworks */ = {isa = PBXBuildFile; fileRef = AACBBE490F95108600F1A2B1 /* Foundation.framework */; };
/* End PBXBuildFile section */

/* Begin PBXContainerItemProxy section */
		24416B8411C4CA280047AFDD /* PBXContainerItemProxy */ = {
			isa = PBXContainerItemProxy;
			containerPortal = 0867D690FE84028FC02AAC07 /* Project object */;
			proxyType = 1;
			remoteGlobalIDString = D2AAC07D0554694100DB518D;
			remoteInfo = dropbox;
		};
/* End PBXContainerItemProxy section */

/* Begin PBXFileReference section */
		24DD6CF71134B3F500162E58 /* Com0x82DropboxModule.h */ = {isa = PBXFileReference; fileEncoding = 4; lastKnownFileType = sourcecode.c.h; name = Com0x82DropboxModule.h; path = Classes/Com0x82DropboxModule.h; sourceTree = "<group>"; };
		24DD6CF81134B3F500162E58 /* Com0x82DropboxModule.m */ = {isa = PBXFileReference; fileEncoding = 4; lastKnownFileType = sourcecode.c.objc; name = Com0x82DropboxModule.m; path = Classes/Com0x82DropboxModule.m; sourceTree = "<group>"; };
		24DD6D1B1134B66800162E58 /* titanium.xcconfig */ = {isa = PBXFileReference; fileEncoding = 4; lastKnownFileType = text.xcconfig; path = titanium.xcconfig; sourceTree = "<group>"; };
		24DE9E0F11C5FE74003F90F6 /* Com0x82DropboxModuleAssets.h */ = {isa = PBXFileReference; fileEncoding = 4; lastKnownFileType = sourcecode.c.h; name = Com0x82DropboxModuleAssets.h; path = Classes/Com0x82DropboxModuleAssets.h; sourceTree = "<group>"; };
		24DE9E1011C5FE74003F90F6 /* Com0x82DropboxModuleAssets.m */ = {isa = PBXFileReference; fileEncoding = 4; lastKnownFileType = sourcecode.c.objc; name = Com0x82DropboxModuleAssets.m; path = Classes/Com0x82DropboxModuleAssets.m; sourceTree = "<group>"; };
		3E04169D1350960200C66455 /* UIKit.framework */ = {isa = PBXFileReference; lastKnownFileType = wrapper.framework; name = UIKit.framework; path = System/Library/Frameworks/UIKit.framework; sourceTree = SDKROOT; };
		3E04169F1350960600C66455 /* Security.framework */ = {isa = PBXFileReference; lastKnownFileType = wrapper.framework; name = Security.framework; path = System/Library/Frameworks/Security.framework; sourceTree = SDKROOT; };
		3E0416A11350960C00C66455 /* CoreGraphics.framework */ = {isa = PBXFileReference; lastKnownFileType = wrapper.framework; name = CoreGraphics.framework; path = System/Library/Frameworks/CoreGraphics.framework; sourceTree = SDKROOT; };
		3E08DE3914585AE90091E8DA /* DBMetadata+Dumper.h */ = {isa = PBXFileReference; fileEncoding = 4; lastKnownFileType = sourcecode.c.h; name = "DBMetadata+Dumper.h"; path = "Classes/DBMetadata+Dumper.h"; sourceTree = "<group>"; };
		3E08DE3A14585AE90091E8DA /* DBMetadata+Dumper.m */ = {isa = PBXFileReference; fileEncoding = 4; lastKnownFileType = sourcecode.c.objc; name = "DBMetadata+Dumper.m"; path = "Classes/DBMetadata+Dumper.m"; sourceTree = "<group>"; };
		3E2CA21514CC98CD00CCA508 /* DBAccountInfo.m */ = {isa = PBXFileReference; fileEncoding = 4; lastKnownFileType = sourcecode.c.objc; path = DBAccountInfo.m; sourceTree = "<group>"; };
		3E2CA21614CC98CD00CCA508 /* DBDefines.h */ = {isa = PBXFileReference; fileEncoding = 4; lastKnownFileType = sourcecode.c.h; path = DBDefines.h; sourceTree = "<group>"; };
		3E2CA21714CC98CD00CCA508 /* DBError.m */ = {isa = PBXFileReference; fileEncoding = 4; lastKnownFileType = sourcecode.c.objc; path = DBError.m; sourceTree = "<group>"; };
		3E2CA21814CC98CD00CCA508 /* DBLog.m */ = {isa = PBXFileReference; fileEncoding = 4; lastKnownFileType = sourcecode.c.objc; path = DBLog.m; sourceTree = "<group>"; };
		3E2CA21914CC98CD00CCA508 /* DBMetadata.m */ = {isa = PBXFileReference; fileEncoding = 4; lastKnownFileType = sourcecode.c.objc; path = DBMetadata.m; sourceTree = "<group>"; };
		3E2CA21A14CC98CD00CCA508 /* DBQuota.m */ = {isa = PBXFileReference; fileEncoding = 4; lastKnownFileType = sourcecode.c.objc; path = DBQuota.m; sourceTree = "<group>"; };
		3E2CA21B14CC98CD00CCA508 /* DBRequest.m */ = {isa = PBXFileReference; fileEncoding = 4; lastKnownFileType = sourcecode.c.objc; path = DBRequest.m; sourceTree = "<group>"; };
		3E2CA21C14CC98CD00CCA508 /* DBRestClient.m */ = {isa = PBXFileReference; fileEncoding = 4; lastKnownFileType = sourcecode.c.objc; path = DBRestClient.m; sourceTree = "<group>"; };
		3E2CA21F14CC98CD00CCA508 /* DBSession.m */ = {isa = PBXFileReference; fileEncoding = 4; lastKnownFileType = sourcecode.c.objc; path = DBSession.m; sourceTree = "<group>"; };
		3E2CA22214CC98CD00CCA508 /* Base64Transcoder.h */ = {isa = PBXFileReference; fileEncoding = 4; lastKnownFileType = sourcecode.c.h; path = Base64Transcoder.h; sourceTree = "<group>"; };
		3E2CA22314CC98CD00CCA508 /* DBAccountInfo.h */ = {isa = PBXFileReference; fileEncoding = 4; lastKnownFileType = sourcecode.c.h; path = DBAccountInfo.h; sourceTree = "<group>"; };
		3E2CA22414CC98CD00CCA508 /* DBError.h */ = {isa = PBXFileReference; fileEncoding = 4; lastKnownFileType = sourcecode.c.h; path = DBError.h; sourceTree = "<group>"; };
		3E2CA22514CC98CD00CCA508 /* DBJSON.h */ = {isa = PBXFileReference; fileEncoding = 4; lastKnownFileType = sourcecode.c.h; path = DBJSON.h; sourceTree = "<group>"; };
		3E2CA22614CC98CD00CCA508 /* DBJsonBase.h */ = {isa = PBXFileReference; fileEncoding = 4; lastKnownFileType = sourcecode.c.h; path = DBJsonBase.h; sourceTree = "<group>"; };
		3E2CA22714CC98CD00CCA508 /* DBJsonParser.h */ = {isa = PBXFileReference; fileEncoding = 4; lastKnownFileType = sourcecode.c.h; path = DBJsonParser.h; sourceTree = "<group>"; };
		3E2CA22814CC98CD00CCA508 /* DBJsonWriter.h */ = {isa = PBXFileReference; fileEncoding = 4; lastKnownFileType = sourcecode.c.h; path = DBJsonWriter.h; sourceTree = "<group>"; };
		3E2CA22914CC98CD00CCA508 /* DBLog.h */ = {isa = PBXFileReference; fileEncoding = 4; lastKnownFileType = sourcecode.c.h; path = DBLog.h; sourceTree = "<group>"; };
		3E2CA22A14CC98CD00CCA508 /* DBMetadata.h */ = {isa = PBXFileReference; fileEncoding = 4; lastKnownFileType = sourcecode.c.h; path = DBMetadata.h; sourceTree = "<group>"; };
		3E2CA22B14CC98CD00CCA508 /* DBQuota.h */ = {isa = PBXFileReference; fileEncoding = 4; lastKnownFileType = sourcecode.c.h; path = DBQuota.h; sourceTree = "<group>"; };
		3E2CA22C14CC98CD00CCA508 /* DBRequest.h */ = {isa = PBXFileReference; fileEncoding = 4; lastKnownFileType = sourcecode.c.h; path = DBRequest.h; sourceTree = "<group>"; };
		3E2CA22D14CC98CD00CCA508 /* DBRestClient.h */ = {isa = PBXFileReference; fileEncoding = 4; lastKnownFileType = sourcecode.c.h; path = DBRestClient.h; sourceTree = "<group>"; };
		3E2CA23014CC98CD00CCA508 /* DBSession.h */ = {isa = PBXFileReference; fileEncoding = 4; lastKnownFileType = sourcecode.c.h; path = DBSession.h; sourceTree = "<group>"; };
		3E2CA23114CC98CD00CCA508 /* DropboxSDK.h */ = {isa = PBXFileReference; fileEncoding = 4; lastKnownFileType = sourcecode.c.h; path = DropboxSDK.h; sourceTree = "<group>"; };
		3E2CA23214CC98CD00CCA508 /* JSON.h */ = {isa = PBXFileReference; fileEncoding = 4; lastKnownFileType = sourcecode.c.h; path = JSON.h; sourceTree = "<group>"; };
		3E2CA23414CC98CD00CCA508 /* MPDebug.h */ = {isa = PBXFileReference; fileEncoding = 4; lastKnownFileType = sourcecode.c.h; path = MPDebug.h; sourceTree = "<group>"; };
		3E2CA23514CC98CD00CCA508 /* MPOAuth.h */ = {isa = PBXFileReference; fileEncoding = 4; lastKnownFileType = sourcecode.c.h; path = MPOAuth.h; sourceTree = "<group>"; };
		3E2CA23614CC98CD00CCA508 /* MPOAuthAPI.h */ = {isa = PBXFileReference; fileEncoding = 4; lastKnownFileType = sourcecode.c.h; path = MPOAuthAPI.h; sourceTree = "<group>"; };
		3E2CA23714CC98CD00CCA508 /* MPOAuthAPIRequestLoader.h */ = {isa = PBXFileReference; fileEncoding = 4; lastKnownFileType = sourcecode.c.h; path = MPOAuthAPIRequestLoader.h; sourceTree = "<group>"; };
		3E2CA23814CC98CD00CCA508 /* MPOAuthAuthenticationMethod.h */ = {isa = PBXFileReference; fileEncoding = 4; lastKnownFileType = sourcecode.c.h; path = MPOAuthAuthenticationMethod.h; sourceTree = "<group>"; };
		3E2CA23914CC98CD00CCA508 /* MPOAuthAuthenticationMethodOAuth.h */ = {isa = PBXFileReference; fileEncoding = 4; lastKnownFileType = sourcecode.c.h; path = MPOAuthAuthenticationMethodOAuth.h; sourceTree = "<group>"; };
		3E2CA23A14CC98CD00CCA508 /* MPOAuthConnection.h */ = {isa = PBXFileReference; fileEncoding = 4; lastKnownFileType = sourcecode.c.h; path = MPOAuthConnection.h; sourceTree = "<group>"; };
		3E2CA23B14CC98CD00CCA508 /* MPOAuthCredentialConcreteStore+KeychainAdditions.h */ = {isa = PBXFileReference; fileEncoding = 4; lastKnownFileType = sourcecode.c.h; path = "MPOAuthCredentialConcreteStore+KeychainAdditions.h"; sourceTree = "<group>"; };
		3E2CA23C14CC98CD00CCA508 /* MPOAuthCredentialConcreteStore.h */ = {isa = PBXFileReference; fileEncoding = 4; lastKnownFileType = sourcecode.c.h; path = MPOAuthCredentialConcreteStore.h; sourceTree = "<group>"; };
		3E2CA23D14CC98CD00CCA508 /* MPOAuthCredentialStore.h */ = {isa = PBXFileReference; fileEncoding = 4; lastKnownFileType = sourcecode.c.h; path = MPOAuthCredentialStore.h; sourceTree = "<group>"; };
		3E2CA23E14CC98CD00CCA508 /* MPOAuthParameterFactory.h */ = {isa = PBXFileReference; fileEncoding = 4; lastKnownFileType = sourcecode.c.h; path = MPOAuthParameterFactory.h; sourceTree = "<group>"; };
		3E2CA23F14CC98CD00CCA508 /* MPOAuthSignatureParameter.h */ = {isa = PBXFileReference; fileEncoding = 4; lastKnownFileType = sourcecode.c.h; path = MPOAuthSignatureParameter.h; sourceTree = "<group>"; };
		3E2CA24014CC98CD00CCA508 /* MPOAuthURLRequest.h */ = {isa = PBXFileReference; fileEncoding = 4; lastKnownFileType = sourcecode.c.h; path = MPOAuthURLRequest.h; sourceTree = "<group>"; };
		3E2CA24114CC98CD00CCA508 /* MPOAuthURLResponse.h */ = {isa = PBXFileReference; fileEncoding = 4; lastKnownFileType = sourcecode.c.h; path = MPOAuthURLResponse.h; sourceTree = "<group>"; };
		3E2CA24214CC98CD00CCA508 /* MPURLRequestParameter.h */ = {isa = PBXFileReference; fileEncoding = 4; lastKnownFileType = sourcecode.c.h; path = MPURLRequestParameter.h; sourceTree = "<group>"; };
		3E2CA24314CC98CD00CCA508 /* NSDictionary+Dropbox.h */ = {isa = PBXFileReference; fileEncoding = 4; lastKnownFileType = sourcecode.c.h; path = "NSDictionary+Dropbox.h"; sourceTree = "<group>"; };
		3E2CA24414CC98CD00CCA508 /* NSObject+DBJSON.h */ = {isa = PBXFileReference; fileEncoding = 4; lastKnownFileType = sourcecode.c.h; path = "NSObject+DBJSON.h"; sourceTree = "<group>"; };
		3E2CA24514CC98CD00CCA508 /* NSString+DBJSON.h */ = {isa = PBXFileReference; fileEncoding = 4; lastKnownFileType = sourcecode.c.h; path = "NSString+DBJSON.h"; sourceTree = "<group>"; };
		3E2CA24614CC98CD00CCA508 /* NSString+Dropbox.h */ = {isa = PBXFileReference; fileEncoding = 4; lastKnownFileType = sourcecode.c.h; path = "NSString+Dropbox.h"; sourceTree = "<group>"; };
		3E2CA24714CC98CD00CCA508 /* NSString+URLEscapingAdditions.h */ = {isa = PBXFileReference; fileEncoding = 4; lastKnownFileType = sourcecode.c.h; path = "NSString+URLEscapingAdditions.h"; sourceTree = "<group>"; };
		3E2CA24814CC98CD00CCA508 /* NSURL+MPURLParameterAdditions.h */ = {isa = PBXFileReference; fileEncoding = 4; lastKnownFileType = sourcecode.c.h; path = "NSURL+MPURLParameterAdditions.h"; sourceTree = "<group>"; };
		3E2CA24914CC98CD00CCA508 /* NSURLResponse+Encoding.h */ = {isa = PBXFileReference; fileEncoding = 4; lastKnownFileType = sourcecode.c.h; path = "NSURLResponse+Encoding.h"; sourceTree = "<group>"; };
		3E2CA24A14CC98CD00CCA508 /* UIAlertView+Dropbox.h */ = {isa = PBXFileReference; fileEncoding = 4; lastKnownFileType = sourcecode.c.h; path = "UIAlertView+Dropbox.h"; sourceTree = "<group>"; };
		3E2CA24F14CC98CD00CCA508 /* DBJSON.h */ = {isa = PBXFileReference; fileEncoding = 4; lastKnownFileType = sourcecode.c.h; path = DBJSON.h; sourceTree = "<group>"; };
		3E2CA25014CC98CD00CCA508 /* DBJSON.m */ = {isa = PBXFileReference; fileEncoding = 4; lastKnownFileType = sourcecode.c.objc; path = DBJSON.m; sourceTree = "<group>"; };
		3E2CA25114CC98CD00CCA508 /* DBJsonBase.h */ = {isa = PBXFileReference; fileEncoding = 4; lastKnownFileType = sourcecode.c.h; path = DBJsonBase.h; sourceTree = "<group>"; };
		3E2CA25214CC98CD00CCA508 /* DBJsonBase.m */ = {isa = PBXFileReference; fileEncoding = 4; lastKnownFileType = sourcecode.c.objc; path = DBJsonBase.m; sourceTree = "<group>"; };
		3E2CA25314CC98CD00CCA508 /* DBJsonParser.h */ = {isa = PBXFileReference; fileEncoding = 4; lastKnownFileType = sourcecode.c.h; path = DBJsonParser.h; sourceTree = "<group>"; };
		3E2CA25414CC98CD00CCA508 /* DBJsonParser.m */ = {isa = PBXFileReference; fileEncoding = 4; lastKnownFileType = sourcecode.c.objc; path = DBJsonParser.m; sourceTree = "<group>"; };
		3E2CA25514CC98CD00CCA508 /* DBJsonWriter.h */ = {isa = PBXFileReference; fileEncoding = 4; lastKnownFileType = sourcecode.c.h; path = DBJsonWriter.h; sourceTree = "<group>"; };
		3E2CA25614CC98CD00CCA508 /* DBJsonWriter.m */ = {isa = PBXFileReference; fileEncoding = 4; lastKnownFileType = sourcecode.c.objc; path = DBJsonWriter.m; sourceTree = "<group>"; };
		3E2CA25714CC98CD00CCA508 /* JSON.h */ = {isa = PBXFileReference; fileEncoding = 4; lastKnownFileType = sourcecode.c.h; path = JSON.h; sourceTree = "<group>"; };
		3E2CA25814CC98CD00CCA508 /* NSObject+DBJSON.h */ = {isa = PBXFileReference; fileEncoding = 4; lastKnownFileType = sourcecode.c.h; path = "NSObject+DBJSON.h"; sourceTree = "<group>"; };
		3E2CA25914CC98CD00CCA508 /* NSObject+DBJSON.m */ = {isa = PBXFileReference; fileEncoding = 4; lastKnownFileType = sourcecode.c.objc; path = "NSObject+DBJSON.m"; sourceTree = "<group>"; };
		3E2CA25A14CC98CD00CCA508 /* NSString+DBJSON.h */ = {isa = PBXFileReference; fileEncoding = 4; lastKnownFileType = sourcecode.c.h; path = "NSString+DBJSON.h"; sourceTree = "<group>"; };
		3E2CA25B14CC98CD00CCA508 /* NSString+DBJSON.m */ = {isa = PBXFileReference; fileEncoding = 4; lastKnownFileType = sourcecode.c.objc; path = "NSString+DBJSON.m"; sourceTree = "<group>"; };
		3E2CA25E14CC98CD00CCA508 /* Base64Transcoder.c */ = {isa = PBXFileReference; fileEncoding = 4; lastKnownFileType = sourcecode.c.c; path = Base64Transcoder.c; sourceTree = "<group>"; };
		3E2CA25F14CC98CD00CCA508 /* MPOAuthAPI.m */ = {isa = PBXFileReference; fileEncoding = 4; lastKnownFileType = sourcecode.c.objc; path = MPOAuthAPI.m; sourceTree = "<group>"; };
		3E2CA26014CC98CD00CCA508 /* MPOAuthAPIRequestLoader.m */ = {isa = PBXFileReference; fileEncoding = 4; lastKnownFileType = sourcecode.c.objc; path = MPOAuthAPIRequestLoader.m; sourceTree = "<group>"; };
		3E2CA26114CC98CD00CCA508 /* MPOAuthAuthenticationMethod.m */ = {isa = PBXFileReference; fileEncoding = 4; lastKnownFileType = sourcecode.c.objc; path = MPOAuthAuthenticationMethod.m; sourceTree = "<group>"; };
		3E2CA26214CC98CD00CCA508 /* MPOAuthAuthenticationMethodOAuth.m */ = {isa = PBXFileReference; fileEncoding = 4; lastKnownFileType = sourcecode.c.objc; path = MPOAuthAuthenticationMethodOAuth.m; sourceTree = "<group>"; };
		3E2CA26314CC98CD00CCA508 /* MPOAuthConnection.m */ = {isa = PBXFileReference; fileEncoding = 4; lastKnownFileType = sourcecode.c.objc; path = MPOAuthConnection.m; sourceTree = "<group>"; };
		3E2CA26414CC98CD00CCA508 /* MPOAuthCredentiaIConcreteStore+KeychainAdditionsMac.m */ = {isa = PBXFileReference; fileEncoding = 4; lastKnownFileType = sourcecode.c.objc; path = "MPOAuthCredentiaIConcreteStore+KeychainAdditionsMac.m"; sourceTree = "<group>"; };
		3E2CA26514CC98CD00CCA508 /* MPOAuthCredentialConcreteStore+KeychainAdditionsiPhone.m */ = {isa = PBXFileReference; fileEncoding = 4; lastKnownFileType = sourcecode.c.objc; path = "MPOAuthCredentialConcreteStore+KeychainAdditionsiPhone.m"; sourceTree = "<group>"; };
		3E2CA26614CC98CD00CCA508 /* MPOAuthCredentialConcreteStore.m */ = {isa = PBXFileReference; fileEncoding = 4; lastKnownFileType = sourcecode.c.objc; path = MPOAuthCredentialConcreteStore.m; sourceTree = "<group>"; };
		3E2CA26714CC98CD00CCA508 /* MPOAuthSignatureParameter.m */ = {isa = PBXFileReference; fileEncoding = 4; lastKnownFileType = sourcecode.c.objc; path = MPOAuthSignatureParameter.m; sourceTree = "<group>"; };
		3E2CA26814CC98CD00CCA508 /* MPOAuthURLRequest.m */ = {isa = PBXFileReference; fileEncoding = 4; lastKnownFileType = sourcecode.c.objc; path = MPOAuthURLRequest.m; sourceTree = "<group>"; };
		3E2CA26914CC98CD00CCA508 /* MPOAuthURLResponse.m */ = {isa = PBXFileReference; fileEncoding = 4; lastKnownFileType = sourcecode.c.objc; path = MPOAuthURLResponse.m; sourceTree = "<group>"; };
		3E2CA26A14CC98CD00CCA508 /* MPURLRequestParameter.m */ = {isa = PBXFileReference; fileEncoding = 4; lastKnownFileType = sourcecode.c.objc; path = MPURLRequestParameter.m; sourceTree = "<group>"; };
		3E2CA26B14CC98CD00CCA508 /* NSString+URLEscapingAdditions.m */ = {isa = PBXFileReference; fileEncoding = 4; lastKnownFileType = sourcecode.c.objc; path = "NSString+URLEscapingAdditions.m"; sourceTree = "<group>"; };
		3E2CA26C14CC98CD00CCA508 /* NSURL+MPURLParameterAdditions.m */ = {isa = PBXFileReference; fileEncoding = 4; lastKnownFileType = sourcecode.c.objc; path = "NSURL+MPURLParameterAdditions.m"; sourceTree = "<group>"; };
		3E2CA26D14CC98CD00CCA508 /* NSURLResponse+Encoding.m */ = {isa = PBXFileReference; fileEncoding = 4; lastKnownFileType = sourcecode.c.objc; path = "NSURLResponse+Encoding.m"; sourceTree = "<group>"; };
		3E2CA26E14CC98CD00CCA508 /* NSDictionary+Dropbox.m */ = {isa = PBXFileReference; fileEncoding = 4; lastKnownFileType = sourcecode.c.objc; path = "NSDictionary+Dropbox.m"; sourceTree = "<group>"; };
		3E2CA26F14CC98CD00CCA508 /* NSString+Dropbox.m */ = {isa = PBXFileReference; fileEncoding = 4; lastKnownFileType = sourcecode.c.objc; path = "NSString+Dropbox.m"; sourceTree = "<group>"; };
		3E2CA27014CC98CD00CCA508 /* UIAlertView+Dropbox.m */ = {isa = PBXFileReference; fileEncoding = 4; lastKnownFileType = sourcecode.c.objc; path = "UIAlertView+Dropbox.m"; sourceTree = "<group>"; };
		3E36112C1553F279000B3A2A /* DBDeltaEntry.m */ = {isa = PBXFileReference; fileEncoding = 4; lastKnownFileType = sourcecode.c.objc; path = DBDeltaEntry.m; sourceTree = "<group>"; };
		3E36112F1553F280000B3A2A /* DBKeychain-iOS.m */ = {isa = PBXFileReference; fileEncoding = 4; lastKnownFileType = sourcecode.c.objc; path = "DBKeychain-iOS.m"; sourceTree = "<group>"; };
		3E3611311553F28A000B3A2A /* DBSession+iOS.m */ = {isa = PBXFileReference; fileEncoding = 4; lastKnownFileType = sourcecode.c.objc; path = "DBSession+iOS.m"; sourceTree = "<group>"; };
		3E3611331553F2A1000B3A2A /* DBDeltaEntry.h */ = {isa = PBXFileReference; fileEncoding = 4; lastKnownFileType = sourcecode.c.h; name = DBDeltaEntry.h; path = DropboxSDK/DBDeltaEntry.h; sourceTree = "<group>"; };
		3E3611351553F2A7000B3A2A /* DBKeychain.h */ = {isa = PBXFileReference; fileEncoding = 4; lastKnownFileType = sourcecode.c.h; name = DBKeychain.h; path = DropboxSDK/DBKeychain.h; sourceTree = "<group>"; };
		3E3611371553F2B7000B3A2A /* DBSession+iOS.h */ = {isa = PBXFileReference; fileEncoding = 4; lastKnownFileType = sourcecode.c.h; name = "DBSession+iOS.h"; path = "DropboxSDK/DBSession+iOS.h"; sourceTree = "<group>"; };
		3EA8F0181462D3F8002B8438 /* DBRestClient+OverwriteUpload.h */ = {isa = PBXFileReference; fileEncoding = 4; lastKnownFileType = sourcecode.c.h; name = "DBRestClient+OverwriteUpload.h"; path = "Classes/DBRestClient+OverwriteUpload.h"; sourceTree = "<group>"; };
		3EA8F0191462D3F8002B8438 /* DBRestClient+OverwriteUpload.m */ = {isa = PBXFileReference; fileEncoding = 4; lastKnownFileType = sourcecode.c.objc; name = "DBRestClient+OverwriteUpload.m"; path = "Classes/DBRestClient+OverwriteUpload.m"; sourceTree = "<group>"; };
		3EE509DF13534075001C442C /* Com0x82DropboxSessionProxy.h */ = {isa = PBXFileReference; fileEncoding = 4; lastKnownFileType = sourcecode.c.h; name = Com0x82DropboxSessionProxy.h; path = Classes/Com0x82DropboxSessionProxy.h; sourceTree = "<group>"; };
		3EE509E013534075001C442C /* Com0x82DropboxSessionProxy.m */ = {isa = PBXFileReference; fileEncoding = 4; lastKnownFileType = sourcecode.c.objc; name = Com0x82DropboxSessionProxy.m; path = Classes/Com0x82DropboxSessionProxy.m; sourceTree = "<group>"; };
		3EE509E31353407A001C442C /* Com0x82DropboxClientProxy.h */ = {isa = PBXFileReference; fileEncoding = 4; lastKnownFileType = sourcecode.c.h; name = Com0x82DropboxClientProxy.h; path = Classes/Com0x82DropboxClientProxy.h; sourceTree = "<group>"; };
		3EE509E41353407A001C442C /* Com0x82DropboxClientProxy.m */ = {isa = PBXFileReference; fileEncoding = 4; lastKnownFileType = sourcecode.c.objc; name = Com0x82DropboxClientProxy.m; path = Classes/Com0x82DropboxClientProxy.m; sourceTree = "<group>"; };
		AA747D9E0F9514B9006C5449 /* Com0x82Dropbox_Prefix.pch */ = {isa = PBXFileReference; fileEncoding = 4; lastKnownFileType = sourcecode.c.h; path = Com0x82Dropbox_Prefix.pch; sourceTree = SOURCE_ROOT; };
		AACBBE490F95108600F1A2B1 /* Foundation.framework */ = {isa = PBXFileReference; lastKnownFileType = wrapper.framework; name = Foundation.framework; path = System/Library/Frameworks/Foundation.framework; sourceTree = SDKROOT; };
		D2AAC07E0554694100DB518D /* libCom0x82Dropbox.a */ = {isa = PBXFileReference; explicitFileType = archive.ar; includeInIndex = 0; path = libCom0x82Dropbox.a; sourceTree = BUILT_PRODUCTS_DIR; };
/* End PBXFileReference section */

/* Begin PBXFrameworksBuildPhase section */
		D2AAC07C0554694100DB518D /* Frameworks */ = {
			isa = PBXFrameworksBuildPhase;
			buildActionMask = 2147483647;
			files = (
				3E0416A21350960C00C66455 /* CoreGraphics.framework in Frameworks */,
				3E0416A01350960600C66455 /* Security.framework in Frameworks */,
				3E04169E1350960200C66455 /* UIKit.framework in Frameworks */,
				AACBBE4A0F95108600F1A2B1 /* Foundation.framework in Frameworks */,
			);
			runOnlyForDeploymentPostprocessing = 0;
		};
/* End PBXFrameworksBuildPhase section */

/* Begin PBXGroup section */
		034768DFFF38A50411DB9C8B /* Products */ = {
			isa = PBXGroup;
			children = (
				D2AAC07E0554694100DB518D /* libCom0x82Dropbox.a */,
			);
			name = Products;
			sourceTree = "<group>";
		};
		0867D691FE84028FC02AAC07 /* dropbox */ = {
			isa = PBXGroup;
			children = (
				08FB77AEFE84172EC02AAC07 /* Classes */,
				32C88DFF0371C24200C91783 /* Other Sources */,
				0867D69AFE84028FC02AAC07 /* Frameworks */,
				034768DFFF38A50411DB9C8B /* Products */,
			);
			name = dropbox;
			sourceTree = "<group>";
		};
		0867D69AFE84028FC02AAC07 /* Frameworks */ = {
			isa = PBXGroup;
			children = (
				3E0416A11350960C00C66455 /* CoreGraphics.framework */,
				3E04169F1350960600C66455 /* Security.framework */,
				3E04169D1350960200C66455 /* UIKit.framework */,
				AACBBE490F95108600F1A2B1 /* Foundation.framework */,
			);
			name = Frameworks;
			sourceTree = "<group>";
		};
		08FB77AEFE84172EC02AAC07 /* Classes */ = {
			isa = PBXGroup;
			children = (
				24DE9E0F11C5FE74003F90F6 /* Com0x82DropboxModuleAssets.h */,
				24DE9E1011C5FE74003F90F6 /* Com0x82DropboxModuleAssets.m */,
				24DD6CF71134B3F500162E58 /* Com0x82DropboxModule.h */,
				24DD6CF81134B3F500162E58 /* Com0x82DropboxModule.m */,
				3EE509DF13534075001C442C /* Com0x82DropboxSessionProxy.h */,
				3EE509E013534075001C442C /* Com0x82DropboxSessionProxy.m */,
				3EE509E31353407A001C442C /* Com0x82DropboxClientProxy.h */,
				3EE509E41353407A001C442C /* Com0x82DropboxClientProxy.m */,
				3E08DE3914585AE90091E8DA /* DBMetadata+Dumper.h */,
				3E08DE3A14585AE90091E8DA /* DBMetadata+Dumper.m */,
				3EA8F0181462D3F8002B8438 /* DBRestClient+OverwriteUpload.h */,
				3EA8F0191462D3F8002B8438 /* DBRestClient+OverwriteUpload.m */,
			);
			name = Classes;
			sourceTree = "<group>";
		};
		32C88DFF0371C24200C91783 /* Other Sources */ = {
			isa = PBXGroup;
			children = (
				3E2CA21314CC98CD00CCA508 /* DropboxSDK */,
				AA747D9E0F9514B9006C5449 /* Com0x82Dropbox_Prefix.pch */,
				24DD6D1B1134B66800162E58 /* titanium.xcconfig */,
			);
			name = "Other Sources";
			sourceTree = "<group>";
		};
		3E2CA21314CC98CD00CCA508 /* DropboxSDK */ = {
			isa = PBXGroup;
			children = (
				3E2CA21414CC98CD00CCA508 /* Classes */,
			);
			path = DropboxSDK;
			sourceTree = "<group>";
		};
		3E2CA21414CC98CD00CCA508 /* Classes */ = {
			isa = PBXGroup;
			children = (
				3E3611371553F2B7000B3A2A /* DBSession+iOS.h */,
				3E3611351553F2A7000B3A2A /* DBKeychain.h */,
				3E3611331553F2A1000B3A2A /* DBDeltaEntry.h */,
				3E3611311553F28A000B3A2A /* DBSession+iOS.m */,
				3E36112F1553F280000B3A2A /* DBKeychain-iOS.m */,
				3E36112C1553F279000B3A2A /* DBDeltaEntry.m */,
				3E2CA21514CC98CD00CCA508 /* DBAccountInfo.m */,
				3E2CA21614CC98CD00CCA508 /* DBDefines.h */,
				3E2CA21714CC98CD00CCA508 /* DBError.m */,
				3E2CA21814CC98CD00CCA508 /* DBLog.m */,
				3E2CA21914CC98CD00CCA508 /* DBMetadata.m */,
				3E2CA21A14CC98CD00CCA508 /* DBQuota.m */,
				3E2CA21B14CC98CD00CCA508 /* DBRequest.m */,
				3E2CA21C14CC98CD00CCA508 /* DBRestClient.m */,
				3E2CA21F14CC98CD00CCA508 /* DBSession.m */,
				3E2CA22114CC98CD00CCA508 /* DropboxSDK */,
				3E2CA24E14CC98CD00CCA508 /* JSON */,
				3E2CA25C14CC98CD00CCA508 /* MPOAuth */,
				3E2CA26E14CC98CD00CCA508 /* NSDictionary+Dropbox.m */,
				3E2CA26F14CC98CD00CCA508 /* NSString+Dropbox.m */,
				3E2CA27014CC98CD00CCA508 /* UIAlertView+Dropbox.m */,
			);
			path = Classes;
			sourceTree = "<group>";
		};
		3E2CA22114CC98CD00CCA508 /* DropboxSDK */ = {
			isa = PBXGroup;
			children = (
				3E2CA22214CC98CD00CCA508 /* Base64Transcoder.h */,
				3E2CA22314CC98CD00CCA508 /* DBAccountInfo.h */,
				3E2CA22414CC98CD00CCA508 /* DBError.h */,
				3E2CA22514CC98CD00CCA508 /* DBJSON.h */,
				3E2CA22614CC98CD00CCA508 /* DBJsonBase.h */,
				3E2CA22714CC98CD00CCA508 /* DBJsonParser.h */,
				3E2CA22814CC98CD00CCA508 /* DBJsonWriter.h */,
				3E2CA22914CC98CD00CCA508 /* DBLog.h */,
				3E2CA22A14CC98CD00CCA508 /* DBMetadata.h */,
				3E2CA22B14CC98CD00CCA508 /* DBQuota.h */,
				3E2CA22C14CC98CD00CCA508 /* DBRequest.h */,
				3E2CA22D14CC98CD00CCA508 /* DBRestClient.h */,
				3E2CA23014CC98CD00CCA508 /* DBSession.h */,
				3E2CA23114CC98CD00CCA508 /* DropboxSDK.h */,
				3E2CA23214CC98CD00CCA508 /* JSON.h */,
				3E2CA23414CC98CD00CCA508 /* MPDebug.h */,
				3E2CA23514CC98CD00CCA508 /* MPOAuth.h */,
				3E2CA23614CC98CD00CCA508 /* MPOAuthAPI.h */,
				3E2CA23714CC98CD00CCA508 /* MPOAuthAPIRequestLoader.h */,
				3E2CA23814CC98CD00CCA508 /* MPOAuthAuthenticationMethod.h */,
				3E2CA23914CC98CD00CCA508 /* MPOAuthAuthenticationMethodOAuth.h */,
				3E2CA23A14CC98CD00CCA508 /* MPOAuthConnection.h */,
				3E2CA23B14CC98CD00CCA508 /* MPOAuthCredentialConcreteStore+KeychainAdditions.h */,
				3E2CA23C14CC98CD00CCA508 /* MPOAuthCredentialConcreteStore.h */,
				3E2CA23D14CC98CD00CCA508 /* MPOAuthCredentialStore.h */,
				3E2CA23E14CC98CD00CCA508 /* MPOAuthParameterFactory.h */,
				3E2CA23F14CC98CD00CCA508 /* MPOAuthSignatureParameter.h */,
				3E2CA24014CC98CD00CCA508 /* MPOAuthURLRequest.h */,
				3E2CA24114CC98CD00CCA508 /* MPOAuthURLResponse.h */,
				3E2CA24214CC98CD00CCA508 /* MPURLRequestParameter.h */,
				3E2CA24314CC98CD00CCA508 /* NSDictionary+Dropbox.h */,
				3E2CA24414CC98CD00CCA508 /* NSObject+DBJSON.h */,
				3E2CA24514CC98CD00CCA508 /* NSString+DBJSON.h */,
				3E2CA24614CC98CD00CCA508 /* NSString+Dropbox.h */,
				3E2CA24714CC98CD00CCA508 /* NSString+URLEscapingAdditions.h */,
				3E2CA24814CC98CD00CCA508 /* NSURL+MPURLParameterAdditions.h */,
				3E2CA24914CC98CD00CCA508 /* NSURLResponse+Encoding.h */,
				3E2CA24A14CC98CD00CCA508 /* UIAlertView+Dropbox.h */,
			);
			path = DropboxSDK;
			sourceTree = "<group>";
		};
		3E2CA24E14CC98CD00CCA508 /* JSON */ = {
			isa = PBXGroup;
			children = (
				3E2CA24F14CC98CD00CCA508 /* DBJSON.h */,
				3E2CA25014CC98CD00CCA508 /* DBJSON.m */,
				3E2CA25114CC98CD00CCA508 /* DBJsonBase.h */,
				3E2CA25214CC98CD00CCA508 /* DBJsonBase.m */,
				3E2CA25314CC98CD00CCA508 /* DBJsonParser.h */,
				3E2CA25414CC98CD00CCA508 /* DBJsonParser.m */,
				3E2CA25514CC98CD00CCA508 /* DBJsonWriter.h */,
				3E2CA25614CC98CD00CCA508 /* DBJsonWriter.m */,
				3E2CA25714CC98CD00CCA508 /* JSON.h */,
				3E2CA25814CC98CD00CCA508 /* NSObject+DBJSON.h */,
				3E2CA25914CC98CD00CCA508 /* NSObject+DBJSON.m */,
				3E2CA25A14CC98CD00CCA508 /* NSString+DBJSON.h */,
				3E2CA25B14CC98CD00CCA508 /* NSString+DBJSON.m */,
			);
			path = JSON;
			sourceTree = "<group>";
		};
		3E2CA25C14CC98CD00CCA508 /* MPOAuth */ = {
			isa = PBXGroup;
			children = (
				3E2CA25D14CC98CD00CCA508 /* Crypto */,
				3E2CA25F14CC98CD00CCA508 /* MPOAuthAPI.m */,
				3E2CA26014CC98CD00CCA508 /* MPOAuthAPIRequestLoader.m */,
				3E2CA26114CC98CD00CCA508 /* MPOAuthAuthenticationMethod.m */,
				3E2CA26214CC98CD00CCA508 /* MPOAuthAuthenticationMethodOAuth.m */,
				3E2CA26314CC98CD00CCA508 /* MPOAuthConnection.m */,
				3E2CA26414CC98CD00CCA508 /* MPOAuthCredentiaIConcreteStore+KeychainAdditionsMac.m */,
				3E2CA26514CC98CD00CCA508 /* MPOAuthCredentialConcreteStore+KeychainAdditionsiPhone.m */,
				3E2CA26614CC98CD00CCA508 /* MPOAuthCredentialConcreteStore.m */,
				3E2CA26714CC98CD00CCA508 /* MPOAuthSignatureParameter.m */,
				3E2CA26814CC98CD00CCA508 /* MPOAuthURLRequest.m */,
				3E2CA26914CC98CD00CCA508 /* MPOAuthURLResponse.m */,
				3E2CA26A14CC98CD00CCA508 /* MPURLRequestParameter.m */,
				3E2CA26B14CC98CD00CCA508 /* NSString+URLEscapingAdditions.m */,
				3E2CA26C14CC98CD00CCA508 /* NSURL+MPURLParameterAdditions.m */,
				3E2CA26D14CC98CD00CCA508 /* NSURLResponse+Encoding.m */,
			);
			path = MPOAuth;
			sourceTree = "<group>";
		};
		3E2CA25D14CC98CD00CCA508 /* Crypto */ = {
			isa = PBXGroup;
			children = (
				3E2CA25E14CC98CD00CCA508 /* Base64Transcoder.c */,
			);
			path = Crypto;
			sourceTree = "<group>";
		};
/* End PBXGroup section */

/* Begin PBXHeadersBuildPhase section */
		D2AAC07A0554694100DB518D /* Headers */ = {
			isa = PBXHeadersBuildPhase;
			buildActionMask = 2147483647;
			files = (
				AA747D9F0F9514B9006C5449 /* Com0x82Dropbox_Prefix.pch in Headers */,
				24DD6CF91134B3F500162E58 /* Com0x82DropboxModule.h in Headers */,
				24DE9E1111C5FE74003F90F6 /* Com0x82DropboxModuleAssets.h in Headers */,
				3EE509E113534075001C442C /* Com0x82DropboxSessionProxy.h in Headers */,
				3EE509E51353407A001C442C /* Com0x82DropboxClientProxy.h in Headers */,
				3E08DE3B14585AE90091E8DA /* DBMetadata+Dumper.h in Headers */,
				3EA8F01A1462D3F8002B8438 /* DBRestClient+OverwriteUpload.h in Headers */,
				3E2CA27814CC98CD00CCA508 /* DBDefines.h in Headers */,
				3E2CA28014CC98CD00CCA508 /* Base64Transcoder.h in Headers */,
				3E2CA28114CC98CD00CCA508 /* DBAccountInfo.h in Headers */,
				3E2CA28214CC98CD00CCA508 /* DBError.h in Headers */,
				3E2CA28314CC98CD00CCA508 /* DBJSON.h in Headers */,
				3E2CA28414CC98CD00CCA508 /* DBJsonBase.h in Headers */,
				3E2CA28514CC98CD00CCA508 /* DBJsonParser.h in Headers */,
				3E2CA28614CC98CD00CCA508 /* DBJsonWriter.h in Headers */,
				3E2CA28714CC98CD00CCA508 /* DBLog.h in Headers */,
				3E2CA28814CC98CD00CCA508 /* DBMetadata.h in Headers */,
				3E2CA28914CC98CD00CCA508 /* DBQuota.h in Headers */,
				3E2CA28A14CC98CD00CCA508 /* DBRequest.h in Headers */,
				3E2CA28B14CC98CD00CCA508 /* DBRestClient.h in Headers */,
				3E2CA28C14CC98CD00CCA508 /* DBSession.h in Headers */,
				3E2CA28D14CC98CD00CCA508 /* DropboxSDK.h in Headers */,
				3E2CA28E14CC98CD00CCA508 /* JSON.h in Headers */,
				3E2CA28F14CC98CD00CCA508 /* MPDebug.h in Headers */,
				3E2CA29014CC98CD00CCA508 /* MPOAuth.h in Headers */,
				3E2CA29114CC98CD00CCA508 /* MPOAuthAPI.h in Headers */,
				3E2CA29214CC98CD00CCA508 /* MPOAuthAPIRequestLoader.h in Headers */,
				3E2CA29314CC98CD00CCA508 /* MPOAuthAuthenticationMethod.h in Headers */,
				3E2CA29414CC98CD00CCA508 /* MPOAuthAuthenticationMethodOAuth.h in Headers */,
				3E2CA29514CC98CD00CCA508 /* MPOAuthConnection.h in Headers */,
				3E2CA29614CC98CD00CCA508 /* MPOAuthCredentialConcreteStore+KeychainAdditions.h in Headers */,
				3E2CA29714CC98CD00CCA508 /* MPOAuthCredentialConcreteStore.h in Headers */,
				3E2CA29814CC98CD00CCA508 /* MPOAuthCredentialStore.h in Headers */,
				3E2CA29914CC98CD00CCA508 /* MPOAuthParameterFactory.h in Headers */,
				3E2CA29A14CC98CD00CCA508 /* MPOAuthSignatureParameter.h in Headers */,
				3E2CA29B14CC98CD00CCA508 /* MPOAuthURLRequest.h in Headers */,
				3E2CA29C14CC98CD00CCA508 /* MPOAuthURLResponse.h in Headers */,
				3E2CA29D14CC98CD00CCA508 /* MPURLRequestParameter.h in Headers */,
				3E2CA29E14CC98CD00CCA508 /* NSDictionary+Dropbox.h in Headers */,
				3E2CA29F14CC98CD00CCA508 /* NSObject+DBJSON.h in Headers */,
				3E2CA2A014CC98CD00CCA508 /* NSString+DBJSON.h in Headers */,
				3E2CA2A114CC98CD00CCA508 /* NSString+Dropbox.h in Headers */,
				3E2CA2A214CC98CD00CCA508 /* NSString+URLEscapingAdditions.h in Headers */,
				3E2CA2A314CC98CD00CCA508 /* NSURL+MPURLParameterAdditions.h in Headers */,
				3E2CA2A414CC98CD00CCA508 /* NSURLResponse+Encoding.h in Headers */,
				3E2CA2A514CC98CD00CCA508 /* UIAlertView+Dropbox.h in Headers */,
				3E2CA2A814CC98CD00CCA508 /* DBJSON.h in Headers */,
				3E2CA2AA14CC98CD00CCA508 /* DBJsonBase.h in Headers */,
				3E2CA2AC14CC98CD00CCA508 /* DBJsonParser.h in Headers */,
				3E2CA2AE14CC98CD00CCA508 /* DBJsonWriter.h in Headers */,
				3E2CA2B014CC98CD00CCA508 /* JSON.h in Headers */,
				3E2CA2B114CC98CD00CCA508 /* NSObject+DBJSON.h in Headers */,
				3E2CA2B314CC98CD00CCA508 /* NSString+DBJSON.h in Headers */,
				3E3611341553F2A1000B3A2A /* DBDeltaEntry.h in Headers */,
				3E3611361553F2A7000B3A2A /* DBKeychain.h in Headers */,
				3E3611381553F2B7000B3A2A /* DBSession+iOS.h in Headers */,
			);
			runOnlyForDeploymentPostprocessing = 0;
		};
/* End PBXHeadersBuildPhase section */

/* Begin PBXNativeTarget section */
		D2AAC07D0554694100DB518D /* dropbox */ = {
			isa = PBXNativeTarget;
			buildConfigurationList = 1DEB921E08733DC00010E9CD /* Build configuration list for PBXNativeTarget "dropbox" */;
			buildPhases = (
				D2AAC07A0554694100DB518D /* Headers */,
				D2AAC07B0554694100DB518D /* Sources */,
				D2AAC07C0554694100DB518D /* Frameworks */,
			);
			buildRules = (
			);
			dependencies = (
			);
			name = dropbox;
			productName = dropbox;
			productReference = D2AAC07E0554694100DB518D /* libCom0x82Dropbox.a */;
			productType = "com.apple.product-type.library.static";
		};
/* End PBXNativeTarget section */

/* Begin PBXProject section */
		0867D690FE84028FC02AAC07 /* Project object */ = {
			isa = PBXProject;
			attributes = {
				LastUpgradeCheck = 0420;
			};
			buildConfigurationList = 1DEB922208733DC00010E9CD /* Build configuration list for PBXProject "dropbox" */;
			compatibilityVersion = "Xcode 3.2";
			developmentRegion = English;
			hasScannedForEncodings = 1;
			knownRegions = (
				English,
				Japanese,
				French,
				German,
			);
			mainGroup = 0867D691FE84028FC02AAC07 /* dropbox */;
			productRefGroup = 034768DFFF38A50411DB9C8B /* Products */;
			projectDirPath = "";
			projectRoot = "";
			targets = (
				D2AAC07D0554694100DB518D /* dropbox */,
				24416B8111C4CA220047AFDD /* Build & Test */,
			);
		};
/* End PBXProject section */

/* Begin PBXShellScriptBuildPhase section */
		24416B8011C4CA220047AFDD /* ShellScript */ = {
			isa = PBXShellScriptBuildPhase;
			buildActionMask = 2147483647;
			files = (
			);
			inputPaths = (
			);
			outputPaths = (
			);
			runOnlyForDeploymentPostprocessing = 0;
			shellPath = /bin/sh;
			shellScript = "# shell script goes here\n\npython \"${TITANIUM_SDK}/titanium.py\" run --dir=\"${PROJECT_DIR}\"\nexit $?\n";
		};
/* End PBXShellScriptBuildPhase section */

/* Begin PBXSourcesBuildPhase section */
		D2AAC07B0554694100DB518D /* Sources */ = {
			isa = PBXSourcesBuildPhase;
			buildActionMask = 2147483647;
			files = (
				24DD6CFA1134B3F500162E58 /* Com0x82DropboxModule.m in Sources */,
				24DE9E1211C5FE74003F90F6 /* Com0x82DropboxModuleAssets.m in Sources */,
				3EE509E213534075001C442C /* Com0x82DropboxSessionProxy.m in Sources */,
				3EE509E61353407A001C442C /* Com0x82DropboxClientProxy.m in Sources */,
				3E08DE3C14585AE90091E8DA /* DBMetadata+Dumper.m in Sources */,
				3EA8F01B1462D3F8002B8438 /* DBRestClient+OverwriteUpload.m in Sources */,
				3E2CA27714CC98CD00CCA508 /* DBAccountInfo.m in Sources */,
				3E2CA27914CC98CD00CCA508 /* DBError.m in Sources */,
				3E2CA27A14CC98CD00CCA508 /* DBLog.m in Sources */,
				3E2CA27B14CC98CD00CCA508 /* DBMetadata.m in Sources */,
				3E2CA27C14CC98CD00CCA508 /* DBQuota.m in Sources */,
				3E2CA27D14CC98CD00CCA508 /* DBRequest.m in Sources */,
				3E2CA27E14CC98CD00CCA508 /* DBRestClient.m in Sources */,
				3E2CA27F14CC98CD00CCA508 /* DBSession.m in Sources */,
				3E2CA2A914CC98CD00CCA508 /* DBJSON.m in Sources */,
				3E2CA2AB14CC98CD00CCA508 /* DBJsonBase.m in Sources */,
				3E2CA2AD14CC98CD00CCA508 /* DBJsonParser.m in Sources */,
				3E2CA2AF14CC98CD00CCA508 /* DBJsonWriter.m in Sources */,
				3E2CA2B214CC98CD00CCA508 /* NSObject+DBJSON.m in Sources */,
				3E2CA2B414CC98CD00CCA508 /* NSString+DBJSON.m in Sources */,
				3E2CA2B514CC98CD00CCA508 /* Base64Transcoder.c in Sources */,
				3E2CA2B614CC98CD00CCA508 /* MPOAuthAPI.m in Sources */,
				3E2CA2B714CC98CD00CCA508 /* MPOAuthAPIRequestLoader.m in Sources */,
				3E2CA2B814CC98CD00CCA508 /* MPOAuthAuthenticationMethod.m in Sources */,
				3E2CA2B914CC98CD00CCA508 /* MPOAuthAuthenticationMethodOAuth.m in Sources */,
				3E2CA2BA14CC98CD00CCA508 /* MPOAuthConnection.m in Sources */,
				3E2CA2BB14CC98CD00CCA508 /* MPOAuthCredentiaIConcreteStore+KeychainAdditionsMac.m in Sources */,
				3E2CA2BC14CC98CD00CCA508 /* MPOAuthCredentialConcreteStore+KeychainAdditionsiPhone.m in Sources */,
				3E2CA2BD14CC98CD00CCA508 /* MPOAuthCredentialConcreteStore.m in Sources */,
				3E2CA2BE14CC98CD00CCA508 /* MPOAuthSignatureParameter.m in Sources */,
				3E2CA2BF14CC98CD00CCA508 /* MPOAuthURLRequest.m in Sources */,
				3E2CA2C014CC98CD00CCA508 /* MPOAuthURLResponse.m in Sources */,
				3E2CA2C114CC98CD00CCA508 /* MPURLRequestParameter.m in Sources */,
				3E2CA2C214CC98CD00CCA508 /* NSString+URLEscapingAdditions.m in Sources */,
				3E2CA2C314CC98CD00CCA508 /* NSURL+MPURLParameterAdditions.m in Sources */,
				3E2CA2C414CC98CD00CCA508 /* NSURLResponse+Encoding.m in Sources */,
				3E2CA2C514CC98CD00CCA508 /* NSDictionary+Dropbox.m in Sources */,
				3E2CA2C614CC98CD00CCA508 /* NSString+Dropbox.m in Sources */,
				3E2CA2C714CC98CD00CCA508 /* UIAlertView+Dropbox.m in Sources */,
				3E36112D1553F279000B3A2A /* DBDeltaEntry.m in Sources */,
				3E3611301553F280000B3A2A /* DBKeychain-iOS.m in Sources */,
				3E3611321553F28A000B3A2A /* DBSession+iOS.m in Sources */,
			);
			runOnlyForDeploymentPostprocessing = 0;
		};
/* End PBXSourcesBuildPhase section */

/* Begin PBXTargetDependency section */
		24416B8511C4CA280047AFDD /* PBXTargetDependency */ = {
			isa = PBXTargetDependency;
			target = D2AAC07D0554694100DB518D /* dropbox */;
			targetProxy = 24416B8411C4CA280047AFDD /* PBXContainerItemProxy */;
		};
/* End PBXTargetDependency section */

/* Begin XCBuildConfiguration section */
		1DEB921F08733DC00010E9CD /* Debug */ = {
			isa = XCBuildConfiguration;
			baseConfigurationReference = 24DD6D1B1134B66800162E58 /* titanium.xcconfig */;
			buildSettings = {
				ALWAYS_SEARCH_USER_PATHS = NO;
				ARCHS = (
					armv6,
					"$(ARCHS_STANDARD_32_BIT)",
				);
				COPY_PHASE_STRIP = NO;
				DSTROOT = /tmp/Com0x82Dropbox.dst;
				FRAMEWORK_SEARCH_PATHS = (
					"$(inherited)",
					"\"$(SRCROOT)\"",
				);
				GCC_DYNAMIC_NO_PIC = NO;
				GCC_MODEL_TUNING = G5;
				GCC_OPTIMIZATION_LEVEL = 0;
				GCC_PRECOMPILE_PREFIX_HEADER = YES;
				GCC_PREFIX_HEADER = Com0x82Dropbox_Prefix.pch;
				GCC_VERSION = com.apple.compilers.llvm.clang.1_0;
				INSTALL_PATH = /usr/local/lib;
				PRODUCT_NAME = Com0x82Dropbox;
				TITANIUM_SDK = "/Library/Application Support/Titanium/mobilesdk/osx/$(TITANIUM_SDK_VERSION)";
			};
			name = Debug;
		};
		1DEB922008733DC00010E9CD /* Release */ = {
			isa = XCBuildConfiguration;
			baseConfigurationReference = 24DD6D1B1134B66800162E58 /* titanium.xcconfig */;
			buildSettings = {
				ALWAYS_SEARCH_USER_PATHS = NO;
				ARCHS = (
					armv6,
					"$(ARCHS_STANDARD_32_BIT)",
				);
				DSTROOT = /tmp/Com0x82Dropbox.dst;
				FRAMEWORK_SEARCH_PATHS = (
					"$(inherited)",
					"\"$(SRCROOT)\"",
				);
				GCC_MODEL_TUNING = G5;
				GCC_PRECOMPILE_PREFIX_HEADER = YES;
				GCC_PREFIX_HEADER = Com0x82Dropbox_Prefix.pch;
				GCC_VERSION = com.apple.compilers.llvm.clang.1_0;
				INSTALL_PATH = /usr/local/lib;
				PRODUCT_NAME = Com0x82Dropbox;
				TITANIUM_SDK = "/Library/Application Support/Titanium/mobilesdk/osx/$(TITANIUM_SDK_VERSION)";
			};
			name = Release;
		};
		1DEB922308733DC00010E9CD /* Debug */ = {
			isa = XCBuildConfiguration;
			baseConfigurationReference = 24DD6D1B1134B66800162E58 /* titanium.xcconfig */;
			buildSettings = {
				ARCHS = (
					armv6,
					"$(ARCHS_STANDARD_32_BIT)",
				);
				GCC_C_LANGUAGE_STANDARD = c99;
				GCC_OPTIMIZATION_LEVEL = 0;
				GCC_WARN_ABOUT_RETURN_TYPE = YES;
				GCC_WARN_UNUSED_VARIABLE = YES;
				OTHER_LDFLAGS = (
					"-framework",
					Security,
				);
				SDKROOT = iphoneos;
				TARGETED_DEVICE_FAMILY = "1,2";
				TITANIUM_SDK = "/Library/Application Support/Titanium/mobilesdk/osx/$(TITANIUM_SDK_VERSION)";
				TITANIUM_SDK_VERSION = 1.7.2;
			};
			name = Debug;
		};
		1DEB922408733DC00010E9CD /* Release */ = {
			isa = XCBuildConfiguration;
			baseConfigurationReference = 24DD6D1B1134B66800162E58 /* titanium.xcconfig */;
			buildSettings = {
				ARCHS = (
					armv6,
					"$(ARCHS_STANDARD_32_BIT)",
				);
				GCC_C_LANGUAGE_STANDARD = c99;
				GCC_WARN_ABOUT_RETURN_TYPE = YES;
				GCC_WARN_UNUSED_VARIABLE = YES;
				OTHER_LDFLAGS = (
					"-framework",
					Security,
				);
				SDKROOT = iphoneos;
				TARGETED_DEVICE_FAMILY = "1,2";
				TITANIUM_SDK = "/Library/Application Support/Titanium/mobilesdk/osx/$(TITANIUM_SDK_VERSION)";
				TITANIUM_SDK_VERSION = 1.7.2;
			};
			name = Release;
		};
		24416B8211C4CA220047AFDD /* Debug */ = {
			isa = XCBuildConfiguration;
			baseConfigurationReference = 24DD6D1B1134B66800162E58 /* titanium.xcconfig */;
			buildSettings = {
				COPY_PHASE_STRIP = NO;
				GCC_DYNAMIC_NO_PIC = NO;
				GCC_OPTIMIZATION_LEVEL = 0;
				GCC_VERSION = com.apple.compilers.llvmgcc42;
				PRODUCT_NAME = "Build & test";
				SDKROOT = iphoneos;
				TITANIUM_SDK = "/Library/Application Support/Titanium/mobilesdk/osx/$(TITANIUM_SDK_VERSION)";
			};
			name = Debug;
		};
		24416B8311C4CA220047AFDD /* Release */ = {
			isa = XCBuildConfiguration;
			baseConfigurationReference = 24DD6D1B1134B66800162E58 /* titanium.xcconfig */;
			buildSettings = {
				COPY_PHASE_STRIP = YES;
				DEBUG_INFORMATION_FORMAT = "dwarf-with-dsym";
				GCC_VERSION = com.apple.compilers.llvmgcc42;
				PRODUCT_NAME = "Build & test";
				SDKROOT = iphoneos;
				TITANIUM_SDK = "/Library/Application Support/Titanium/mobilesdk/osx/$(TITANIUM_SDK_VERSION)";
				ZERO_LINK = NO;
			};
			name = Release;
		};
/* End XCBuildConfiguration section */

/* Begin XCConfigurationList section */
		1DEB921E08733DC00010E9CD /* Build configuration list for PBXNativeTarget "dropbox" */ = {
			isa = XCConfigurationList;
			buildConfigurations = (
				1DEB921F08733DC00010E9CD /* Debug */,
				1DEB922008733DC00010E9CD /* Release */,
			);
			defaultConfigurationIsVisible = 0;
			defaultConfigurationName = Release;
		};
		1DEB922208733DC00010E9CD /* Build configuration list for PBXProject "dropbox" */ = {
			isa = XCConfigurationList;
			buildConfigurations = (
				1DEB922308733DC00010E9CD /* Debug */,
				1DEB922408733DC00010E9CD /* Release */,
			);
			defaultConfigurationIsVisible = 0;
			defaultConfigurationName = Release;
		};
		24416B8A11C4CA520047AFDD /* Build configuration list for PBXAggregateTarget "Build & Test" */ = {
			isa = XCConfigurationList;
			buildConfigurations = (
				24416B8211C4CA220047AFDD /* Debug */,
				24416B8311C4CA220047AFDD /* Release */,
			);
			defaultConfigurationIsVisible = 0;
			defaultConfigurationName = Release;
		};
/* End XCConfigurationList section */
	};
	rootObject = 0867D690FE84028FC02AAC07 /* Project object */;
}
