// !$*UTF8*$!
{
	archiveVersion = 1;
	classes = {
	};
	objectVersion = 46;
	objects = {

/* Begin PBXAggregateTarget section */
		24416B8111C4CA220047AFDD /* Build & Test */ = {
			isa = PBXAggregateTarget;
			buildConfigurationList = 24416B8A11C4CA520047AFDD /* Build configuration list for PBXAggregateTarget "Build & Test" */;
			buildPhases = (
				24416B8011C4CA220047AFDD /* ShellScript */,
			);
			dependencies = (
				24416B8511C4CA280047AFDD /* PBXTargetDependency */,
			);
			name = "Build & Test";
			productName = "Build & test";
		};
/* End PBXAggregateTarget section */

/* Begin PBXBuildFile section */
		24DD6CF91134B3F500162E58 /* Com0x82DropboxModule.h in Headers */ = {isa = PBXBuildFile; fileRef = 24DD6CF71134B3F500162E58 /* Com0x82DropboxModule.h */; };
		24DD6CFA1134B3F500162E58 /* Com0x82DropboxModule.m in Sources */ = {isa = PBXBuildFile; fileRef = 24DD6CF81134B3F500162E58 /* Com0x82DropboxModule.m */; };
		24DE9E1111C5FE74003F90F6 /* Com0x82DropboxModuleAssets.h in Headers */ = {isa = PBXBuildFile; fileRef = 24DE9E0F11C5FE74003F90F6 /* Com0x82DropboxModuleAssets.h */; };
		24DE9E1211C5FE74003F90F6 /* Com0x82DropboxModuleAssets.m in Sources */ = {isa = PBXBuildFile; fileRef = 24DE9E1011C5FE74003F90F6 /* Com0x82DropboxModuleAssets.m */; };
		3E04169E1350960200C66455 /* UIKit.framework in Frameworks */ = {isa = PBXBuildFile; fileRef = 3E04169D1350960200C66455 /* UIKit.framework */; };
		3E0416A01350960600C66455 /* Security.framework in Frameworks */ = {isa = PBXBuildFile; fileRef = 3E04169F1350960600C66455 /* Security.framework */; };
		3E0416A21350960C00C66455 /* CoreGraphics.framework in Frameworks */ = {isa = PBXBuildFile; fileRef = 3E0416A11350960C00C66455 /* CoreGraphics.framework */; };
		3E08DDE91456EAE30091E8DA /* DBAccountInfo.m in Sources */ = {isa = PBXBuildFile; fileRef = 3E08DD941456EAE30091E8DA /* DBAccountInfo.m */; };
		3E08DDEA1456EAE30091E8DA /* DBDefines.h in Headers */ = {isa = PBXBuildFile; fileRef = 3E08DD951456EAE30091E8DA /* DBDefines.h */; };
		3E08DDEB1456EAE30091E8DA /* DBError.m in Sources */ = {isa = PBXBuildFile; fileRef = 3E08DD961456EAE30091E8DA /* DBError.m */; };
		3E08DDEC1456EAE30091E8DA /* DBLog.m in Sources */ = {isa = PBXBuildFile; fileRef = 3E08DD971456EAE30091E8DA /* DBLog.m */; };
		3E08DDED1456EAE30091E8DA /* DBMetadata.m in Sources */ = {isa = PBXBuildFile; fileRef = 3E08DD981456EAE30091E8DA /* DBMetadata.m */; };
		3E08DDEE1456EAE30091E8DA /* DBQuota.m in Sources */ = {isa = PBXBuildFile; fileRef = 3E08DD991456EAE30091E8DA /* DBQuota.m */; };
		3E08DDEF1456EAE30091E8DA /* DBRequest.m in Sources */ = {isa = PBXBuildFile; fileRef = 3E08DD9A1456EAE30091E8DA /* DBRequest.m */; };
		3E08DDF01456EAE30091E8DA /* DBRestClient.m in Sources */ = {isa = PBXBuildFile; fileRef = 3E08DD9B1456EAE30091E8DA /* DBRestClient.m */; };
		3E08DDF11456EAE30091E8DA /* DBSession.m in Sources */ = {isa = PBXBuildFile; fileRef = 3E08DD9C1456EAE30091E8DA /* DBSession.m */; };
		3E08DDF21456EAE30091E8DA /* Base64Transcoder.h in Headers */ = {isa = PBXBuildFile; fileRef = 3E08DD9E1456EAE30091E8DA /* Base64Transcoder.h */; };
		3E08DDF31456EAE30091E8DA /* DBAccountInfo.h in Headers */ = {isa = PBXBuildFile; fileRef = 3E08DD9F1456EAE30091E8DA /* DBAccountInfo.h */; };
		3E08DDF41456EAE30091E8DA /* DBError.h in Headers */ = {isa = PBXBuildFile; fileRef = 3E08DDA01456EAE30091E8DA /* DBError.h */; };
		3E08DDF51456EAE30091E8DA /* DBLog.h in Headers */ = {isa = PBXBuildFile; fileRef = 3E08DDA11456EAE30091E8DA /* DBLog.h */; };
		3E08DDF61456EAE30091E8DA /* DBMetadata.h in Headers */ = {isa = PBXBuildFile; fileRef = 3E08DDA21456EAE30091E8DA /* DBMetadata.h */; };
		3E08DDF71456EAE30091E8DA /* DBQuota.h in Headers */ = {isa = PBXBuildFile; fileRef = 3E08DDA31456EAE30091E8DA /* DBQuota.h */; };
		3E08DDF81456EAE30091E8DA /* DBRequest.h in Headers */ = {isa = PBXBuildFile; fileRef = 3E08DDA41456EAE30091E8DA /* DBRequest.h */; };
		3E08DDF91456EAE30091E8DA /* DBRestClient.h in Headers */ = {isa = PBXBuildFile; fileRef = 3E08DDA51456EAE30091E8DA /* DBRestClient.h */; };
		3E08DDFA1456EAE30091E8DA /* DBSession.h in Headers */ = {isa = PBXBuildFile; fileRef = 3E08DDA61456EAE30091E8DA /* DBSession.h */; };
		3E08DDFB1456EAE30091E8DA /* DropboxSDK.h in Headers */ = {isa = PBXBuildFile; fileRef = 3E08DDA71456EAE30091E8DA /* DropboxSDK.h */; };
		3E08DDFC1456EAE30091E8DA /* JSON.h in Headers */ = {isa = PBXBuildFile; fileRef = 3E08DDA81456EAE30091E8DA /* JSON.h */; };
		3E08DDFD1456EAE30091E8DA /* MPDebug.h in Headers */ = {isa = PBXBuildFile; fileRef = 3E08DDA91456EAE30091E8DA /* MPDebug.h */; };
		3E08DDFE1456EAE30091E8DA /* MPOAuth.h in Headers */ = {isa = PBXBuildFile; fileRef = 3E08DDAA1456EAE30091E8DA /* MPOAuth.h */; };
		3E08DDFF1456EAE30091E8DA /* MPOAuthAPI.h in Headers */ = {isa = PBXBuildFile; fileRef = 3E08DDAB1456EAE30091E8DA /* MPOAuthAPI.h */; };
		3E08DE001456EAE30091E8DA /* MPOAuthAPIRequestLoader.h in Headers */ = {isa = PBXBuildFile; fileRef = 3E08DDAC1456EAE30091E8DA /* MPOAuthAPIRequestLoader.h */; };
		3E08DE011456EAE30091E8DA /* MPOAuthAuthenticationMethod.h in Headers */ = {isa = PBXBuildFile; fileRef = 3E08DDAD1456EAE30091E8DA /* MPOAuthAuthenticationMethod.h */; };
		3E08DE021456EAE30091E8DA /* MPOAuthAuthenticationMethodOAuth.h in Headers */ = {isa = PBXBuildFile; fileRef = 3E08DDAE1456EAE30091E8DA /* MPOAuthAuthenticationMethodOAuth.h */; };
		3E08DE031456EAE30091E8DA /* MPOAuthConnection.h in Headers */ = {isa = PBXBuildFile; fileRef = 3E08DDAF1456EAE30091E8DA /* MPOAuthConnection.h */; };
		3E08DE041456EAE30091E8DA /* MPOAuthCredentialConcreteStore+KeychainAdditions.h in Headers */ = {isa = PBXBuildFile; fileRef = 3E08DDB01456EAE30091E8DA /* MPOAuthCredentialConcreteStore+KeychainAdditions.h */; };
		3E08DE051456EAE30091E8DA /* MPOAuthCredentialConcreteStore.h in Headers */ = {isa = PBXBuildFile; fileRef = 3E08DDB11456EAE30091E8DA /* MPOAuthCredentialConcreteStore.h */; };
		3E08DE061456EAE30091E8DA /* MPOAuthCredentialStore.h in Headers */ = {isa = PBXBuildFile; fileRef = 3E08DDB21456EAE30091E8DA /* MPOAuthCredentialStore.h */; };
		3E08DE071456EAE30091E8DA /* MPOAuthParameterFactory.h in Headers */ = {isa = PBXBuildFile; fileRef = 3E08DDB31456EAE30091E8DA /* MPOAuthParameterFactory.h */; };
		3E08DE081456EAE30091E8DA /* MPOAuthSignatureParameter.h in Headers */ = {isa = PBXBuildFile; fileRef = 3E08DDB41456EAE30091E8DA /* MPOAuthSignatureParameter.h */; };
		3E08DE091456EAE30091E8DA /* MPOAuthURLRequest.h in Headers */ = {isa = PBXBuildFile; fileRef = 3E08DDB51456EAE30091E8DA /* MPOAuthURLRequest.h */; };
		3E08DE0A1456EAE30091E8DA /* MPOAuthURLResponse.h in Headers */ = {isa = PBXBuildFile; fileRef = 3E08DDB61456EAE30091E8DA /* MPOAuthURLResponse.h */; };
		3E08DE0B1456EAE30091E8DA /* MPURLRequestParameter.h in Headers */ = {isa = PBXBuildFile; fileRef = 3E08DDB71456EAE30091E8DA /* MPURLRequestParameter.h */; };
		3E08DE0C1456EAE30091E8DA /* NSDictionary+Dropbox.h in Headers */ = {isa = PBXBuildFile; fileRef = 3E08DDB81456EAE30091E8DA /* NSDictionary+Dropbox.h */; };
		3E08DE0D1456EAE30091E8DA /* NSObject+SBJSON.h in Headers */ = {isa = PBXBuildFile; fileRef = 3E08DDB91456EAE30091E8DA /* NSObject+SBJSON.h */; };
		3E08DE0E1456EAE30091E8DA /* NSString+Dropbox.h in Headers */ = {isa = PBXBuildFile; fileRef = 3E08DDBA1456EAE30091E8DA /* NSString+Dropbox.h */; };
		3E08DE0F1456EAE30091E8DA /* NSString+SBJSON.h in Headers */ = {isa = PBXBuildFile; fileRef = 3E08DDBB1456EAE30091E8DA /* NSString+SBJSON.h */; };
		3E08DE101456EAE30091E8DA /* NSString+URLEscapingAdditions.h in Headers */ = {isa = PBXBuildFile; fileRef = 3E08DDBC1456EAE30091E8DA /* NSString+URLEscapingAdditions.h */; };
		3E08DE111456EAE30091E8DA /* NSURL+MPURLParameterAdditions.h in Headers */ = {isa = PBXBuildFile; fileRef = 3E08DDBD1456EAE30091E8DA /* NSURL+MPURLParameterAdditions.h */; };
		3E08DE121456EAE30091E8DA /* NSURLResponse+Encoding.h in Headers */ = {isa = PBXBuildFile; fileRef = 3E08DDBE1456EAE30091E8DA /* NSURLResponse+Encoding.h */; };
		3E08DE131456EAE30091E8DA /* SBJSON.h in Headers */ = {isa = PBXBuildFile; fileRef = 3E08DDBF1456EAE30091E8DA /* SBJSON.h */; };
		3E08DE141456EAE30091E8DA /* SBJsonBase.h in Headers */ = {isa = PBXBuildFile; fileRef = 3E08DDC01456EAE30091E8DA /* SBJsonBase.h */; };
		3E08DE151456EAE30091E8DA /* SBJsonParser.h in Headers */ = {isa = PBXBuildFile; fileRef = 3E08DDC11456EAE30091E8DA /* SBJsonParser.h */; };
		3E08DE161456EAE30091E8DA /* SBJsonWriter.h in Headers */ = {isa = PBXBuildFile; fileRef = 3E08DDC21456EAE30091E8DA /* SBJsonWriter.h */; };
		3E08DE171456EAE30091E8DA /* UIAlertView+Dropbox.h in Headers */ = {isa = PBXBuildFile; fileRef = 3E08DDC31456EAE30091E8DA /* UIAlertView+Dropbox.h */; };
		3E08DE1A1456EAE30091E8DA /* NSObject+SBJSON.m in Sources */ = {isa = PBXBuildFile; fileRef = 3E08DDC81456EAE30091E8DA /* NSObject+SBJSON.m */; };
		3E08DE1B1456EAE30091E8DA /* NSString+SBJSON.m in Sources */ = {isa = PBXBuildFile; fileRef = 3E08DDC91456EAE30091E8DA /* NSString+SBJSON.m */; };
		3E08DE1C1456EAE30091E8DA /* SBJSON.m in Sources */ = {isa = PBXBuildFile; fileRef = 3E08DDCA1456EAE30091E8DA /* SBJSON.m */; };
		3E08DE1D1456EAE30091E8DA /* SBJsonBase.m in Sources */ = {isa = PBXBuildFile; fileRef = 3E08DDCB1456EAE30091E8DA /* SBJsonBase.m */; };
		3E08DE1E1456EAE30091E8DA /* SBJsonParser.m in Sources */ = {isa = PBXBuildFile; fileRef = 3E08DDCC1456EAE30091E8DA /* SBJsonParser.m */; };
		3E08DE1F1456EAE30091E8DA /* SBJsonWriter.m in Sources */ = {isa = PBXBuildFile; fileRef = 3E08DDCD1456EAE30091E8DA /* SBJsonWriter.m */; };
		3E08DE201456EAE30091E8DA /* Base64Transcoder.c in Sources */ = {isa = PBXBuildFile; fileRef = 3E08DDD01456EAE30091E8DA /* Base64Transcoder.c */; };
		3E08DE211456EAE30091E8DA /* MPOAuthAPI.m in Sources */ = {isa = PBXBuildFile; fileRef = 3E08DDD11456EAE30091E8DA /* MPOAuthAPI.m */; };
		3E08DE221456EAE30091E8DA /* MPOAuthAPIRequestLoader.m in Sources */ = {isa = PBXBuildFile; fileRef = 3E08DDD21456EAE30091E8DA /* MPOAuthAPIRequestLoader.m */; };
		3E08DE231456EAE30091E8DA /* MPOAuthAuthenticationMethod.m in Sources */ = {isa = PBXBuildFile; fileRef = 3E08DDD31456EAE30091E8DA /* MPOAuthAuthenticationMethod.m */; };
		3E08DE241456EAE30091E8DA /* MPOAuthAuthenticationMethodOAuth.m in Sources */ = {isa = PBXBuildFile; fileRef = 3E08DDD41456EAE30091E8DA /* MPOAuthAuthenticationMethodOAuth.m */; };
		3E08DE251456EAE30091E8DA /* MPOAuthConnection.m in Sources */ = {isa = PBXBuildFile; fileRef = 3E08DDD51456EAE30091E8DA /* MPOAuthConnection.m */; };
		3E08DE261456EAE30091E8DA /* MPOAuthCredentiaIConcreteStore+KeychainAdditionsMac.m in Sources */ = {isa = PBXBuildFile; fileRef = 3E08DDD61456EAE30091E8DA /* MPOAuthCredentiaIConcreteStore+KeychainAdditionsMac.m */; };
		3E08DE271456EAE30091E8DA /* MPOAuthCredentialConcreteStore+KeychainAdditionsiPhone.m in Sources */ = {isa = PBXBuildFile; fileRef = 3E08DDD71456EAE30091E8DA /* MPOAuthCredentialConcreteStore+KeychainAdditionsiPhone.m */; };
		3E08DE281456EAE30091E8DA /* MPOAuthCredentialConcreteStore.m in Sources */ = {isa = PBXBuildFile; fileRef = 3E08DDD81456EAE30091E8DA /* MPOAuthCredentialConcreteStore.m */; };
		3E08DE291456EAE30091E8DA /* MPOAuthSignatureParameter.m in Sources */ = {isa = PBXBuildFile; fileRef = 3E08DDD91456EAE30091E8DA /* MPOAuthSignatureParameter.m */; };
		3E08DE2A1456EAE30091E8DA /* MPOAuthURLRequest.m in Sources */ = {isa = PBXBuildFile; fileRef = 3E08DDDA1456EAE30091E8DA /* MPOAuthURLRequest.m */; };
		3E08DE2B1456EAE30091E8DA /* MPOAuthURLResponse.m in Sources */ = {isa = PBXBuildFile; fileRef = 3E08DDDB1456EAE30091E8DA /* MPOAuthURLResponse.m */; };
		3E08DE2C1456EAE30091E8DA /* MPURLRequestParameter.m in Sources */ = {isa = PBXBuildFile; fileRef = 3E08DDDC1456EAE30091E8DA /* MPURLRequestParameter.m */; };
		3E08DE2D1456EAE30091E8DA /* NSString+URLEscapingAdditions.m in Sources */ = {isa = PBXBuildFile; fileRef = 3E08DDDD1456EAE30091E8DA /* NSString+URLEscapingAdditions.m */; };
		3E08DE2E1456EAE30091E8DA /* NSURL+MPURLParameterAdditions.m in Sources */ = {isa = PBXBuildFile; fileRef = 3E08DDDE1456EAE30091E8DA /* NSURL+MPURLParameterAdditions.m */; };
		3E08DE2F1456EAE30091E8DA /* NSURLResponse+Encoding.m in Sources */ = {isa = PBXBuildFile; fileRef = 3E08DDDF1456EAE30091E8DA /* NSURLResponse+Encoding.m */; };
		3E08DE301456EAE30091E8DA /* NSDictionary+Dropbox.m in Sources */ = {isa = PBXBuildFile; fileRef = 3E08DDE01456EAE30091E8DA /* NSDictionary+Dropbox.m */; };
		3E08DE311456EAE30091E8DA /* NSString+Dropbox.m in Sources */ = {isa = PBXBuildFile; fileRef = 3E08DDE11456EAE30091E8DA /* NSString+Dropbox.m */; };
		3E08DE321456EAE30091E8DA /* UIAlertView+Dropbox.m in Sources */ = {isa = PBXBuildFile; fileRef = 3E08DDE21456EAE30091E8DA /* UIAlertView+Dropbox.m */; };
		3E08DE3B14585AE90091E8DA /* DBMetadata+Dumper.h in Headers */ = {isa = PBXBuildFile; fileRef = 3E08DE3914585AE90091E8DA /* DBMetadata+Dumper.h */; };
		3E08DE3C14585AE90091E8DA /* DBMetadata+Dumper.m in Sources */ = {isa = PBXBuildFile; fileRef = 3E08DE3A14585AE90091E8DA /* DBMetadata+Dumper.m */; };
		3EE509E113534075001C442C /* Com0x82DropboxSessionProxy.h in Headers */ = {isa = PBXBuildFile; fileRef = 3EE509DF13534075001C442C /* Com0x82DropboxSessionProxy.h */; };
		3EE509E213534075001C442C /* Com0x82DropboxSessionProxy.m in Sources */ = {isa = PBXBuildFile; fileRef = 3EE509E013534075001C442C /* Com0x82DropboxSessionProxy.m */; };
		3EE509E51353407A001C442C /* Com0x82DropboxClientProxy.h in Headers */ = {isa = PBXBuildFile; fileRef = 3EE509E31353407A001C442C /* Com0x82DropboxClientProxy.h */; };
		3EE509E61353407A001C442C /* Com0x82DropboxClientProxy.m in Sources */ = {isa = PBXBuildFile; fileRef = 3EE509E41353407A001C442C /* Com0x82DropboxClientProxy.m */; };
		AA747D9F0F9514B9006C5449 /* Com0x82Dropbox_Prefix.pch in Headers */ = {isa = PBXBuildFile; fileRef = AA747D9E0F9514B9006C5449 /* Com0x82Dropbox_Prefix.pch */; };
		AACBBE4A0F95108600F1A2B1 /* Foundation.framework in Frameworks */ = {isa = PBXBuildFile; fileRef = AACBBE490F95108600F1A2B1 /* Foundation.framework */; };
/* End PBXBuildFile section */

/* Begin PBXContainerItemProxy section */
		24416B8411C4CA280047AFDD /* PBXContainerItemProxy */ = {
			isa = PBXContainerItemProxy;
			containerPortal = 0867D690FE84028FC02AAC07 /* Project object */;
			proxyType = 1;
			remoteGlobalIDString = D2AAC07D0554694100DB518D;
			remoteInfo = dropbox;
		};
/* End PBXContainerItemProxy section */

/* Begin PBXFileReference section */
		24DD6CF71134B3F500162E58 /* Com0x82DropboxModule.h */ = {isa = PBXFileReference; fileEncoding = 4; lastKnownFileType = sourcecode.c.h; name = Com0x82DropboxModule.h; path = Classes/Com0x82DropboxModule.h; sourceTree = "<group>"; };
		24DD6CF81134B3F500162E58 /* Com0x82DropboxModule.m */ = {isa = PBXFileReference; fileEncoding = 4; lastKnownFileType = sourcecode.c.objc; name = Com0x82DropboxModule.m; path = Classes/Com0x82DropboxModule.m; sourceTree = "<group>"; };
		24DD6D1B1134B66800162E58 /* titanium.xcconfig */ = {isa = PBXFileReference; fileEncoding = 4; lastKnownFileType = text.xcconfig; path = titanium.xcconfig; sourceTree = "<group>"; };
		24DE9E0F11C5FE74003F90F6 /* Com0x82DropboxModuleAssets.h */ = {isa = PBXFileReference; fileEncoding = 4; lastKnownFileType = sourcecode.c.h; name = Com0x82DropboxModuleAssets.h; path = Classes/Com0x82DropboxModuleAssets.h; sourceTree = "<group>"; };
		24DE9E1011C5FE74003F90F6 /* Com0x82DropboxModuleAssets.m */ = {isa = PBXFileReference; fileEncoding = 4; lastKnownFileType = sourcecode.c.objc; name = Com0x82DropboxModuleAssets.m; path = Classes/Com0x82DropboxModuleAssets.m; sourceTree = "<group>"; };
		3E04169D1350960200C66455 /* UIKit.framework */ = {isa = PBXFileReference; lastKnownFileType = wrapper.framework; name = UIKit.framework; path = System/Library/Frameworks/UIKit.framework; sourceTree = SDKROOT; };
		3E04169F1350960600C66455 /* Security.framework */ = {isa = PBXFileReference; lastKnownFileType = wrapper.framework; name = Security.framework; path = System/Library/Frameworks/Security.framework; sourceTree = SDKROOT; };
		3E0416A11350960C00C66455 /* CoreGraphics.framework */ = {isa = PBXFileReference; lastKnownFileType = wrapper.framework; name = CoreGraphics.framework; path = System/Library/Frameworks/CoreGraphics.framework; sourceTree = SDKROOT; };
		3E08DD941456EAE30091E8DA /* DBAccountInfo.m */ = {isa = PBXFileReference; fileEncoding = 4; lastKnownFileType = sourcecode.c.objc; path = DBAccountInfo.m; sourceTree = "<group>"; };
		3E08DD951456EAE30091E8DA /* DBDefines.h */ = {isa = PBXFileReference; fileEncoding = 4; lastKnownFileType = sourcecode.c.h; path = DBDefines.h; sourceTree = "<group>"; };
		3E08DD961456EAE30091E8DA /* DBError.m */ = {isa = PBXFileReference; fileEncoding = 4; lastKnownFileType = sourcecode.c.objc; path = DBError.m; sourceTree = "<group>"; };
		3E08DD971456EAE30091E8DA /* DBLog.m */ = {isa = PBXFileReference; fileEncoding = 4; lastKnownFileType = sourcecode.c.objc; path = DBLog.m; sourceTree = "<group>"; };
		3E08DD981456EAE30091E8DA /* DBMetadata.m */ = {isa = PBXFileReference; fileEncoding = 4; lastKnownFileType = sourcecode.c.objc; path = DBMetadata.m; sourceTree = "<group>"; };
		3E08DD991456EAE30091E8DA /* DBQuota.m */ = {isa = PBXFileReference; fileEncoding = 4; lastKnownFileType = sourcecode.c.objc; path = DBQuota.m; sourceTree = "<group>"; };
		3E08DD9A1456EAE30091E8DA /* DBRequest.m */ = {isa = PBXFileReference; fileEncoding = 4; lastKnownFileType = sourcecode.c.objc; path = DBRequest.m; sourceTree = "<group>"; };
		3E08DD9B1456EAE30091E8DA /* DBRestClient.m */ = {isa = PBXFileReference; fileEncoding = 4; lastKnownFileType = sourcecode.c.objc; path = DBRestClient.m; sourceTree = "<group>"; };
		3E08DD9C1456EAE30091E8DA /* DBSession.m */ = {isa = PBXFileReference; fileEncoding = 4; lastKnownFileType = sourcecode.c.objc; path = DBSession.m; sourceTree = "<group>"; };
		3E08DD9E1456EAE30091E8DA /* Base64Transcoder.h */ = {isa = PBXFileReference; fileEncoding = 4; lastKnownFileType = sourcecode.c.h; path = Base64Transcoder.h; sourceTree = "<group>"; };
		3E08DD9F1456EAE30091E8DA /* DBAccountInfo.h */ = {isa = PBXFileReference; fileEncoding = 4; lastKnownFileType = sourcecode.c.h; path = DBAccountInfo.h; sourceTree = "<group>"; };
		3E08DDA01456EAE30091E8DA /* DBError.h */ = {isa = PBXFileReference; fileEncoding = 4; lastKnownFileType = sourcecode.c.h; path = DBError.h; sourceTree = "<group>"; };
		3E08DDA11456EAE30091E8DA /* DBLog.h */ = {isa = PBXFileReference; fileEncoding = 4; lastKnownFileType = sourcecode.c.h; path = DBLog.h; sourceTree = "<group>"; };
		3E08DDA21456EAE30091E8DA /* DBMetadata.h */ = {isa = PBXFileReference; fileEncoding = 4; lastKnownFileType = sourcecode.c.h; path = DBMetadata.h; sourceTree = "<group>"; };
		3E08DDA31456EAE30091E8DA /* DBQuota.h */ = {isa = PBXFileReference; fileEncoding = 4; lastKnownFileType = sourcecode.c.h; path = DBQuota.h; sourceTree = "<group>"; };
		3E08DDA41456EAE30091E8DA /* DBRequest.h */ = {isa = PBXFileReference; fileEncoding = 4; lastKnownFileType = sourcecode.c.h; path = DBRequest.h; sourceTree = "<group>"; };
		3E08DDA51456EAE30091E8DA /* DBRestClient.h */ = {isa = PBXFileReference; fileEncoding = 4; lastKnownFileType = sourcecode.c.h; path = DBRestClient.h; sourceTree = "<group>"; };
		3E08DDA61456EAE30091E8DA /* DBSession.h */ = {isa = PBXFileReference; fileEncoding = 4; lastKnownFileType = sourcecode.c.h; path = DBSession.h; sourceTree = "<group>"; };
		3E08DDA71456EAE30091E8DA /* DropboxSDK.h */ = {isa = PBXFileReference; fileEncoding = 4; lastKnownFileType = sourcecode.c.h; path = DropboxSDK.h; sourceTree = "<group>"; };
		3E08DDA81456EAE30091E8DA /* JSON.h */ = {isa = PBXFileReference; fileEncoding = 4; lastKnownFileType = sourcecode.c.h; path = JSON.h; sourceTree = "<group>"; };
		3E08DDA91456EAE30091E8DA /* MPDebug.h */ = {isa = PBXFileReference; fileEncoding = 4; lastKnownFileType = sourcecode.c.h; path = MPDebug.h; sourceTree = "<group>"; };
		3E08DDAA1456EAE30091E8DA /* MPOAuth.h */ = {isa = PBXFileReference; fileEncoding = 4; lastKnownFileType = sourcecode.c.h; path = MPOAuth.h; sourceTree = "<group>"; };
		3E08DDAB1456EAE30091E8DA /* MPOAuthAPI.h */ = {isa = PBXFileReference; fileEncoding = 4; lastKnownFileType = sourcecode.c.h; path = MPOAuthAPI.h; sourceTree = "<group>"; };
		3E08DDAC1456EAE30091E8DA /* MPOAuthAPIRequestLoader.h */ = {isa = PBXFileReference; fileEncoding = 4; lastKnownFileType = sourcecode.c.h; path = MPOAuthAPIRequestLoader.h; sourceTree = "<group>"; };
		3E08DDAD1456EAE30091E8DA /* MPOAuthAuthenticationMethod.h */ = {isa = PBXFileReference; fileEncoding = 4; lastKnownFileType = sourcecode.c.h; path = MPOAuthAuthenticationMethod.h; sourceTree = "<group>"; };
		3E08DDAE1456EAE30091E8DA /* MPOAuthAuthenticationMethodOAuth.h */ = {isa = PBXFileReference; fileEncoding = 4; lastKnownFileType = sourcecode.c.h; path = MPOAuthAuthenticationMethodOAuth.h; sourceTree = "<group>"; };
		3E08DDAF1456EAE30091E8DA /* MPOAuthConnection.h */ = {isa = PBXFileReference; fileEncoding = 4; lastKnownFileType = sourcecode.c.h; path = MPOAuthConnection.h; sourceTree = "<group>"; };
		3E08DDB01456EAE30091E8DA /* MPOAuthCredentialConcreteStore+KeychainAdditions.h */ = {isa = PBXFileReference; fileEncoding = 4; lastKnownFileType = sourcecode.c.h; path = "MPOAuthCredentialConcreteStore+KeychainAdditions.h"; sourceTree = "<group>"; };
		3E08DDB11456EAE30091E8DA /* MPOAuthCredentialConcreteStore.h */ = {isa = PBXFileReference; fileEncoding = 4; lastKnownFileType = sourcecode.c.h; path = MPOAuthCredentialConcreteStore.h; sourceTree = "<group>"; };
		3E08DDB21456EAE30091E8DA /* MPOAuthCredentialStore.h */ = {isa = PBXFileReference; fileEncoding = 4; lastKnownFileType = sourcecode.c.h; path = MPOAuthCredentialStore.h; sourceTree = "<group>"; };
		3E08DDB31456EAE30091E8DA /* MPOAuthParameterFactory.h */ = {isa = PBXFileReference; fileEncoding = 4; lastKnownFileType = sourcecode.c.h; path = MPOAuthParameterFactory.h; sourceTree = "<group>"; };
		3E08DDB41456EAE30091E8DA /* MPOAuthSignatureParameter.h */ = {isa = PBXFileReference; fileEncoding = 4; lastKnownFileType = sourcecode.c.h; path = MPOAuthSignatureParameter.h; sourceTree = "<group>"; };
		3E08DDB51456EAE30091E8DA /* MPOAuthURLRequest.h */ = {isa = PBXFileReference; fileEncoding = 4; lastKnownFileType = sourcecode.c.h; path = MPOAuthURLRequest.h; sourceTree = "<group>"; };
		3E08DDB61456EAE30091E8DA /* MPOAuthURLResponse.h */ = {isa = PBXFileReference; fileEncoding = 4; lastKnownFileType = sourcecode.c.h; path = MPOAuthURLResponse.h; sourceTree = "<group>"; };
		3E08DDB71456EAE30091E8DA /* MPURLRequestParameter.h */ = {isa = PBXFileReference; fileEncoding = 4; lastKnownFileType = sourcecode.c.h; path = MPURLRequestParameter.h; sourceTree = "<group>"; };
		3E08DDB81456EAE30091E8DA /* NSDictionary+Dropbox.h */ = {isa = PBXFileReference; fileEncoding = 4; lastKnownFileType = sourcecode.c.h; path = "NSDictionary+Dropbox.h"; sourceTree = "<group>"; };
		3E08DDB91456EAE30091E8DA /* NSObject+SBJSON.h */ = {isa = PBXFileReference; fileEncoding = 4; lastKnownFileType = sourcecode.c.h; path = "NSObject+SBJSON.h"; sourceTree = "<group>"; };
		3E08DDBA1456EAE30091E8DA /* NSString+Dropbox.h */ = {isa = PBXFileReference; fileEncoding = 4; lastKnownFileType = sourcecode.c.h; path = "NSString+Dropbox.h"; sourceTree = "<group>"; };
		3E08DDBB1456EAE30091E8DA /* NSString+SBJSON.h */ = {isa = PBXFileReference; fileEncoding = 4; lastKnownFileType = sourcecode.c.h; path = "NSString+SBJSON.h"; sourceTree = "<group>"; };
		3E08DDBC1456EAE30091E8DA /* NSString+URLEscapingAdditions.h */ = {isa = PBXFileReference; fileEncoding = 4; lastKnownFileType = sourcecode.c.h; path = "NSString+URLEscapingAdditions.h"; sourceTree = "<group>"; };
		3E08DDBD1456EAE30091E8DA /* NSURL+MPURLParameterAdditions.h */ = {isa = PBXFileReference; fileEncoding = 4; lastKnownFileType = sourcecode.c.h; path = "NSURL+MPURLParameterAdditions.h"; sourceTree = "<group>"; };
		3E08DDBE1456EAE30091E8DA /* NSURLResponse+Encoding.h */ = {isa = PBXFileReference; fileEncoding = 4; lastKnownFileType = sourcecode.c.h; path = "NSURLResponse+Encoding.h"; sourceTree = "<group>"; };
		3E08DDBF1456EAE30091E8DA /* SBJSON.h */ = {isa = PBXFileReference; fileEncoding = 4; lastKnownFileType = sourcecode.c.h; path = SBJSON.h; sourceTree = "<group>"; };
		3E08DDC01456EAE30091E8DA /* SBJsonBase.h */ = {isa = PBXFileReference; fileEncoding = 4; lastKnownFileType = sourcecode.c.h; path = SBJsonBase.h; sourceTree = "<group>"; };
		3E08DDC11456EAE30091E8DA /* SBJsonParser.h */ = {isa = PBXFileReference; fileEncoding = 4; lastKnownFileType = sourcecode.c.h; path = SBJsonParser.h; sourceTree = "<group>"; };
		3E08DDC21456EAE30091E8DA /* SBJsonWriter.h */ = {isa = PBXFileReference; fileEncoding = 4; lastKnownFileType = sourcecode.c.h; path = SBJsonWriter.h; sourceTree = "<group>"; };
		3E08DDC31456EAE30091E8DA /* UIAlertView+Dropbox.h */ = {isa = PBXFileReference; fileEncoding = 4; lastKnownFileType = sourcecode.c.h; path = "UIAlertView+Dropbox.h"; sourceTree = "<group>"; };
		3E08DDC81456EAE30091E8DA /* NSObject+SBJSON.m */ = {isa = PBXFileReference; fileEncoding = 4; lastKnownFileType = sourcecode.c.objc; path = "NSObject+SBJSON.m"; sourceTree = "<group>"; };
		3E08DDC91456EAE30091E8DA /* NSString+SBJSON.m */ = {isa = PBXFileReference; fileEncoding = 4; lastKnownFileType = sourcecode.c.objc; path = "NSString+SBJSON.m"; sourceTree = "<group>"; };
		3E08DDCA1456EAE30091E8DA /* SBJSON.m */ = {isa = PBXFileReference; fileEncoding = 4; lastKnownFileType = sourcecode.c.objc; path = SBJSON.m; sourceTree = "<group>"; };
		3E08DDCB1456EAE30091E8DA /* SBJsonBase.m */ = {isa = PBXFileReference; fileEncoding = 4; lastKnownFileType = sourcecode.c.objc; path = SBJsonBase.m; sourceTree = "<group>"; };
		3E08DDCC1456EAE30091E8DA /* SBJsonParser.m */ = {isa = PBXFileReference; fileEncoding = 4; lastKnownFileType = sourcecode.c.objc; path = SBJsonParser.m; sourceTree = "<group>"; };
		3E08DDCD1456EAE30091E8DA /* SBJsonWriter.m */ = {isa = PBXFileReference; fileEncoding = 4; lastKnownFileType = sourcecode.c.objc; path = SBJsonWriter.m; sourceTree = "<group>"; };
		3E08DDD01456EAE30091E8DA /* Base64Transcoder.c */ = {isa = PBXFileReference; fileEncoding = 4; lastKnownFileType = sourcecode.c.c; path = Base64Transcoder.c; sourceTree = "<group>"; };
		3E08DDD11456EAE30091E8DA /* MPOAuthAPI.m */ = {isa = PBXFileReference; fileEncoding = 4; lastKnownFileType = sourcecode.c.objc; path = MPOAuthAPI.m; sourceTree = "<group>"; };
		3E08DDD21456EAE30091E8DA /* MPOAuthAPIRequestLoader.m */ = {isa = PBXFileReference; fileEncoding = 4; lastKnownFileType = sourcecode.c.objc; path = MPOAuthAPIRequestLoader.m; sourceTree = "<group>"; };
		3E08DDD31456EAE30091E8DA /* MPOAuthAuthenticationMethod.m */ = {isa = PBXFileReference; fileEncoding = 4; lastKnownFileType = sourcecode.c.objc; path = MPOAuthAuthenticationMethod.m; sourceTree = "<group>"; };
		3E08DDD41456EAE30091E8DA /* MPOAuthAuthenticationMethodOAuth.m */ = {isa = PBXFileReference; fileEncoding = 4; lastKnownFileType = sourcecode.c.objc; path = MPOAuthAuthenticationMethodOAuth.m; sourceTree = "<group>"; };
		3E08DDD51456EAE30091E8DA /* MPOAuthConnection.m */ = {isa = PBXFileReference; fileEncoding = 4; lastKnownFileType = sourcecode.c.objc; path = MPOAuthConnection.m; sourceTree = "<group>"; };
		3E08DDD61456EAE30091E8DA /* MPOAuthCredentiaIConcreteStore+KeychainAdditionsMac.m */ = {isa = PBXFileReference; fileEncoding = 4; lastKnownFileType = sourcecode.c.objc; path = "MPOAuthCredentiaIConcreteStore+KeychainAdditionsMac.m"; sourceTree = "<group>"; };
		3E08DDD71456EAE30091E8DA /* MPOAuthCredentialConcreteStore+KeychainAdditionsiPhone.m */ = {isa = PBXFileReference; fileEncoding = 4; lastKnownFileType = sourcecode.c.objc; path = "MPOAuthCredentialConcreteStore+KeychainAdditionsiPhone.m"; sourceTree = "<group>"; };
		3E08DDD81456EAE30091E8DA /* MPOAuthCredentialConcreteStore.m */ = {isa = PBXFileReference; fileEncoding = 4; lastKnownFileType = sourcecode.c.objc; path = MPOAuthCredentialConcreteStore.m; sourceTree = "<group>"; };
		3E08DDD91456EAE30091E8DA /* MPOAuthSignatureParameter.m */ = {isa = PBXFileReference; fileEncoding = 4; lastKnownFileType = sourcecode.c.objc; path = MPOAuthSignatureParameter.m; sourceTree = "<group>"; };
		3E08DDDA1456EAE30091E8DA /* MPOAuthURLRequest.m */ = {isa = PBXFileReference; fileEncoding = 4; lastKnownFileType = sourcecode.c.objc; path = MPOAuthURLRequest.m; sourceTree = "<group>"; };
		3E08DDDB1456EAE30091E8DA /* MPOAuthURLResponse.m */ = {isa = PBXFileReference; fileEncoding = 4; lastKnownFileType = sourcecode.c.objc; path = MPOAuthURLResponse.m; sourceTree = "<group>"; };
		3E08DDDC1456EAE30091E8DA /* MPURLRequestParameter.m */ = {isa = PBXFileReference; fileEncoding = 4; lastKnownFileType = sourcecode.c.objc; path = MPURLRequestParameter.m; sourceTree = "<group>"; };
		3E08DDDD1456EAE30091E8DA /* NSString+URLEscapingAdditions.m */ = {isa = PBXFileReference; fileEncoding = 4; lastKnownFileType = sourcecode.c.objc; path = "NSString+URLEscapingAdditions.m"; sourceTree = "<group>"; };
		3E08DDDE1456EAE30091E8DA /* NSURL+MPURLParameterAdditions.m */ = {isa = PBXFileReference; fileEncoding = 4; lastKnownFileType = sourcecode.c.objc; path = "NSURL+MPURLParameterAdditions.m"; sourceTree = "<group>"; };
		3E08DDDF1456EAE30091E8DA /* NSURLResponse+Encoding.m */ = {isa = PBXFileReference; fileEncoding = 4; lastKnownFileType = sourcecode.c.objc; path = "NSURLResponse+Encoding.m"; sourceTree = "<group>"; };
		3E08DDE01456EAE30091E8DA /* NSDictionary+Dropbox.m */ = {isa = PBXFileReference; fileEncoding = 4; lastKnownFileType = sourcecode.c.objc; path = "NSDictionary+Dropbox.m"; sourceTree = "<group>"; };
		3E08DDE11456EAE30091E8DA /* NSString+Dropbox.m */ = {isa = PBXFileReference; fileEncoding = 4; lastKnownFileType = sourcecode.c.objc; path = "NSString+Dropbox.m"; sourceTree = "<group>"; };
		3E08DDE21456EAE30091E8DA /* UIAlertView+Dropbox.m */ = {isa = PBXFileReference; fileEncoding = 4; lastKnownFileType = sourcecode.c.objc; path = "UIAlertView+Dropbox.m"; sourceTree = "<group>"; };
		3E08DE3914585AE90091E8DA /* DBMetadata+Dumper.h */ = {isa = PBXFileReference; fileEncoding = 4; lastKnownFileType = sourcecode.c.h; name = "DBMetadata+Dumper.h"; path = "Classes/DBMetadata+Dumper.h"; sourceTree = "<group>"; };
		3E08DE3A14585AE90091E8DA /* DBMetadata+Dumper.m */ = {isa = PBXFileReference; fileEncoding = 4; lastKnownFileType = sourcecode.c.objc; name = "DBMetadata+Dumper.m"; path = "Classes/DBMetadata+Dumper.m"; sourceTree = "<group>"; };
		3EE509DF13534075001C442C /* Com0x82DropboxSessionProxy.h */ = {isa = PBXFileReference; fileEncoding = 4; lastKnownFileType = sourcecode.c.h; name = Com0x82DropboxSessionProxy.h; path = Classes/Com0x82DropboxSessionProxy.h; sourceTree = "<group>"; };
		3EE509E013534075001C442C /* Com0x82DropboxSessionProxy.m */ = {isa = PBXFileReference; fileEncoding = 4; lastKnownFileType = sourcecode.c.objc; name = Com0x82DropboxSessionProxy.m; path = Classes/Com0x82DropboxSessionProxy.m; sourceTree = "<group>"; };
		3EE509E31353407A001C442C /* Com0x82DropboxClientProxy.h */ = {isa = PBXFileReference; fileEncoding = 4; lastKnownFileType = sourcecode.c.h; name = Com0x82DropboxClientProxy.h; path = Classes/Com0x82DropboxClientProxy.h; sourceTree = "<group>"; };
		3EE509E41353407A001C442C /* Com0x82DropboxClientProxy.m */ = {isa = PBXFileReference; fileEncoding = 4; lastKnownFileType = sourcecode.c.objc; name = Com0x82DropboxClientProxy.m; path = Classes/Com0x82DropboxClientProxy.m; sourceTree = "<group>"; };
		AA747D9E0F9514B9006C5449 /* Com0x82Dropbox_Prefix.pch */ = {isa = PBXFileReference; fileEncoding = 4; lastKnownFileType = sourcecode.c.h; path = Com0x82Dropbox_Prefix.pch; sourceTree = SOURCE_ROOT; };
		AACBBE490F95108600F1A2B1 /* Foundation.framework */ = {isa = PBXFileReference; lastKnownFileType = wrapper.framework; name = Foundation.framework; path = System/Library/Frameworks/Foundation.framework; sourceTree = SDKROOT; };
		D2AAC07E0554694100DB518D /* libCom0x82Dropbox.a */ = {isa = PBXFileReference; explicitFileType = archive.ar; includeInIndex = 0; path = libCom0x82Dropbox.a; sourceTree = BUILT_PRODUCTS_DIR; };
/* End PBXFileReference section */

/* Begin PBXFrameworksBuildPhase section */
		D2AAC07C0554694100DB518D /* Frameworks */ = {
			isa = PBXFrameworksBuildPhase;
			buildActionMask = 2147483647;
			files = (
				3E0416A21350960C00C66455 /* CoreGraphics.framework in Frameworks */,
				3E0416A01350960600C66455 /* Security.framework in Frameworks */,
				3E04169E1350960200C66455 /* UIKit.framework in Frameworks */,
				AACBBE4A0F95108600F1A2B1 /* Foundation.framework in Frameworks */,
			);
			runOnlyForDeploymentPostprocessing = 0;
		};
/* End PBXFrameworksBuildPhase section */

/* Begin PBXGroup section */
		034768DFFF38A50411DB9C8B /* Products */ = {
			isa = PBXGroup;
			children = (
				D2AAC07E0554694100DB518D /* libCom0x82Dropbox.a */,
			);
			name = Products;
			sourceTree = "<group>";
		};
		0867D691FE84028FC02AAC07 /* dropbox */ = {
			isa = PBXGroup;
			children = (
				08FB77AEFE84172EC02AAC07 /* Classes */,
				32C88DFF0371C24200C91783 /* Other Sources */,
				0867D69AFE84028FC02AAC07 /* Frameworks */,
				034768DFFF38A50411DB9C8B /* Products */,
			);
			name = dropbox;
			sourceTree = "<group>";
		};
		0867D69AFE84028FC02AAC07 /* Frameworks */ = {
			isa = PBXGroup;
			children = (
				3E0416A11350960C00C66455 /* CoreGraphics.framework */,
				3E04169F1350960600C66455 /* Security.framework */,
				3E04169D1350960200C66455 /* UIKit.framework */,
				AACBBE490F95108600F1A2B1 /* Foundation.framework */,
			);
			name = Frameworks;
			sourceTree = "<group>";
		};
		08FB77AEFE84172EC02AAC07 /* Classes */ = {
			isa = PBXGroup;
			children = (
				24DE9E0F11C5FE74003F90F6 /* Com0x82DropboxModuleAssets.h */,
				24DE9E1011C5FE74003F90F6 /* Com0x82DropboxModuleAssets.m */,
				24DD6CF71134B3F500162E58 /* Com0x82DropboxModule.h */,
				24DD6CF81134B3F500162E58 /* Com0x82DropboxModule.m */,
				3EE509DF13534075001C442C /* Com0x82DropboxSessionProxy.h */,
				3EE509E013534075001C442C /* Com0x82DropboxSessionProxy.m */,
				3EE509E31353407A001C442C /* Com0x82DropboxClientProxy.h */,
				3EE509E41353407A001C442C /* Com0x82DropboxClientProxy.m */,
				3E08DE3914585AE90091E8DA /* DBMetadata+Dumper.h */,
				3E08DE3A14585AE90091E8DA /* DBMetadata+Dumper.m */,
			);
			name = Classes;
			sourceTree = "<group>";
		};
		32C88DFF0371C24200C91783 /* Other Sources */ = {
			isa = PBXGroup;
			children = (
				3E08DD921456EAE30091E8DA /* DropboxSDK */,
				AA747D9E0F9514B9006C5449 /* Com0x82Dropbox_Prefix.pch */,
				24DD6D1B1134B66800162E58 /* titanium.xcconfig */,
			);
			name = "Other Sources";
			sourceTree = "<group>";
		};
		3E08DD921456EAE30091E8DA /* DropboxSDK */ = {
			isa = PBXGroup;
			children = (
				3E08DD931456EAE30091E8DA /* Classes */,
			);
			path = DropboxSDK;
			sourceTree = "<group>";
		};
		3E08DD931456EAE30091E8DA /* Classes */ = {
			isa = PBXGroup;
			children = (
				3E08DD941456EAE30091E8DA /* DBAccountInfo.m */,
				3E08DD951456EAE30091E8DA /* DBDefines.h */,
				3E08DD961456EAE30091E8DA /* DBError.m */,
				3E08DD971456EAE30091E8DA /* DBLog.m */,
				3E08DD981456EAE30091E8DA /* DBMetadata.m */,
				3E08DD991456EAE30091E8DA /* DBQuota.m */,
				3E08DD9A1456EAE30091E8DA /* DBRequest.m */,
				3E08DD9B1456EAE30091E8DA /* DBRestClient.m */,
				3E08DD9C1456EAE30091E8DA /* DBSession.m */,
				3E08DD9D1456EAE30091E8DA /* DropboxSDK */,
				3E08DDC71456EAE30091E8DA /* JSON */,
				3E08DDCE1456EAE30091E8DA /* MPOAuth */,
				3E08DDE01456EAE30091E8DA /* NSDictionary+Dropbox.m */,
				3E08DDE11456EAE30091E8DA /* NSString+Dropbox.m */,
				3E08DDE21456EAE30091E8DA /* UIAlertView+Dropbox.m */,
			);
			path = Classes;
			sourceTree = "<group>";
		};
		3E08DD9D1456EAE30091E8DA /* DropboxSDK */ = {
			isa = PBXGroup;
			children = (
				3E08DD9E1456EAE30091E8DA /* Base64Transcoder.h */,
				3E08DD9F1456EAE30091E8DA /* DBAccountInfo.h */,
				3E08DDA01456EAE30091E8DA /* DBError.h */,
				3E08DDA11456EAE30091E8DA /* DBLog.h */,
				3E08DDA21456EAE30091E8DA /* DBMetadata.h */,
				3E08DDA31456EAE30091E8DA /* DBQuota.h */,
				3E08DDA41456EAE30091E8DA /* DBRequest.h */,
				3E08DDA51456EAE30091E8DA /* DBRestClient.h */,
				3E08DDA61456EAE30091E8DA /* DBSession.h */,
				3E08DDA71456EAE30091E8DA /* DropboxSDK.h */,
				3E08DDA81456EAE30091E8DA /* JSON.h */,
				3E08DDA91456EAE30091E8DA /* MPDebug.h */,
				3E08DDAA1456EAE30091E8DA /* MPOAuth.h */,
				3E08DDAB1456EAE30091E8DA /* MPOAuthAPI.h */,
				3E08DDAC1456EAE30091E8DA /* MPOAuthAPIRequestLoader.h */,
				3E08DDAD1456EAE30091E8DA /* MPOAuthAuthenticationMethod.h */,
				3E08DDAE1456EAE30091E8DA /* MPOAuthAuthenticationMethodOAuth.h */,
				3E08DDAF1456EAE30091E8DA /* MPOAuthConnection.h */,
				3E08DDB01456EAE30091E8DA /* MPOAuthCredentialConcreteStore+KeychainAdditions.h */,
				3E08DDB11456EAE30091E8DA /* MPOAuthCredentialConcreteStore.h */,
				3E08DDB21456EAE30091E8DA /* MPOAuthCredentialStore.h */,
				3E08DDB31456EAE30091E8DA /* MPOAuthParameterFactory.h */,
				3E08DDB41456EAE30091E8DA /* MPOAuthSignatureParameter.h */,
				3E08DDB51456EAE30091E8DA /* MPOAuthURLRequest.h */,
				3E08DDB61456EAE30091E8DA /* MPOAuthURLResponse.h */,
				3E08DDB71456EAE30091E8DA /* MPURLRequestParameter.h */,
				3E08DDB81456EAE30091E8DA /* NSDictionary+Dropbox.h */,
				3E08DDB91456EAE30091E8DA /* NSObject+SBJSON.h */,
				3E08DDBA1456EAE30091E8DA /* NSString+Dropbox.h */,
				3E08DDBB1456EAE30091E8DA /* NSString+SBJSON.h */,
				3E08DDBC1456EAE30091E8DA /* NSString+URLEscapingAdditions.h */,
				3E08DDBD1456EAE30091E8DA /* NSURL+MPURLParameterAdditions.h */,
				3E08DDBE1456EAE30091E8DA /* NSURLResponse+Encoding.h */,
				3E08DDBF1456EAE30091E8DA /* SBJSON.h */,
				3E08DDC01456EAE30091E8DA /* SBJsonBase.h */,
				3E08DDC11456EAE30091E8DA /* SBJsonParser.h */,
				3E08DDC21456EAE30091E8DA /* SBJsonWriter.h */,
				3E08DDC31456EAE30091E8DA /* UIAlertView+Dropbox.h */,
			);
			path = DropboxSDK;
			sourceTree = "<group>";
		};
		3E08DDC71456EAE30091E8DA /* JSON */ = {
			isa = PBXGroup;
			children = (
				3E08DDC81456EAE30091E8DA /* NSObject+SBJSON.m */,
				3E08DDC91456EAE30091E8DA /* NSString+SBJSON.m */,
				3E08DDCA1456EAE30091E8DA /* SBJSON.m */,
				3E08DDCB1456EAE30091E8DA /* SBJsonBase.m */,
				3E08DDCC1456EAE30091E8DA /* SBJsonParser.m */,
				3E08DDCD1456EAE30091E8DA /* SBJsonWriter.m */,
			);
			path = JSON;
			sourceTree = "<group>";
		};
		3E08DDCE1456EAE30091E8DA /* MPOAuth */ = {
			isa = PBXGroup;
			children = (
				3E08DDCF1456EAE30091E8DA /* Crypto */,
				3E08DDD11456EAE30091E8DA /* MPOAuthAPI.m */,
				3E08DDD21456EAE30091E8DA /* MPOAuthAPIRequestLoader.m */,
				3E08DDD31456EAE30091E8DA /* MPOAuthAuthenticationMethod.m */,
				3E08DDD41456EAE30091E8DA /* MPOAuthAuthenticationMethodOAuth.m */,
				3E08DDD51456EAE30091E8DA /* MPOAuthConnection.m */,
				3E08DDD61456EAE30091E8DA /* MPOAuthCredentiaIConcreteStore+KeychainAdditionsMac.m */,
				3E08DDD71456EAE30091E8DA /* MPOAuthCredentialConcreteStore+KeychainAdditionsiPhone.m */,
				3E08DDD81456EAE30091E8DA /* MPOAuthCredentialConcreteStore.m */,
				3E08DDD91456EAE30091E8DA /* MPOAuthSignatureParameter.m */,
				3E08DDDA1456EAE30091E8DA /* MPOAuthURLRequest.m */,
				3E08DDDB1456EAE30091E8DA /* MPOAuthURLResponse.m */,
				3E08DDDC1456EAE30091E8DA /* MPURLRequestParameter.m */,
				3E08DDDD1456EAE30091E8DA /* NSString+URLEscapingAdditions.m */,
				3E08DDDE1456EAE30091E8DA /* NSURL+MPURLParameterAdditions.m */,
				3E08DDDF1456EAE30091E8DA /* NSURLResponse+Encoding.m */,
			);
			path = MPOAuth;
			sourceTree = "<group>";
		};
		3E08DDCF1456EAE30091E8DA /* Crypto */ = {
			isa = PBXGroup;
			children = (
				3E08DDD01456EAE30091E8DA /* Base64Transcoder.c */,
			);
			path = Crypto;
			sourceTree = "<group>";
		};
/* End PBXGroup section */

/* Begin PBXHeadersBuildPhase section */
		D2AAC07A0554694100DB518D /* Headers */ = {
			isa = PBXHeadersBuildPhase;
			buildActionMask = 2147483647;
			files = (
				AA747D9F0F9514B9006C5449 /* Com0x82Dropbox_Prefix.pch in Headers */,
				24DD6CF91134B3F500162E58 /* Com0x82DropboxModule.h in Headers */,
				24DE9E1111C5FE74003F90F6 /* Com0x82DropboxModuleAssets.h in Headers */,
				3EE509E113534075001C442C /* Com0x82DropboxSessionProxy.h in Headers */,
				3EE509E51353407A001C442C /* Com0x82DropboxClientProxy.h in Headers */,
				3E08DDEA1456EAE30091E8DA /* DBDefines.h in Headers */,
				3E08DDF21456EAE30091E8DA /* Base64Transcoder.h in Headers */,
				3E08DDF31456EAE30091E8DA /* DBAccountInfo.h in Headers */,
				3E08DDF41456EAE30091E8DA /* DBError.h in Headers */,
				3E08DDF51456EAE30091E8DA /* DBLog.h in Headers */,
				3E08DDF61456EAE30091E8DA /* DBMetadata.h in Headers */,
				3E08DDF71456EAE30091E8DA /* DBQuota.h in Headers */,
				3E08DDF81456EAE30091E8DA /* DBRequest.h in Headers */,
				3E08DDF91456EAE30091E8DA /* DBRestClient.h in Headers */,
				3E08DDFA1456EAE30091E8DA /* DBSession.h in Headers */,
				3E08DDFB1456EAE30091E8DA /* DropboxSDK.h in Headers */,
				3E08DDFC1456EAE30091E8DA /* JSON.h in Headers */,
				3E08DDFD1456EAE30091E8DA /* MPDebug.h in Headers */,
				3E08DDFE1456EAE30091E8DA /* MPOAuth.h in Headers */,
				3E08DDFF1456EAE30091E8DA /* MPOAuthAPI.h in Headers */,
				3E08DE001456EAE30091E8DA /* MPOAuthAPIRequestLoader.h in Headers */,
				3E08DE011456EAE30091E8DA /* MPOAuthAuthenticationMethod.h in Headers */,
				3E08DE021456EAE30091E8DA /* MPOAuthAuthenticationMethodOAuth.h in Headers */,
				3E08DE031456EAE30091E8DA /* MPOAuthConnection.h in Headers */,
				3E08DE041456EAE30091E8DA /* MPOAuthCredentialConcreteStore+KeychainAdditions.h in Headers */,
				3E08DE051456EAE30091E8DA /* MPOAuthCredentialConcreteStore.h in Headers */,
				3E08DE061456EAE30091E8DA /* MPOAuthCredentialStore.h in Headers */,
				3E08DE071456EAE30091E8DA /* MPOAuthParameterFactory.h in Headers */,
				3E08DE081456EAE30091E8DA /* MPOAuthSignatureParameter.h in Headers */,
				3E08DE091456EAE30091E8DA /* MPOAuthURLRequest.h in Headers */,
				3E08DE0A1456EAE30091E8DA /* MPOAuthURLResponse.h in Headers */,
				3E08DE0B1456EAE30091E8DA /* MPURLRequestParameter.h in Headers */,
				3E08DE0C1456EAE30091E8DA /* NSDictionary+Dropbox.h in Headers */,
				3E08DE0D1456EAE30091E8DA /* NSObject+SBJSON.h in Headers */,
				3E08DE0E1456EAE30091E8DA /* NSString+Dropbox.h in Headers */,
				3E08DE0F1456EAE30091E8DA /* NSString+SBJSON.h in Headers */,
				3E08DE101456EAE30091E8DA /* NSString+URLEscapingAdditions.h in Headers */,
				3E08DE111456EAE30091E8DA /* NSURL+MPURLParameterAdditions.h in Headers */,
				3E08DE121456EAE30091E8DA /* NSURLResponse+Encoding.h in Headers */,
				3E08DE131456EAE30091E8DA /* SBJSON.h in Headers */,
				3E08DE141456EAE30091E8DA /* SBJsonBase.h in Headers */,
				3E08DE151456EAE30091E8DA /* SBJsonParser.h in Headers */,
				3E08DE161456EAE30091E8DA /* SBJsonWriter.h in Headers */,
				3E08DE171456EAE30091E8DA /* UIAlertView+Dropbox.h in Headers */,
				3E08DE3B14585AE90091E8DA /* DBMetadata+Dumper.h in Headers */,
			);
			runOnlyForDeploymentPostprocessing = 0;
		};
/* End PBXHeadersBuildPhase section */

/* Begin PBXNativeTarget section */
		D2AAC07D0554694100DB518D /* dropbox */ = {
			isa = PBXNativeTarget;
			buildConfigurationList = 1DEB921E08733DC00010E9CD /* Build configuration list for PBXNativeTarget "dropbox" */;
			buildPhases = (
				D2AAC07A0554694100DB518D /* Headers */,
				D2AAC07B0554694100DB518D /* Sources */,
				D2AAC07C0554694100DB518D /* Frameworks */,
			);
			buildRules = (
			);
			dependencies = (
			);
			name = dropbox;
			productName = dropbox;
			productReference = D2AAC07E0554694100DB518D /* libCom0x82Dropbox.a */;
			productType = "com.apple.product-type.library.static";
		};
/* End PBXNativeTarget section */

/* Begin PBXProject section */
		0867D690FE84028FC02AAC07 /* Project object */ = {
			isa = PBXProject;
			attributes = {
				LastUpgradeCheck = 0420;
			};
			buildConfigurationList = 1DEB922208733DC00010E9CD /* Build configuration list for PBXProject "dropbox" */;
			compatibilityVersion = "Xcode 3.2";
			developmentRegion = English;
			hasScannedForEncodings = 1;
			knownRegions = (
				English,
				Japanese,
				French,
				German,
			);
			mainGroup = 0867D691FE84028FC02AAC07 /* dropbox */;
			productRefGroup = 034768DFFF38A50411DB9C8B /* Products */;
			projectDirPath = "";
			projectRoot = "";
			targets = (
				D2AAC07D0554694100DB518D /* dropbox */,
				24416B8111C4CA220047AFDD /* Build & Test */,
			);
		};
/* End PBXProject section */

/* Begin PBXShellScriptBuildPhase section */
		24416B8011C4CA220047AFDD /* ShellScript */ = {
			isa = PBXShellScriptBuildPhase;
			buildActionMask = 2147483647;
			files = (
			);
			inputPaths = (
			);
			outputPaths = (
			);
			runOnlyForDeploymentPostprocessing = 0;
			shellPath = /bin/sh;
			shellScript = "# shell script goes here\n\npython \"${TITANIUM_SDK}/titanium.py\" run --dir=\"${PROJECT_DIR}\"\nexit $?\n";
		};
/* End PBXShellScriptBuildPhase section */

/* Begin PBXSourcesBuildPhase section */
		D2AAC07B0554694100DB518D /* Sources */ = {
			isa = PBXSourcesBuildPhase;
			buildActionMask = 2147483647;
			files = (
				24DD6CFA1134B3F500162E58 /* Com0x82DropboxModule.m in Sources */,
				24DE9E1211C5FE74003F90F6 /* Com0x82DropboxModuleAssets.m in Sources */,
				3EE509E213534075001C442C /* Com0x82DropboxSessionProxy.m in Sources */,
				3EE509E61353407A001C442C /* Com0x82DropboxClientProxy.m in Sources */,
				3E08DDE91456EAE30091E8DA /* DBAccountInfo.m in Sources */,
				3E08DDEB1456EAE30091E8DA /* DBError.m in Sources */,
				3E08DDEC1456EAE30091E8DA /* DBLog.m in Sources */,
				3E08DDED1456EAE30091E8DA /* DBMetadata.m in Sources */,
				3E08DDEE1456EAE30091E8DA /* DBQuota.m in Sources */,
				3E08DDEF1456EAE30091E8DA /* DBRequest.m in Sources */,
				3E08DDF01456EAE30091E8DA /* DBRestClient.m in Sources */,
				3E08DDF11456EAE30091E8DA /* DBSession.m in Sources */,
				3E08DE1A1456EAE30091E8DA /* NSObject+SBJSON.m in Sources */,
				3E08DE1B1456EAE30091E8DA /* NSString+SBJSON.m in Sources */,
				3E08DE1C1456EAE30091E8DA /* SBJSON.m in Sources */,
				3E08DE1D1456EAE30091E8DA /* SBJsonBase.m in Sources */,
				3E08DE1E1456EAE30091E8DA /* SBJsonParser.m in Sources */,
				3E08DE1F1456EAE30091E8DA /* SBJsonWriter.m in Sources */,
				3E08DE201456EAE30091E8DA /* Base64Transcoder.c in Sources */,
				3E08DE211456EAE30091E8DA /* MPOAuthAPI.m in Sources */,
				3E08DE221456EAE30091E8DA /* MPOAuthAPIRequestLoader.m in Sources */,
				3E08DE231456EAE30091E8DA /* MPOAuthAuthenticationMethod.m in Sources */,
				3E08DE241456EAE30091E8DA /* MPOAuthAuthenticationMethodOAuth.m in Sources */,
				3E08DE251456EAE30091E8DA /* MPOAuthConnection.m in Sources */,
				3E08DE261456EAE30091E8DA /* MPOAuthCredentiaIConcreteStore+KeychainAdditionsMac.m in Sources */,
				3E08DE271456EAE30091E8DA /* MPOAuthCredentialConcreteStore+KeychainAdditionsiPhone.m in Sources */,
				3E08DE281456EAE30091E8DA /* MPOAuthCredentialConcreteStore.m in Sources */,
				3E08DE291456EAE30091E8DA /* MPOAuthSignatureParameter.m in Sources */,
				3E08DE2A1456EAE30091E8DA /* MPOAuthURLRequest.m in Sources */,
				3E08DE2B1456EAE30091E8DA /* MPOAuthURLResponse.m in Sources */,
				3E08DE2C1456EAE30091E8DA /* MPURLRequestParameter.m in Sources */,
				3E08DE2D1456EAE30091E8DA /* NSString+URLEscapingAdditions.m in Sources */,
				3E08DE2E1456EAE30091E8DA /* NSURL+MPURLParameterAdditions.m in Sources */,
				3E08DE2F1456EAE30091E8DA /* NSURLResponse+Encoding.m in Sources */,
				3E08DE301456EAE30091E8DA /* NSDictionary+Dropbox.m in Sources */,
				3E08DE311456EAE30091E8DA /* NSString+Dropbox.m in Sources */,
				3E08DE321456EAE30091E8DA /* UIAlertView+Dropbox.m in Sources */,
				3E08DE3C14585AE90091E8DA /* DBMetadata+Dumper.m in Sources */,
			);
			runOnlyForDeploymentPostprocessing = 0;
		};
/* End PBXSourcesBuildPhase section */

/* Begin PBXTargetDependency section */
		24416B8511C4CA280047AFDD /* PBXTargetDependency */ = {
			isa = PBXTargetDependency;
			target = D2AAC07D0554694100DB518D /* dropbox */;
			targetProxy = 24416B8411C4CA280047AFDD /* PBXContainerItemProxy */;
		};
/* End PBXTargetDependency section */

/* Begin XCBuildConfiguration section */
		1DEB921F08733DC00010E9CD /* Debug */ = {
			isa = XCBuildConfiguration;
			baseConfigurationReference = 24DD6D1B1134B66800162E58 /* titanium.xcconfig */;
			buildSettings = {
				ALWAYS_SEARCH_USER_PATHS = NO;
				ARCHS = (
					armv6,
					"$(ARCHS_STANDARD_32_BIT)",
				);
				COPY_PHASE_STRIP = NO;
				DSTROOT = /tmp/Com0x82Dropbox.dst;
				FRAMEWORK_SEARCH_PATHS = (
					"$(inherited)",
					"\"$(SRCROOT)\"",
				);
				GCC_DYNAMIC_NO_PIC = NO;
				GCC_MODEL_TUNING = G5;
				GCC_OPTIMIZATION_LEVEL = 0;
				GCC_PRECOMPILE_PREFIX_HEADER = YES;
				GCC_PREFIX_HEADER = Com0x82Dropbox_Prefix.pch;
				GCC_VERSION = com.apple.compilers.llvmgcc42;
				INSTALL_PATH = /usr/local/lib;
				PRODUCT_NAME = Com0x82Dropbox;
				TITANIUM_SDK = "/Library/Application Support/Titanium/mobilesdk/osx/$(TITANIUM_SDK_VERSION)";
			};
			name = Debug;
		};
		1DEB922008733DC00010E9CD /* Release */ = {
			isa = XCBuildConfiguration;
			baseConfigurationReference = 24DD6D1B1134B66800162E58 /* titanium.xcconfig */;
			buildSettings = {
				ALWAYS_SEARCH_USER_PATHS = NO;
				ARCHS = (
					armv6,
					"$(ARCHS_STANDARD_32_BIT)",
				);
				DSTROOT = /tmp/Com0x82Dropbox.dst;
				FRAMEWORK_SEARCH_PATHS = (
					"$(inherited)",
					"\"$(SRCROOT)\"",
				);
				GCC_MODEL_TUNING = G5;
				GCC_PRECOMPILE_PREFIX_HEADER = YES;
				GCC_PREFIX_HEADER = Com0x82Dropbox_Prefix.pch;
				GCC_VERSION = com.apple.compilers.llvmgcc42;
				INSTALL_PATH = /usr/local/lib;
				PRODUCT_NAME = Com0x82Dropbox;
				TITANIUM_SDK = "/Library/Application Support/Titanium/mobilesdk/osx/$(TITANIUM_SDK_VERSION)";
			};
			name = Release;
		};
		1DEB922308733DC00010E9CD /* Debug */ = {
			isa = XCBuildConfiguration;
			baseConfigurationReference = 24DD6D1B1134B66800162E58 /* titanium.xcconfig */;
			buildSettings = {
				ARCHS = (
					armv6,
					"$(ARCHS_STANDARD_32_BIT)",
				);
				GCC_C_LANGUAGE_STANDARD = c99;
				GCC_OPTIMIZATION_LEVEL = 0;
				GCC_WARN_ABOUT_RETURN_TYPE = YES;
				GCC_WARN_UNUSED_VARIABLE = YES;
				OTHER_LDFLAGS = (
					"-framework",
					Security,
				);
				SDKROOT = iphoneos;
				TARGETED_DEVICE_FAMILY = "1,2";
				TITANIUM_SDK = "/Library/Application Support/Titanium/mobilesdk/osx/$(TITANIUM_SDK_VERSION)";
				TITANIUM_SDK_VERSION = 1.7.2;
			};
			name = Debug;
		};
		1DEB922408733DC00010E9CD /* Release */ = {
			isa = XCBuildConfiguration;
			baseConfigurationReference = 24DD6D1B1134B66800162E58 /* titanium.xcconfig */;
			buildSettings = {
				ARCHS = (
					armv6,
					"$(ARCHS_STANDARD_32_BIT)",
				);
				GCC_C_LANGUAGE_STANDARD = c99;
				GCC_WARN_ABOUT_RETURN_TYPE = YES;
				GCC_WARN_UNUSED_VARIABLE = YES;
				OTHER_LDFLAGS = (
					"-framework",
					Security,
				);
				SDKROOT = iphoneos;
				TARGETED_DEVICE_FAMILY = "1,2";
				TITANIUM_SDK = "/Library/Application Support/Titanium/mobilesdk/osx/$(TITANIUM_SDK_VERSION)";
				TITANIUM_SDK_VERSION = 1.7.2;
			};
			name = Release;
		};
		24416B8211C4CA220047AFDD /* Debug */ = {
			isa = XCBuildConfiguration;
			baseConfigurationReference = 24DD6D1B1134B66800162E58 /* titanium.xcconfig */;
			buildSettings = {
				COPY_PHASE_STRIP = NO;
				GCC_DYNAMIC_NO_PIC = NO;
				GCC_OPTIMIZATION_LEVEL = 0;
				GCC_VERSION = com.apple.compilers.llvmgcc42;
				PRODUCT_NAME = "Build & test";
				SDKROOT = iphoneos;
				TITANIUM_SDK = "/Library/Application Support/Titanium/mobilesdk/osx/$(TITANIUM_SDK_VERSION)";
			};
			name = Debug;
		};
		24416B8311C4CA220047AFDD /* Release */ = {
			isa = XCBuildConfiguration;
			baseConfigurationReference = 24DD6D1B1134B66800162E58 /* titanium.xcconfig */;
			buildSettings = {
				COPY_PHASE_STRIP = YES;
				DEBUG_INFORMATION_FORMAT = "dwarf-with-dsym";
				GCC_VERSION = com.apple.compilers.llvmgcc42;
				PRODUCT_NAME = "Build & test";
				SDKROOT = iphoneos;
				TITANIUM_SDK = "/Library/Application Support/Titanium/mobilesdk/osx/$(TITANIUM_SDK_VERSION)";
				ZERO_LINK = NO;
			};
			name = Release;
		};
/* End XCBuildConfiguration section */

/* Begin XCConfigurationList section */
		1DEB921E08733DC00010E9CD /* Build configuration list for PBXNativeTarget "dropbox" */ = {
			isa = XCConfigurationList;
			buildConfigurations = (
				1DEB921F08733DC00010E9CD /* Debug */,
				1DEB922008733DC00010E9CD /* Release */,
			);
			defaultConfigurationIsVisible = 0;
			defaultConfigurationName = Release;
		};
		1DEB922208733DC00010E9CD /* Build configuration list for PBXProject "dropbox" */ = {
			isa = XCConfigurationList;
			buildConfigurations = (
				1DEB922308733DC00010E9CD /* Debug */,
				1DEB922408733DC00010E9CD /* Release */,
			);
			defaultConfigurationIsVisible = 0;
			defaultConfigurationName = Release;
		};
		24416B8A11C4CA520047AFDD /* Build configuration list for PBXAggregateTarget "Build & Test" */ = {
			isa = XCConfigurationList;
			buildConfigurations = (
				24416B8211C4CA220047AFDD /* Debug */,
				24416B8311C4CA220047AFDD /* Release */,
			);
			defaultConfigurationIsVisible = 0;
			defaultConfigurationName = Release;
		};
/* End XCConfigurationList section */
	};
	rootObject = 0867D690FE84028FC02AAC07 /* Project object */;
}
