// !$*UTF8*$!
{
	archiveVersion = 1;
	classes = {
	};
	objectVersion = 45;
	objects = {

/* Begin PBXAggregateTarget section */
		24416B8111C4CA220047AFDD /* Build & Test */ = {
			isa = PBXAggregateTarget;
			buildConfigurationList = 24416B8A11C4CA520047AFDD /* Build configuration list for PBXAggregateTarget "Build & Test" */;
			buildPhases = (
				24416B8011C4CA220047AFDD /* ShellScript */,
			);
			dependencies = (
				24416B8511C4CA280047AFDD /* PBXTargetDependency */,
			);
			name = "Build & Test";
			productName = "Build & test";
		};
/* End PBXAggregateTarget section */

/* Begin PBXBuildFile section */
		24DD6CF91134B3F500162E58 /* Com0x82DropboxModule.h in Headers */ = {isa = PBXBuildFile; fileRef = 24DD6CF71134B3F500162E58 /* Com0x82DropboxModule.h */; };
		24DD6CFA1134B3F500162E58 /* Com0x82DropboxModule.m in Sources */ = {isa = PBXBuildFile; fileRef = 24DD6CF81134B3F500162E58 /* Com0x82DropboxModule.m */; };
		24DE9E1111C5FE74003F90F6 /* Com0x82DropboxModuleAssets.h in Headers */ = {isa = PBXBuildFile; fileRef = 24DE9E0F11C5FE74003F90F6 /* Com0x82DropboxModuleAssets.h */; };
		24DE9E1211C5FE74003F90F6 /* Com0x82DropboxModuleAssets.m in Sources */ = {isa = PBXBuildFile; fileRef = 24DE9E1011C5FE74003F90F6 /* Com0x82DropboxModuleAssets.m */; };
		3E041656135095A900C66455 /* DBAccountInfo.h in Headers */ = {isa = PBXBuildFile; fileRef = 3E04160C135095A900C66455 /* DBAccountInfo.h */; };
		3E041657135095A900C66455 /* DBAccountInfo.m in Sources */ = {isa = PBXBuildFile; fileRef = 3E04160D135095A900C66455 /* DBAccountInfo.m */; };
		3E041658135095A900C66455 /* DBCreateAccountController.h in Headers */ = {isa = PBXBuildFile; fileRef = 3E04160E135095A900C66455 /* DBCreateAccountController.h */; };
		3E041659135095A900C66455 /* DBCreateAccountController.m in Sources */ = {isa = PBXBuildFile; fileRef = 3E04160F135095A900C66455 /* DBCreateAccountController.m */; };
		3E04165A135095A900C66455 /* DBError.h in Headers */ = {isa = PBXBuildFile; fileRef = 3E041610135095A900C66455 /* DBError.h */; };
		3E04165B135095A900C66455 /* DBError.m in Sources */ = {isa = PBXBuildFile; fileRef = 3E041611135095A900C66455 /* DBError.m */; };
		3E04165C135095A900C66455 /* DBLoadingView.h in Headers */ = {isa = PBXBuildFile; fileRef = 3E041612135095A900C66455 /* DBLoadingView.h */; };
		3E04165D135095A900C66455 /* DBLoadingView.m in Sources */ = {isa = PBXBuildFile; fileRef = 3E041613135095A900C66455 /* DBLoadingView.m */; };
		3E04165E135095A900C66455 /* DBLoginController.h in Headers */ = {isa = PBXBuildFile; fileRef = 3E041614135095A900C66455 /* DBLoginController.h */; };
		3E04165F135095A900C66455 /* DBLoginController.m in Sources */ = {isa = PBXBuildFile; fileRef = 3E041615135095A900C66455 /* DBLoginController.m */; };
		3E041660135095A900C66455 /* DBMetadata.h in Headers */ = {isa = PBXBuildFile; fileRef = 3E041616135095A900C66455 /* DBMetadata.h */; };
		3E041661135095A900C66455 /* DBMetadata.m in Sources */ = {isa = PBXBuildFile; fileRef = 3E041617135095A900C66455 /* DBMetadata.m */; };
		3E041662135095A900C66455 /* DBQuota.h in Headers */ = {isa = PBXBuildFile; fileRef = 3E041618135095A900C66455 /* DBQuota.h */; };
		3E041663135095A900C66455 /* DBQuota.m in Sources */ = {isa = PBXBuildFile; fileRef = 3E041619135095A900C66455 /* DBQuota.m */; };
		3E041664135095A900C66455 /* DBRequest.h in Headers */ = {isa = PBXBuildFile; fileRef = 3E04161A135095A900C66455 /* DBRequest.h */; };
		3E041665135095A900C66455 /* DBRequest.m in Sources */ = {isa = PBXBuildFile; fileRef = 3E04161B135095A900C66455 /* DBRequest.m */; };
		3E041666135095A900C66455 /* DBRestClient.h in Headers */ = {isa = PBXBuildFile; fileRef = 3E04161C135095A900C66455 /* DBRestClient.h */; };
		3E041667135095A900C66455 /* DBRestClient.m in Sources */ = {isa = PBXBuildFile; fileRef = 3E04161D135095A900C66455 /* DBRestClient.m */; };
		3E041668135095A900C66455 /* DBSession.h in Headers */ = {isa = PBXBuildFile; fileRef = 3E04161E135095A900C66455 /* DBSession.h */; };
		3E041669135095A900C66455 /* DBSession.m in Sources */ = {isa = PBXBuildFile; fileRef = 3E04161F135095A900C66455 /* DBSession.m */; };
		3E04166A135095A900C66455 /* DropboxSDK.h in Headers */ = {isa = PBXBuildFile; fileRef = 3E041620135095A900C66455 /* DropboxSDK.h */; };
		3E04166B135095A900C66455 /* JSON.h in Headers */ = {isa = PBXBuildFile; fileRef = 3E041622135095A900C66455 /* JSON.h */; };
		3E04166C135095A900C66455 /* NSObject+SBJSON.h in Headers */ = {isa = PBXBuildFile; fileRef = 3E041623135095A900C66455 /* NSObject+SBJSON.h */; };
		3E04166D135095A900C66455 /* NSObject+SBJSON.m in Sources */ = {isa = PBXBuildFile; fileRef = 3E041624135095A900C66455 /* NSObject+SBJSON.m */; };
		3E04166E135095A900C66455 /* NSString+SBJSON.h in Headers */ = {isa = PBXBuildFile; fileRef = 3E041625135095A900C66455 /* NSString+SBJSON.h */; };
		3E04166F135095A900C66455 /* NSString+SBJSON.m in Sources */ = {isa = PBXBuildFile; fileRef = 3E041626135095A900C66455 /* NSString+SBJSON.m */; };
		3E041670135095A900C66455 /* SBJSON.h in Headers */ = {isa = PBXBuildFile; fileRef = 3E041627135095A900C66455 /* SBJSON.h */; };
		3E041671135095A900C66455 /* SBJSON.m in Sources */ = {isa = PBXBuildFile; fileRef = 3E041628135095A900C66455 /* SBJSON.m */; };
		3E041672135095A900C66455 /* SBJsonBase.h in Headers */ = {isa = PBXBuildFile; fileRef = 3E041629135095A900C66455 /* SBJsonBase.h */; };
		3E041673135095A900C66455 /* SBJsonBase.m in Sources */ = {isa = PBXBuildFile; fileRef = 3E04162A135095A900C66455 /* SBJsonBase.m */; };
		3E041674135095A900C66455 /* SBJsonParser.h in Headers */ = {isa = PBXBuildFile; fileRef = 3E04162B135095A900C66455 /* SBJsonParser.h */; };
		3E041675135095A900C66455 /* SBJsonParser.m in Sources */ = {isa = PBXBuildFile; fileRef = 3E04162C135095A900C66455 /* SBJsonParser.m */; };
		3E041676135095A900C66455 /* SBJsonWriter.h in Headers */ = {isa = PBXBuildFile; fileRef = 3E04162D135095A900C66455 /* SBJsonWriter.h */; };
		3E041677135095A900C66455 /* SBJsonWriter.m in Sources */ = {isa = PBXBuildFile; fileRef = 3E04162E135095A900C66455 /* SBJsonWriter.m */; };
		3E041678135095A900C66455 /* Base64Transcoder.c in Sources */ = {isa = PBXBuildFile; fileRef = 3E041631135095A900C66455 /* Base64Transcoder.c */; };
		3E041679135095A900C66455 /* Base64Transcoder.h in Headers */ = {isa = PBXBuildFile; fileRef = 3E041632135095A900C66455 /* Base64Transcoder.h */; };
		3E04167A135095A900C66455 /* MPDebug.h in Headers */ = {isa = PBXBuildFile; fileRef = 3E041633135095A900C66455 /* MPDebug.h */; };
		3E04167B135095A900C66455 /* MPOAuth.h in Headers */ = {isa = PBXBuildFile; fileRef = 3E041634135095A900C66455 /* MPOAuth.h */; };
		3E04167C135095A900C66455 /* MPOAuthAPI.h in Headers */ = {isa = PBXBuildFile; fileRef = 3E041635135095A900C66455 /* MPOAuthAPI.h */; };
		3E04167D135095A900C66455 /* MPOAuthAPI.m in Sources */ = {isa = PBXBuildFile; fileRef = 3E041636135095A900C66455 /* MPOAuthAPI.m */; };
		3E04167E135095A900C66455 /* MPOAuthAPIRequestLoader.h in Headers */ = {isa = PBXBuildFile; fileRef = 3E041637135095A900C66455 /* MPOAuthAPIRequestLoader.h */; };
		3E04167F135095A900C66455 /* MPOAuthAPIRequestLoader.m in Sources */ = {isa = PBXBuildFile; fileRef = 3E041638135095A900C66455 /* MPOAuthAPIRequestLoader.m */; };
		3E041680135095A900C66455 /* MPOAuthAuthenticationMethod.h in Headers */ = {isa = PBXBuildFile; fileRef = 3E041639135095A900C66455 /* MPOAuthAuthenticationMethod.h */; };
		3E041681135095A900C66455 /* MPOAuthAuthenticationMethod.m in Sources */ = {isa = PBXBuildFile; fileRef = 3E04163A135095A900C66455 /* MPOAuthAuthenticationMethod.m */; };
		3E041682135095A900C66455 /* MPOAuthAuthenticationMethodOAuth.h in Headers */ = {isa = PBXBuildFile; fileRef = 3E04163B135095A900C66455 /* MPOAuthAuthenticationMethodOAuth.h */; };
		3E041683135095A900C66455 /* MPOAuthAuthenticationMethodOAuth.m in Sources */ = {isa = PBXBuildFile; fileRef = 3E04163C135095A900C66455 /* MPOAuthAuthenticationMethodOAuth.m */; };
		3E041684135095A900C66455 /* MPOAuthConnection.h in Headers */ = {isa = PBXBuildFile; fileRef = 3E04163D135095A900C66455 /* MPOAuthConnection.h */; };
		3E041685135095A900C66455 /* MPOAuthConnection.m in Sources */ = {isa = PBXBuildFile; fileRef = 3E04163E135095A900C66455 /* MPOAuthConnection.m */; };
		3E041689135095A900C66455 /* MPOAuthCredentialConcreteStore.h in Headers */ = {isa = PBXBuildFile; fileRef = 3E041642135095A900C66455 /* MPOAuthCredentialConcreteStore.h */; };
		3E04168A135095A900C66455 /* MPOAuthCredentialConcreteStore.m in Sources */ = {isa = PBXBuildFile; fileRef = 3E041643135095A900C66455 /* MPOAuthCredentialConcreteStore.m */; };
		3E04168B135095A900C66455 /* MPOAuthCredentialStore.h in Headers */ = {isa = PBXBuildFile; fileRef = 3E041644135095A900C66455 /* MPOAuthCredentialStore.h */; };
		3E04168C135095A900C66455 /* MPOAuthParameterFactory.h in Headers */ = {isa = PBXBuildFile; fileRef = 3E041645135095A900C66455 /* MPOAuthParameterFactory.h */; };
		3E04168D135095A900C66455 /* MPOAuthSignatureParameter.h in Headers */ = {isa = PBXBuildFile; fileRef = 3E041646135095A900C66455 /* MPOAuthSignatureParameter.h */; };
		3E04168E135095A900C66455 /* MPOAuthSignatureParameter.m in Sources */ = {isa = PBXBuildFile; fileRef = 3E041647135095A900C66455 /* MPOAuthSignatureParameter.m */; };
		3E04168F135095A900C66455 /* MPOAuthURLRequest.h in Headers */ = {isa = PBXBuildFile; fileRef = 3E041648135095A900C66455 /* MPOAuthURLRequest.h */; };
		3E041690135095A900C66455 /* MPOAuthURLRequest.m in Sources */ = {isa = PBXBuildFile; fileRef = 3E041649135095A900C66455 /* MPOAuthURLRequest.m */; };
		3E041691135095A900C66455 /* MPOAuthURLResponse.h in Headers */ = {isa = PBXBuildFile; fileRef = 3E04164A135095A900C66455 /* MPOAuthURLResponse.h */; };
		3E041692135095A900C66455 /* MPOAuthURLResponse.m in Sources */ = {isa = PBXBuildFile; fileRef = 3E04164B135095A900C66455 /* MPOAuthURLResponse.m */; };
		3E041693135095A900C66455 /* MPURLRequestParameter.h in Headers */ = {isa = PBXBuildFile; fileRef = 3E04164C135095A900C66455 /* MPURLRequestParameter.h */; };
		3E041694135095A900C66455 /* MPURLRequestParameter.m in Sources */ = {isa = PBXBuildFile; fileRef = 3E04164D135095A900C66455 /* MPURLRequestParameter.m */; };
		3E041695135095A900C66455 /* NSString+URLEscapingAdditions.h in Headers */ = {isa = PBXBuildFile; fileRef = 3E04164E135095A900C66455 /* NSString+URLEscapingAdditions.h */; };
		3E041696135095A900C66455 /* NSString+URLEscapingAdditions.m in Sources */ = {isa = PBXBuildFile; fileRef = 3E04164F135095A900C66455 /* NSString+URLEscapingAdditions.m */; };
		3E041697135095A900C66455 /* NSURL+MPURLParameterAdditions.h in Headers */ = {isa = PBXBuildFile; fileRef = 3E041650135095A900C66455 /* NSURL+MPURLParameterAdditions.h */; };
		3E041698135095A900C66455 /* NSURL+MPURLParameterAdditions.m in Sources */ = {isa = PBXBuildFile; fileRef = 3E041651135095A900C66455 /* NSURL+MPURLParameterAdditions.m */; };
		3E041699135095A900C66455 /* NSURLResponse+Encoding.h in Headers */ = {isa = PBXBuildFile; fileRef = 3E041652135095A900C66455 /* NSURLResponse+Encoding.h */; };
		3E04169A135095A900C66455 /* NSURLResponse+Encoding.m in Sources */ = {isa = PBXBuildFile; fileRef = 3E041653135095A900C66455 /* NSURLResponse+Encoding.m */; };
		3E04169B135095A900C66455 /* NSString+Dropbox.h in Headers */ = {isa = PBXBuildFile; fileRef = 3E041654135095A900C66455 /* NSString+Dropbox.h */; };
		3E04169C135095A900C66455 /* NSString+Dropbox.m in Sources */ = {isa = PBXBuildFile; fileRef = 3E041655135095A900C66455 /* NSString+Dropbox.m */; };
		3E04169E1350960200C66455 /* UIKit.framework in Frameworks */ = {isa = PBXBuildFile; fileRef = 3E04169D1350960200C66455 /* UIKit.framework */; };
		3E0416A01350960600C66455 /* Security.framework in Frameworks */ = {isa = PBXBuildFile; fileRef = 3E04169F1350960600C66455 /* Security.framework */; };
		3E0416A21350960C00C66455 /* CoreGraphics.framework in Frameworks */ = {isa = PBXBuildFile; fileRef = 3E0416A11350960C00C66455 /* CoreGraphics.framework */; };
		3EE509E113534075001C442C /* Com0x82DropboxSessionProxy.h in Headers */ = {isa = PBXBuildFile; fileRef = 3EE509DF13534075001C442C /* Com0x82DropboxSessionProxy.h */; };
		3EE509E213534075001C442C /* Com0x82DropboxSessionProxy.m in Sources */ = {isa = PBXBuildFile; fileRef = 3EE509E013534075001C442C /* Com0x82DropboxSessionProxy.m */; };
		3EE509E51353407A001C442C /* Com0x82DropboxClientProxy.h in Headers */ = {isa = PBXBuildFile; fileRef = 3EE509E31353407A001C442C /* Com0x82DropboxClientProxy.h */; };
		3EE509E61353407A001C442C /* Com0x82DropboxClientProxy.m in Sources */ = {isa = PBXBuildFile; fileRef = 3EE509E41353407A001C442C /* Com0x82DropboxClientProxy.m */; };
		AA747D9F0F9514B9006C5449 /* Com0x82Dropbox_Prefix.pch in Headers */ = {isa = PBXBuildFile; fileRef = AA747D9E0F9514B9006C5449 /* Com0x82Dropbox_Prefix.pch */; };
		AACBBE4A0F95108600F1A2B1 /* Foundation.framework in Frameworks */ = {isa = PBXBuildFile; fileRef = AACBBE490F95108600F1A2B1 /* Foundation.framework */; };
/* End PBXBuildFile section */

/* Begin PBXContainerItemProxy section */
		24416B8411C4CA280047AFDD /* PBXContainerItemProxy */ = {
			isa = PBXContainerItemProxy;
			containerPortal = 0867D690FE84028FC02AAC07 /* Project object */;
			proxyType = 1;
			remoteGlobalIDString = D2AAC07D0554694100DB518D;
			remoteInfo = dropbox;
		};
/* End PBXContainerItemProxy section */

/* Begin PBXFileReference section */
		24DD6CF71134B3F500162E58 /* Com0x82DropboxModule.h */ = {isa = PBXFileReference; fileEncoding = 4; lastKnownFileType = sourcecode.c.h; name = Com0x82DropboxModule.h; path = Classes/Com0x82DropboxModule.h; sourceTree = "<group>"; };
		24DD6CF81134B3F500162E58 /* Com0x82DropboxModule.m */ = {isa = PBXFileReference; fileEncoding = 4; lastKnownFileType = sourcecode.c.objc; name = Com0x82DropboxModule.m; path = Classes/Com0x82DropboxModule.m; sourceTree = "<group>"; };
		24DD6D1B1134B66800162E58 /* titanium.xcconfig */ = {isa = PBXFileReference; fileEncoding = 4; lastKnownFileType = text.xcconfig; path = titanium.xcconfig; sourceTree = "<group>"; };
		24DE9E0F11C5FE74003F90F6 /* Com0x82DropboxModuleAssets.h */ = {isa = PBXFileReference; fileEncoding = 4; lastKnownFileType = sourcecode.c.h; name = Com0x82DropboxModuleAssets.h; path = Classes/Com0x82DropboxModuleAssets.h; sourceTree = "<group>"; };
		24DE9E1011C5FE74003F90F6 /* Com0x82DropboxModuleAssets.m */ = {isa = PBXFileReference; fileEncoding = 4; lastKnownFileType = sourcecode.c.objc; name = Com0x82DropboxModuleAssets.m; path = Classes/Com0x82DropboxModuleAssets.m; sourceTree = "<group>"; };
		3E04160C135095A900C66455 /* DBAccountInfo.h */ = {isa = PBXFileReference; fileEncoding = 4; lastKnownFileType = sourcecode.c.h; path = DBAccountInfo.h; sourceTree = "<group>"; };
		3E04160D135095A900C66455 /* DBAccountInfo.m */ = {isa = PBXFileReference; fileEncoding = 4; lastKnownFileType = sourcecode.c.objc; path = DBAccountInfo.m; sourceTree = "<group>"; };
		3E04160E135095A900C66455 /* DBCreateAccountController.h */ = {isa = PBXFileReference; fileEncoding = 4; lastKnownFileType = sourcecode.c.h; path = DBCreateAccountController.h; sourceTree = "<group>"; };
		3E04160F135095A900C66455 /* DBCreateAccountController.m */ = {isa = PBXFileReference; fileEncoding = 4; lastKnownFileType = sourcecode.c.objc; path = DBCreateAccountController.m; sourceTree = "<group>"; };
		3E041610135095A900C66455 /* DBError.h */ = {isa = PBXFileReference; fileEncoding = 4; lastKnownFileType = sourcecode.c.h; path = DBError.h; sourceTree = "<group>"; };
		3E041611135095A900C66455 /* DBError.m */ = {isa = PBXFileReference; fileEncoding = 4; lastKnownFileType = sourcecode.c.objc; path = DBError.m; sourceTree = "<group>"; };
		3E041612135095A900C66455 /* DBLoadingView.h */ = {isa = PBXFileReference; fileEncoding = 4; lastKnownFileType = sourcecode.c.h; path = DBLoadingView.h; sourceTree = "<group>"; };
		3E041613135095A900C66455 /* DBLoadingView.m */ = {isa = PBXFileReference; fileEncoding = 4; lastKnownFileType = sourcecode.c.objc; path = DBLoadingView.m; sourceTree = "<group>"; };
		3E041614135095A900C66455 /* DBLoginController.h */ = {isa = PBXFileReference; fileEncoding = 4; lastKnownFileType = sourcecode.c.h; path = DBLoginController.h; sourceTree = "<group>"; };
		3E041615135095A900C66455 /* DBLoginController.m */ = {isa = PBXFileReference; fileEncoding = 4; lastKnownFileType = sourcecode.c.objc; path = DBLoginController.m; sourceTree = "<group>"; };
		3E041616135095A900C66455 /* DBMetadata.h */ = {isa = PBXFileReference; fileEncoding = 4; lastKnownFileType = sourcecode.c.h; path = DBMetadata.h; sourceTree = "<group>"; };
		3E041617135095A900C66455 /* DBMetadata.m */ = {isa = PBXFileReference; fileEncoding = 4; lastKnownFileType = sourcecode.c.objc; path = DBMetadata.m; sourceTree = "<group>"; };
		3E041618135095A900C66455 /* DBQuota.h */ = {isa = PBXFileReference; fileEncoding = 4; lastKnownFileType = sourcecode.c.h; path = DBQuota.h; sourceTree = "<group>"; };
		3E041619135095A900C66455 /* DBQuota.m */ = {isa = PBXFileReference; fileEncoding = 4; lastKnownFileType = sourcecode.c.objc; path = DBQuota.m; sourceTree = "<group>"; };
		3E04161A135095A900C66455 /* DBRequest.h */ = {isa = PBXFileReference; fileEncoding = 4; lastKnownFileType = sourcecode.c.h; path = DBRequest.h; sourceTree = "<group>"; };
		3E04161B135095A900C66455 /* DBRequest.m */ = {isa = PBXFileReference; fileEncoding = 4; lastKnownFileType = sourcecode.c.objc; path = DBRequest.m; sourceTree = "<group>"; };
		3E04161C135095A900C66455 /* DBRestClient.h */ = {isa = PBXFileReference; fileEncoding = 4; lastKnownFileType = sourcecode.c.h; path = DBRestClient.h; sourceTree = "<group>"; };
		3E04161D135095A900C66455 /* DBRestClient.m */ = {isa = PBXFileReference; fileEncoding = 4; lastKnownFileType = sourcecode.c.objc; path = DBRestClient.m; sourceTree = "<group>"; };
		3E04161E135095A900C66455 /* DBSession.h */ = {isa = PBXFileReference; fileEncoding = 4; lastKnownFileType = sourcecode.c.h; path = DBSession.h; sourceTree = "<group>"; };
		3E04161F135095A900C66455 /* DBSession.m */ = {isa = PBXFileReference; fileEncoding = 4; lastKnownFileType = sourcecode.c.objc; path = DBSession.m; sourceTree = "<group>"; };
		3E041620135095A900C66455 /* DropboxSDK.h */ = {isa = PBXFileReference; fileEncoding = 4; lastKnownFileType = sourcecode.c.h; path = DropboxSDK.h; sourceTree = "<group>"; };
		3E041622135095A900C66455 /* JSON.h */ = {isa = PBXFileReference; fileEncoding = 4; lastKnownFileType = sourcecode.c.h; path = JSON.h; sourceTree = "<group>"; };
		3E041623135095A900C66455 /* NSObject+SBJSON.h */ = {isa = PBXFileReference; fileEncoding = 4; lastKnownFileType = sourcecode.c.h; path = "NSObject+SBJSON.h"; sourceTree = "<group>"; };
		3E041624135095A900C66455 /* NSObject+SBJSON.m */ = {isa = PBXFileReference; fileEncoding = 4; lastKnownFileType = sourcecode.c.objc; path = "NSObject+SBJSON.m"; sourceTree = "<group>"; };
		3E041625135095A900C66455 /* NSString+SBJSON.h */ = {isa = PBXFileReference; fileEncoding = 4; lastKnownFileType = sourcecode.c.h; path = "NSString+SBJSON.h"; sourceTree = "<group>"; };
		3E041626135095A900C66455 /* NSString+SBJSON.m */ = {isa = PBXFileReference; fileEncoding = 4; lastKnownFileType = sourcecode.c.objc; path = "NSString+SBJSON.m"; sourceTree = "<group>"; };
		3E041627135095A900C66455 /* SBJSON.h */ = {isa = PBXFileReference; fileEncoding = 4; lastKnownFileType = sourcecode.c.h; path = SBJSON.h; sourceTree = "<group>"; };
		3E041628135095A900C66455 /* SBJSON.m */ = {isa = PBXFileReference; fileEncoding = 4; lastKnownFileType = sourcecode.c.objc; path = SBJSON.m; sourceTree = "<group>"; };
		3E041629135095A900C66455 /* SBJsonBase.h */ = {isa = PBXFileReference; fileEncoding = 4; lastKnownFileType = sourcecode.c.h; path = SBJsonBase.h; sourceTree = "<group>"; };
		3E04162A135095A900C66455 /* SBJsonBase.m */ = {isa = PBXFileReference; fileEncoding = 4; lastKnownFileType = sourcecode.c.objc; path = SBJsonBase.m; sourceTree = "<group>"; };
		3E04162B135095A900C66455 /* SBJsonParser.h */ = {isa = PBXFileReference; fileEncoding = 4; lastKnownFileType = sourcecode.c.h; path = SBJsonParser.h; sourceTree = "<group>"; };
		3E04162C135095A900C66455 /* SBJsonParser.m */ = {isa = PBXFileReference; fileEncoding = 4; lastKnownFileType = sourcecode.c.objc; path = SBJsonParser.m; sourceTree = "<group>"; };
		3E04162D135095A900C66455 /* SBJsonWriter.h */ = {isa = PBXFileReference; fileEncoding = 4; lastKnownFileType = sourcecode.c.h; path = SBJsonWriter.h; sourceTree = "<group>"; };
		3E04162E135095A900C66455 /* SBJsonWriter.m */ = {isa = PBXFileReference; fileEncoding = 4; lastKnownFileType = sourcecode.c.objc; path = SBJsonWriter.m; sourceTree = "<group>"; };
		3E041631135095A900C66455 /* Base64Transcoder.c */ = {isa = PBXFileReference; fileEncoding = 4; lastKnownFileType = sourcecode.c.c; path = Base64Transcoder.c; sourceTree = "<group>"; };
		3E041632135095A900C66455 /* Base64Transcoder.h */ = {isa = PBXFileReference; fileEncoding = 4; lastKnownFileType = sourcecode.c.h; path = Base64Transcoder.h; sourceTree = "<group>"; };
		3E041633135095A900C66455 /* MPDebug.h */ = {isa = PBXFileReference; fileEncoding = 4; lastKnownFileType = sourcecode.c.h; path = MPDebug.h; sourceTree = "<group>"; };
		3E041634135095A900C66455 /* MPOAuth.h */ = {isa = PBXFileReference; fileEncoding = 4; lastKnownFileType = sourcecode.c.h; path = MPOAuth.h; sourceTree = "<group>"; };
		3E041635135095A900C66455 /* MPOAuthAPI.h */ = {isa = PBXFileReference; fileEncoding = 4; lastKnownFileType = sourcecode.c.h; path = MPOAuthAPI.h; sourceTree = "<group>"; };
		3E041636135095A900C66455 /* MPOAuthAPI.m */ = {isa = PBXFileReference; fileEncoding = 4; lastKnownFileType = sourcecode.c.objc; path = MPOAuthAPI.m; sourceTree = "<group>"; };
		3E041637135095A900C66455 /* MPOAuthAPIRequestLoader.h */ = {isa = PBXFileReference; fileEncoding = 4; lastKnownFileType = sourcecode.c.h; path = MPOAuthAPIRequestLoader.h; sourceTree = "<group>"; };
		3E041638135095A900C66455 /* MPOAuthAPIRequestLoader.m */ = {isa = PBXFileReference; fileEncoding = 4; lastKnownFileType = sourcecode.c.objc; path = MPOAuthAPIRequestLoader.m; sourceTree = "<group>"; };
		3E041639135095A900C66455 /* MPOAuthAuthenticationMethod.h */ = {isa = PBXFileReference; fileEncoding = 4; lastKnownFileType = sourcecode.c.h; path = MPOAuthAuthenticationMethod.h; sourceTree = "<group>"; };
		3E04163A135095A900C66455 /* MPOAuthAuthenticationMethod.m */ = {isa = PBXFileReference; fileEncoding = 4; lastKnownFileType = sourcecode.c.objc; path = MPOAuthAuthenticationMethod.m; sourceTree = "<group>"; };
		3E04163B135095A900C66455 /* MPOAuthAuthenticationMethodOAuth.h */ = {isa = PBXFileReference; fileEncoding = 4; lastKnownFileType = sourcecode.c.h; path = MPOAuthAuthenticationMethodOAuth.h; sourceTree = "<group>"; };
		3E04163C135095A900C66455 /* MPOAuthAuthenticationMethodOAuth.m */ = {isa = PBXFileReference; fileEncoding = 4; lastKnownFileType = sourcecode.c.objc; path = MPOAuthAuthenticationMethodOAuth.m; sourceTree = "<group>"; };
		3E04163D135095A900C66455 /* MPOAuthConnection.h */ = {isa = PBXFileReference; fileEncoding = 4; lastKnownFileType = sourcecode.c.h; path = MPOAuthConnection.h; sourceTree = "<group>"; };
		3E04163E135095A900C66455 /* MPOAuthConnection.m */ = {isa = PBXFileReference; fileEncoding = 4; lastKnownFileType = sourcecode.c.objc; path = MPOAuthConnection.m; sourceTree = "<group>"; };
		3E041642135095A900C66455 /* MPOAuthCredentialConcreteStore.h */ = {isa = PBXFileReference; fileEncoding = 4; lastKnownFileType = sourcecode.c.h; path = MPOAuthCredentialConcreteStore.h; sourceTree = "<group>"; };
		3E041643135095A900C66455 /* MPOAuthCredentialConcreteStore.m */ = {isa = PBXFileReference; fileEncoding = 4; lastKnownFileType = sourcecode.c.objc; path = MPOAuthCredentialConcreteStore.m; sourceTree = "<group>"; };
		3E041644135095A900C66455 /* MPOAuthCredentialStore.h */ = {isa = PBXFileReference; fileEncoding = 4; lastKnownFileType = sourcecode.c.h; path = MPOAuthCredentialStore.h; sourceTree = "<group>"; };
		3E041645135095A900C66455 /* MPOAuthParameterFactory.h */ = {isa = PBXFileReference; fileEncoding = 4; lastKnownFileType = sourcecode.c.h; path = MPOAuthParameterFactory.h; sourceTree = "<group>"; };
		3E041646135095A900C66455 /* MPOAuthSignatureParameter.h */ = {isa = PBXFileReference; fileEncoding = 4; lastKnownFileType = sourcecode.c.h; path = MPOAuthSignatureParameter.h; sourceTree = "<group>"; };
		3E041647135095A900C66455 /* MPOAuthSignatureParameter.m */ = {isa = PBXFileReference; fileEncoding = 4; lastKnownFileType = sourcecode.c.objc; path = MPOAuthSignatureParameter.m; sourceTree = "<group>"; };
		3E041648135095A900C66455 /* MPOAuthURLRequest.h */ = {isa = PBXFileReference; fileEncoding = 4; lastKnownFileType = sourcecode.c.h; path = MPOAuthURLRequest.h; sourceTree = "<group>"; };
		3E041649135095A900C66455 /* MPOAuthURLRequest.m */ = {isa = PBXFileReference; fileEncoding = 4; lastKnownFileType = sourcecode.c.objc; path = MPOAuthURLRequest.m; sourceTree = "<group>"; };
		3E04164A135095A900C66455 /* MPOAuthURLResponse.h */ = {isa = PBXFileReference; fileEncoding = 4; lastKnownFileType = sourcecode.c.h; path = MPOAuthURLResponse.h; sourceTree = "<group>"; };
		3E04164B135095A900C66455 /* MPOAuthURLResponse.m */ = {isa = PBXFileReference; fileEncoding = 4; lastKnownFileType = sourcecode.c.objc; path = MPOAuthURLResponse.m; sourceTree = "<group>"; };
		3E04164C135095A900C66455 /* MPURLRequestParameter.h */ = {isa = PBXFileReference; fileEncoding = 4; lastKnownFileType = sourcecode.c.h; path = MPURLRequestParameter.h; sourceTree = "<group>"; };
		3E04164D135095A900C66455 /* MPURLRequestParameter.m */ = {isa = PBXFileReference; fileEncoding = 4; lastKnownFileType = sourcecode.c.objc; path = MPURLRequestParameter.m; sourceTree = "<group>"; };
		3E04164E135095A900C66455 /* NSString+URLEscapingAdditions.h */ = {isa = PBXFileReference; fileEncoding = 4; lastKnownFileType = sourcecode.c.h; path = "NSString+URLEscapingAdditions.h"; sourceTree = "<group>"; };
		3E04164F135095A900C66455 /* NSString+URLEscapingAdditions.m */ = {isa = PBXFileReference; fileEncoding = 4; lastKnownFileType = sourcecode.c.objc; path = "NSString+URLEscapingAdditions.m"; sourceTree = "<group>"; };
		3E041650135095A900C66455 /* NSURL+MPURLParameterAdditions.h */ = {isa = PBXFileReference; fileEncoding = 4; lastKnownFileType = sourcecode.c.h; path = "NSURL+MPURLParameterAdditions.h"; sourceTree = "<group>"; };
		3E041651135095A900C66455 /* NSURL+MPURLParameterAdditions.m */ = {isa = PBXFileReference; fileEncoding = 4; lastKnownFileType = sourcecode.c.objc; path = "NSURL+MPURLParameterAdditions.m"; sourceTree = "<group>"; };
		3E041652135095A900C66455 /* NSURLResponse+Encoding.h */ = {isa = PBXFileReference; fileEncoding = 4; lastKnownFileType = sourcecode.c.h; path = "NSURLResponse+Encoding.h"; sourceTree = "<group>"; };
		3E041653135095A900C66455 /* NSURLResponse+Encoding.m */ = {isa = PBXFileReference; fileEncoding = 4; lastKnownFileType = sourcecode.c.objc; path = "NSURLResponse+Encoding.m"; sourceTree = "<group>"; };
		3E041654135095A900C66455 /* NSString+Dropbox.h */ = {isa = PBXFileReference; fileEncoding = 4; lastKnownFileType = sourcecode.c.h; path = "NSString+Dropbox.h"; sourceTree = "<group>"; };
		3E041655135095A900C66455 /* NSString+Dropbox.m */ = {isa = PBXFileReference; fileEncoding = 4; lastKnownFileType = sourcecode.c.objc; path = "NSString+Dropbox.m"; sourceTree = "<group>"; };
		3E04169D1350960200C66455 /* UIKit.framework */ = {isa = PBXFileReference; lastKnownFileType = wrapper.framework; name = UIKit.framework; path = System/Library/Frameworks/UIKit.framework; sourceTree = SDKROOT; };
		3E04169F1350960600C66455 /* Security.framework */ = {isa = PBXFileReference; lastKnownFileType = wrapper.framework; name = Security.framework; path = System/Library/Frameworks/Security.framework; sourceTree = SDKROOT; };
		3E0416A11350960C00C66455 /* CoreGraphics.framework */ = {isa = PBXFileReference; lastKnownFileType = wrapper.framework; name = CoreGraphics.framework; path = System/Library/Frameworks/CoreGraphics.framework; sourceTree = SDKROOT; };
		3EE509DF13534075001C442C /* Com0x82DropboxSessionProxy.h */ = {isa = PBXFileReference; fileEncoding = 4; lastKnownFileType = sourcecode.c.h; name = Com0x82DropboxSessionProxy.h; path = Classes/Com0x82DropboxSessionProxy.h; sourceTree = "<group>"; };
		3EE509E013534075001C442C /* Com0x82DropboxSessionProxy.m */ = {isa = PBXFileReference; fileEncoding = 4; lastKnownFileType = sourcecode.c.objc; name = Com0x82DropboxSessionProxy.m; path = Classes/Com0x82DropboxSessionProxy.m; sourceTree = "<group>"; };
		3EE509E31353407A001C442C /* Com0x82DropboxClientProxy.h */ = {isa = PBXFileReference; fileEncoding = 4; lastKnownFileType = sourcecode.c.h; name = Com0x82DropboxClientProxy.h; path = Classes/Com0x82DropboxClientProxy.h; sourceTree = "<group>"; };
		3EE509E41353407A001C442C /* Com0x82DropboxClientProxy.m */ = {isa = PBXFileReference; fileEncoding = 4; lastKnownFileType = sourcecode.c.objc; name = Com0x82DropboxClientProxy.m; path = Classes/Com0x82DropboxClientProxy.m; sourceTree = "<group>"; };
		AA747D9E0F9514B9006C5449 /* Com0x82Dropbox_Prefix.pch */ = {isa = PBXFileReference; fileEncoding = 4; lastKnownFileType = sourcecode.c.h; path = Com0x82Dropbox_Prefix.pch; sourceTree = SOURCE_ROOT; };
		AACBBE490F95108600F1A2B1 /* Foundation.framework */ = {isa = PBXFileReference; lastKnownFileType = wrapper.framework; name = Foundation.framework; path = System/Library/Frameworks/Foundation.framework; sourceTree = SDKROOT; };
		D2AAC07E0554694100DB518D /* libCom0x82Dropbox.a */ = {isa = PBXFileReference; explicitFileType = archive.ar; includeInIndex = 0; path = libCom0x82Dropbox.a; sourceTree = BUILT_PRODUCTS_DIR; };
/* End PBXFileReference section */

/* Begin PBXFrameworksBuildPhase section */
		D2AAC07C0554694100DB518D /* Frameworks */ = {
			isa = PBXFrameworksBuildPhase;
			buildActionMask = 2147483647;
			files = (
				3E0416A21350960C00C66455 /* CoreGraphics.framework in Frameworks */,
				3E0416A01350960600C66455 /* Security.framework in Frameworks */,
				3E04169E1350960200C66455 /* UIKit.framework in Frameworks */,
				AACBBE4A0F95108600F1A2B1 /* Foundation.framework in Frameworks */,
			);
			runOnlyForDeploymentPostprocessing = 0;
		};
/* End PBXFrameworksBuildPhase section */

/* Begin PBXGroup section */
		034768DFFF38A50411DB9C8B /* Products */ = {
			isa = PBXGroup;
			children = (
				D2AAC07E0554694100DB518D /* libCom0x82Dropbox.a */,
			);
			name = Products;
			sourceTree = "<group>";
		};
		0867D691FE84028FC02AAC07 /* dropbox */ = {
			isa = PBXGroup;
			children = (
				08FB77AEFE84172EC02AAC07 /* Classes */,
				32C88DFF0371C24200C91783 /* Other Sources */,
				0867D69AFE84028FC02AAC07 /* Frameworks */,
				034768DFFF38A50411DB9C8B /* Products */,
			);
			name = dropbox;
			sourceTree = "<group>";
		};
		0867D69AFE84028FC02AAC07 /* Frameworks */ = {
			isa = PBXGroup;
			children = (
				3E0416A11350960C00C66455 /* CoreGraphics.framework */,
				3E04169F1350960600C66455 /* Security.framework */,
				3E04169D1350960200C66455 /* UIKit.framework */,
				AACBBE490F95108600F1A2B1 /* Foundation.framework */,
			);
			name = Frameworks;
			sourceTree = "<group>";
		};
		08FB77AEFE84172EC02AAC07 /* Classes */ = {
			isa = PBXGroup;
			children = (
				24DE9E0F11C5FE74003F90F6 /* Com0x82DropboxModuleAssets.h */,
				24DE9E1011C5FE74003F90F6 /* Com0x82DropboxModuleAssets.m */,
				24DD6CF71134B3F500162E58 /* Com0x82DropboxModule.h */,
				24DD6CF81134B3F500162E58 /* Com0x82DropboxModule.m */,
				3EE509DF13534075001C442C /* Com0x82DropboxSessionProxy.h */,
				3EE509E013534075001C442C /* Com0x82DropboxSessionProxy.m */,
				3EE509E31353407A001C442C /* Com0x82DropboxClientProxy.h */,
				3EE509E41353407A001C442C /* Com0x82DropboxClientProxy.m */,
			);
			name = Classes;
			sourceTree = "<group>";
		};
		32C88DFF0371C24200C91783 /* Other Sources */ = {
			isa = PBXGroup;
			children = (
				3E04160B135095A900C66455 /* DropboxSDK */,
				AA747D9E0F9514B9006C5449 /* Com0x82Dropbox_Prefix.pch */,
				24DD6D1B1134B66800162E58 /* titanium.xcconfig */,
			);
			name = "Other Sources";
			sourceTree = "<group>";
		};
		3E04160B135095A900C66455 /* DropboxSDK */ = {
			isa = PBXGroup;
			children = (
				3E04160C135095A900C66455 /* DBAccountInfo.h */,
				3E04160D135095A900C66455 /* DBAccountInfo.m */,
				3E04160E135095A900C66455 /* DBCreateAccountController.h */,
				3E04160F135095A900C66455 /* DBCreateAccountController.m */,
				3E041610135095A900C66455 /* DBError.h */,
				3E041611135095A900C66455 /* DBError.m */,
				3E041612135095A900C66455 /* DBLoadingView.h */,
				3E041613135095A900C66455 /* DBLoadingView.m */,
				3E041614135095A900C66455 /* DBLoginController.h */,
				3E041615135095A900C66455 /* DBLoginController.m */,
				3E041616135095A900C66455 /* DBMetadata.h */,
				3E041617135095A900C66455 /* DBMetadata.m */,
				3E041618135095A900C66455 /* DBQuota.h */,
				3E041619135095A900C66455 /* DBQuota.m */,
				3E04161A135095A900C66455 /* DBRequest.h */,
				3E04161B135095A900C66455 /* DBRequest.m */,
				3E04161C135095A900C66455 /* DBRestClient.h */,
				3E04161D135095A900C66455 /* DBRestClient.m */,
				3E04161E135095A900C66455 /* DBSession.h */,
				3E04161F135095A900C66455 /* DBSession.m */,
				3E041620135095A900C66455 /* DropboxSDK.h */,
				3E041621135095A900C66455 /* JSON */,
				3E04162F135095A900C66455 /* MPOAuth */,
				3E041654135095A900C66455 /* NSString+Dropbox.h */,
				3E041655135095A900C66455 /* NSString+Dropbox.m */,
			);
			path = DropboxSDK;
			sourceTree = "<group>";
		};
		3E041621135095A900C66455 /* JSON */ = {
			isa = PBXGroup;
			children = (
				3E041622135095A900C66455 /* JSON.h */,
				3E041623135095A900C66455 /* NSObject+SBJSON.h */,
				3E041624135095A900C66455 /* NSObject+SBJSON.m */,
				3E041625135095A900C66455 /* NSString+SBJSON.h */,
				3E041626135095A900C66455 /* NSString+SBJSON.m */,
				3E041627135095A900C66455 /* SBJSON.h */,
				3E041628135095A900C66455 /* SBJSON.m */,
				3E041629135095A900C66455 /* SBJsonBase.h */,
				3E04162A135095A900C66455 /* SBJsonBase.m */,
				3E04162B135095A900C66455 /* SBJsonParser.h */,
				3E04162C135095A900C66455 /* SBJsonParser.m */,
				3E04162D135095A900C66455 /* SBJsonWriter.h */,
				3E04162E135095A900C66455 /* SBJsonWriter.m */,
			);
			path = JSON;
			sourceTree = "<group>";
		};
		3E04162F135095A900C66455 /* MPOAuth */ = {
			isa = PBXGroup;
			children = (
				3E041630135095A900C66455 /* Crypto */,
				3E041633135095A900C66455 /* MPDebug.h */,
				3E041634135095A900C66455 /* MPOAuth.h */,
				3E041635135095A900C66455 /* MPOAuthAPI.h */,
				3E041636135095A900C66455 /* MPOAuthAPI.m */,
				3E041637135095A900C66455 /* MPOAuthAPIRequestLoader.h */,
				3E041638135095A900C66455 /* MPOAuthAPIRequestLoader.m */,
				3E041639135095A900C66455 /* MPOAuthAuthenticationMethod.h */,
				3E04163A135095A900C66455 /* MPOAuthAuthenticationMethod.m */,
				3E04163B135095A900C66455 /* MPOAuthAuthenticationMethodOAuth.h */,
				3E04163C135095A900C66455 /* MPOAuthAuthenticationMethodOAuth.m */,
				3E04163D135095A900C66455 /* MPOAuthConnection.h */,
				3E04163E135095A900C66455 /* MPOAuthConnection.m */,
				3E041642135095A900C66455 /* MPOAuthCredentialConcreteStore.h */,
				3E041643135095A900C66455 /* MPOAuthCredentialConcreteStore.m */,
				3E041644135095A900C66455 /* MPOAuthCredentialStore.h */,
				3E041645135095A900C66455 /* MPOAuthParameterFactory.h */,
				3E041646135095A900C66455 /* MPOAuthSignatureParameter.h */,
				3E041647135095A900C66455 /* MPOAuthSignatureParameter.m */,
				3E041648135095A900C66455 /* MPOAuthURLRequest.h */,
				3E041649135095A900C66455 /* MPOAuthURLRequest.m */,
				3E04164A135095A900C66455 /* MPOAuthURLResponse.h */,
				3E04164B135095A900C66455 /* MPOAuthURLResponse.m */,
				3E04164C135095A900C66455 /* MPURLRequestParameter.h */,
				3E04164D135095A900C66455 /* MPURLRequestParameter.m */,
				3E04164E135095A900C66455 /* NSString+URLEscapingAdditions.h */,
				3E04164F135095A900C66455 /* NSString+URLEscapingAdditions.m */,
				3E041650135095A900C66455 /* NSURL+MPURLParameterAdditions.h */,
				3E041651135095A900C66455 /* NSURL+MPURLParameterAdditions.m */,
				3E041652135095A900C66455 /* NSURLResponse+Encoding.h */,
				3E041653135095A900C66455 /* NSURLResponse+Encoding.m */,
			);
			path = MPOAuth;
			sourceTree = "<group>";
		};
		3E041630135095A900C66455 /* Crypto */ = {
			isa = PBXGroup;
			children = (
				3E041631135095A900C66455 /* Base64Transcoder.c */,
				3E041632135095A900C66455 /* Base64Transcoder.h */,
			);
			path = Crypto;
			sourceTree = "<group>";
		};
/* End PBXGroup section */

/* Begin PBXHeadersBuildPhase section */
		D2AAC07A0554694100DB518D /* Headers */ = {
			isa = PBXHeadersBuildPhase;
			buildActionMask = 2147483647;
			files = (
				AA747D9F0F9514B9006C5449 /* Com0x82Dropbox_Prefix.pch in Headers */,
				24DD6CF91134B3F500162E58 /* Com0x82DropboxModule.h in Headers */,
				24DE9E1111C5FE74003F90F6 /* Com0x82DropboxModuleAssets.h in Headers */,
				3E041656135095A900C66455 /* DBAccountInfo.h in Headers */,
				3E041658135095A900C66455 /* DBCreateAccountController.h in Headers */,
				3E04165A135095A900C66455 /* DBError.h in Headers */,
				3E04165C135095A900C66455 /* DBLoadingView.h in Headers */,
				3E04165E135095A900C66455 /* DBLoginController.h in Headers */,
				3E041660135095A900C66455 /* DBMetadata.h in Headers */,
				3E041662135095A900C66455 /* DBQuota.h in Headers */,
				3E041664135095A900C66455 /* DBRequest.h in Headers */,
				3E041666135095A900C66455 /* DBRestClient.h in Headers */,
				3E041668135095A900C66455 /* DBSession.h in Headers */,
				3E04166A135095A900C66455 /* DropboxSDK.h in Headers */,
				3E04166B135095A900C66455 /* JSON.h in Headers */,
				3E04166C135095A900C66455 /* NSObject+SBJSON.h in Headers */,
				3E04166E135095A900C66455 /* NSString+SBJSON.h in Headers */,
				3E041670135095A900C66455 /* SBJSON.h in Headers */,
				3E041672135095A900C66455 /* SBJsonBase.h in Headers */,
				3E041674135095A900C66455 /* SBJsonParser.h in Headers */,
				3E041676135095A900C66455 /* SBJsonWriter.h in Headers */,
				3E041679135095A900C66455 /* Base64Transcoder.h in Headers */,
				3E04167A135095A900C66455 /* MPDebug.h in Headers */,
				3E04167B135095A900C66455 /* MPOAuth.h in Headers */,
				3E04167C135095A900C66455 /* MPOAuthAPI.h in Headers */,
				3E04167E135095A900C66455 /* MPOAuthAPIRequestLoader.h in Headers */,
				3E041680135095A900C66455 /* MPOAuthAuthenticationMethod.h in Headers */,
				3E041682135095A900C66455 /* MPOAuthAuthenticationMethodOAuth.h in Headers */,
				3E041684135095A900C66455 /* MPOAuthConnection.h in Headers */,
				3E041689135095A900C66455 /* MPOAuthCredentialConcreteStore.h in Headers */,
				3E04168B135095A900C66455 /* MPOAuthCredentialStore.h in Headers */,
				3E04168C135095A900C66455 /* MPOAuthParameterFactory.h in Headers */,
				3E04168D135095A900C66455 /* MPOAuthSignatureParameter.h in Headers */,
				3E04168F135095A900C66455 /* MPOAuthURLRequest.h in Headers */,
				3E041691135095A900C66455 /* MPOAuthURLResponse.h in Headers */,
				3E041693135095A900C66455 /* MPURLRequestParameter.h in Headers */,
				3E041695135095A900C66455 /* NSString+URLEscapingAdditions.h in Headers */,
				3E041697135095A900C66455 /* NSURL+MPURLParameterAdditions.h in Headers */,
				3E041699135095A900C66455 /* NSURLResponse+Encoding.h in Headers */,
				3E04169B135095A900C66455 /* NSString+Dropbox.h in Headers */,
				3EE509E113534075001C442C /* Com0x82DropboxSessionProxy.h in Headers */,
				3EE509E51353407A001C442C /* Com0x82DropboxClientProxy.h in Headers */,
			);
			runOnlyForDeploymentPostprocessing = 0;
		};
/* End PBXHeadersBuildPhase section */

/* Begin PBXNativeTarget section */
		D2AAC07D0554694100DB518D /* dropbox */ = {
			isa = PBXNativeTarget;
			buildConfigurationList = 1DEB921E08733DC00010E9CD /* Build configuration list for PBXNativeTarget "dropbox" */;
			buildPhases = (
				D2AAC07A0554694100DB518D /* Headers */,
				D2AAC07B0554694100DB518D /* Sources */,
				D2AAC07C0554694100DB518D /* Frameworks */,
			);
			buildRules = (
			);
			dependencies = (
			);
			name = dropbox;
			productName = dropbox;
			productReference = D2AAC07E0554694100DB518D /* libCom0x82Dropbox.a */;
			productType = "com.apple.product-type.library.static";
		};
/* End PBXNativeTarget section */

/* Begin PBXProject section */
		0867D690FE84028FC02AAC07 /* Project object */ = {
			isa = PBXProject;
			buildConfigurationList = 1DEB922208733DC00010E9CD /* Build configuration list for PBXProject "dropbox" */;
			compatibilityVersion = "Xcode 3.1";
			developmentRegion = English;
			hasScannedForEncodings = 1;
			knownRegions = (
				English,
				Japanese,
				French,
				German,
			);
			mainGroup = 0867D691FE84028FC02AAC07 /* dropbox */;
			productRefGroup = 034768DFFF38A50411DB9C8B /* Products */;
			projectDirPath = "";
			projectRoot = "";
			targets = (
				D2AAC07D0554694100DB518D /* dropbox */,
				24416B8111C4CA220047AFDD /* Build & Test */,
			);
		};
/* End PBXProject section */

/* Begin PBXShellScriptBuildPhase section */
		24416B8011C4CA220047AFDD /* ShellScript */ = {
			isa = PBXShellScriptBuildPhase;
			buildActionMask = 2147483647;
			files = (
			);
			inputPaths = (
			);
			outputPaths = (
			);
			runOnlyForDeploymentPostprocessing = 0;
			shellPath = /bin/sh;
			shellScript = "# shell script goes here\n\npython \"${TITANIUM_SDK}/titanium.py\" run --dir=\"${PROJECT_DIR}\"\nexit $?\n";
		};
/* End PBXShellScriptBuildPhase section */

/* Begin PBXSourcesBuildPhase section */
		D2AAC07B0554694100DB518D /* Sources */ = {
			isa = PBXSourcesBuildPhase;
			buildActionMask = 2147483647;
			files = (
				24DD6CFA1134B3F500162E58 /* Com0x82DropboxModule.m in Sources */,
				24DE9E1211C5FE74003F90F6 /* Com0x82DropboxModuleAssets.m in Sources */,
				3E041657135095A900C66455 /* DBAccountInfo.m in Sources */,
				3E041659135095A900C66455 /* DBCreateAccountController.m in Sources */,
				3E04165B135095A900C66455 /* DBError.m in Sources */,
				3E04165D135095A900C66455 /* DBLoadingView.m in Sources */,
				3E04165F135095A900C66455 /* DBLoginController.m in Sources */,
				3E041661135095A900C66455 /* DBMetadata.m in Sources */,
				3E041663135095A900C66455 /* DBQuota.m in Sources */,
				3E041665135095A900C66455 /* DBRequest.m in Sources */,
				3E041667135095A900C66455 /* DBRestClient.m in Sources */,
				3E041669135095A900C66455 /* DBSession.m in Sources */,
				3E04166D135095A900C66455 /* NSObject+SBJSON.m in Sources */,
				3E04166F135095A900C66455 /* NSString+SBJSON.m in Sources */,
				3E041671135095A900C66455 /* SBJSON.m in Sources */,
				3E041673135095A900C66455 /* SBJsonBase.m in Sources */,
				3E041675135095A900C66455 /* SBJsonParser.m in Sources */,
				3E041677135095A900C66455 /* SBJsonWriter.m in Sources */,
				3E041678135095A900C66455 /* Base64Transcoder.c in Sources */,
				3E04167D135095A900C66455 /* MPOAuthAPI.m in Sources */,
				3E04167F135095A900C66455 /* MPOAuthAPIRequestLoader.m in Sources */,
				3E041681135095A900C66455 /* MPOAuthAuthenticationMethod.m in Sources */,
				3E041683135095A900C66455 /* MPOAuthAuthenticationMethodOAuth.m in Sources */,
				3E041685135095A900C66455 /* MPOAuthConnection.m in Sources */,
				3E04168A135095A900C66455 /* MPOAuthCredentialConcreteStore.m in Sources */,
				3E04168E135095A900C66455 /* MPOAuthSignatureParameter.m in Sources */,
				3E041690135095A900C66455 /* MPOAuthURLRequest.m in Sources */,
				3E041692135095A900C66455 /* MPOAuthURLResponse.m in Sources */,
				3E041694135095A900C66455 /* MPURLRequestParameter.m in Sources */,
				3E041696135095A900C66455 /* NSString+URLEscapingAdditions.m in Sources */,
				3E041698135095A900C66455 /* NSURL+MPURLParameterAdditions.m in Sources */,
				3E04169A135095A900C66455 /* NSURLResponse+Encoding.m in Sources */,
				3E04169C135095A900C66455 /* NSString+Dropbox.m in Sources */,
				3EE509E213534075001C442C /* Com0x82DropboxSessionProxy.m in Sources */,
				3EE509E61353407A001C442C /* Com0x82DropboxClientProxy.m in Sources */,
			);
			runOnlyForDeploymentPostprocessing = 0;
		};
/* End PBXSourcesBuildPhase section */

/* Begin PBXTargetDependency section */
		24416B8511C4CA280047AFDD /* PBXTargetDependency */ = {
			isa = PBXTargetDependency;
			target = D2AAC07D0554694100DB518D /* dropbox */;
			targetProxy = 24416B8411C4CA280047AFDD /* PBXContainerItemProxy */;
		};
/* End PBXTargetDependency section */

/* Begin XCBuildConfiguration section */
		1DEB921F08733DC00010E9CD /* Debug */ = {
			isa = XCBuildConfiguration;
			baseConfigurationReference = 24DD6D1B1134B66800162E58 /* titanium.xcconfig */;
			buildSettings = {
				ALWAYS_SEARCH_USER_PATHS = NO;
				ARCHS = "$(ARCHS_STANDARD_32_BIT)";
				COPY_PHASE_STRIP = NO;
				DSTROOT = /tmp/Com0x82Dropbox.dst;
				GCC_DYNAMIC_NO_PIC = NO;
				GCC_ENABLE_FIX_AND_CONTINUE = YES;
				GCC_MODEL_TUNING = G5;
				GCC_OPTIMIZATION_LEVEL = 0;
				GCC_PRECOMPILE_PREFIX_HEADER = YES;
				GCC_PREFIX_HEADER = Com0x82Dropbox_Prefix.pch;
				INSTALL_PATH = /usr/local/lib;
				PRODUCT_NAME = Com0x82Dropbox;
				TITANIUM_SDK = "~/Library/Application Support/Titanium/mobilesdk/osx/$(TITANIUM_SDK_VERSION)";
			};
			name = Debug;
		};
		1DEB922008733DC00010E9CD /* Release */ = {
			isa = XCBuildConfiguration;
			baseConfigurationReference = 24DD6D1B1134B66800162E58 /* titanium.xcconfig */;
			buildSettings = {
				ALWAYS_SEARCH_USER_PATHS = NO;
				ARCHS = "$(ARCHS_STANDARD_32_BIT)";
				DSTROOT = /tmp/Com0x82Dropbox.dst;
				GCC_MODEL_TUNING = G5;
				GCC_PRECOMPILE_PREFIX_HEADER = YES;
				GCC_PREFIX_HEADER = Com0x82Dropbox_Prefix.pch;
				INSTALL_PATH = /usr/local/lib;
				PRODUCT_NAME = Com0x82Dropbox;
				TITANIUM_SDK = "~/Library/Application Support/Titanium/mobilesdk/osx/$(TITANIUM_SDK_VERSION)";
			};
			name = Release;
		};
		1DEB922308733DC00010E9CD /* Debug */ = {
			isa = XCBuildConfiguration;
			baseConfigurationReference = 24DD6D1B1134B66800162E58 /* titanium.xcconfig */;
			buildSettings = {
				ARCHS = "$(ARCHS_STANDARD_32_BIT)";
				GCC_C_LANGUAGE_STANDARD = c99;
				GCC_OPTIMIZATION_LEVEL = 0;
				GCC_WARN_ABOUT_RETURN_TYPE = YES;
				GCC_WARN_UNUSED_VARIABLE = YES;
				OTHER_LDFLAGS = (
					"-framework",
					Security,
				);
				PREBINDING = NO;
				SDKROOT = iphoneos;
				TARGETED_DEVICE_FAMILY = "1,2";
				TITANIUM_SDK = "~/Library/Application Support/Titanium/mobilesdk/osx/$(TITANIUM_SDK_VERSION)";
			};
			name = Debug;
		};
		1DEB922408733DC00010E9CD /* Release */ = {
			isa = XCBuildConfiguration;
			baseConfigurationReference = 24DD6D1B1134B66800162E58 /* titanium.xcconfig */;
			buildSettings = {
				ARCHS = "$(ARCHS_STANDARD_32_BIT)";
				GCC_C_LANGUAGE_STANDARD = c99;
				GCC_WARN_ABOUT_RETURN_TYPE = YES;
				GCC_WARN_UNUSED_VARIABLE = YES;
				OTHER_LDFLAGS = (
					"-framework",
					Security,
				);
				PREBINDING = NO;
				SDKROOT = iphoneos;
				TARGETED_DEVICE_FAMILY = "1,2";
				TITANIUM_SDK = "~/Library/Application Support/Titanium/mobilesdk/osx/$(TITANIUM_SDK_VERSION)";
			};
			name = Release;
		};
		24416B8211C4CA220047AFDD /* Debug */ = {
			isa = XCBuildConfiguration;
			baseConfigurationReference = 24DD6D1B1134B66800162E58 /* titanium.xcconfig */;
			buildSettings = {
				COPY_PHASE_STRIP = NO;
				GCC_DYNAMIC_NO_PIC = NO;
				GCC_OPTIMIZATION_LEVEL = 0;
				PRODUCT_NAME = "Build & test";
				SDKROOT = iphoneos4.3;
				TITANIUM_SDK = "$(HOME)/Library/Application Support/Titanium/mobilesdk/osx/$(TITANIUM_SDK_VERSION)";
			};
			name = Debug;
		};
		24416B8311C4CA220047AFDD /* Release */ = {
			isa = XCBuildConfiguration;
			baseConfigurationReference = 24DD6D1B1134B66800162E58 /* titanium.xcconfig */;
			buildSettings = {
				COPY_PHASE_STRIP = YES;
				DEBUG_INFORMATION_FORMAT = "dwarf-with-dsym";
				GCC_ENABLE_FIX_AND_CONTINUE = NO;
				PRODUCT_NAME = "Build & test";
				SDKROOT = iphoneos4.3;
				TITANIUM_SDK = "$(HOME)/Library/Application Support/Titanium/mobilesdk/osx/$(TITANIUM_SDK_VERSION)";
				ZERO_LINK = NO;
			};
			name = Release;
		};
/* End XCBuildConfiguration section */

/* Begin XCConfigurationList section */
		1DEB921E08733DC00010E9CD /* Build configuration list for PBXNativeTarget "dropbox" */ = {
			isa = XCConfigurationList;
			buildConfigurations = (
				1DEB921F08733DC00010E9CD /* Debug */,
				1DEB922008733DC00010E9CD /* Release */,
			);
			defaultConfigurationIsVisible = 0;
			defaultConfigurationName = Release;
		};
		1DEB922208733DC00010E9CD /* Build configuration list for PBXProject "dropbox" */ = {
			isa = XCConfigurationList;
			buildConfigurations = (
				1DEB922308733DC00010E9CD /* Debug */,
				1DEB922408733DC00010E9CD /* Release */,
			);
			defaultConfigurationIsVisible = 0;
			defaultConfigurationName = Release;
		};
		24416B8A11C4CA520047AFDD /* Build configuration list for PBXAggregateTarget "Build & Test" */ = {
			isa = XCConfigurationList;
			buildConfigurations = (
				24416B8211C4CA220047AFDD /* Debug */,
				24416B8311C4CA220047AFDD /* Release */,
			);
			defaultConfigurationIsVisible = 0;
			defaultConfigurationName = Release;
		};
/* End XCConfigurationList section */
	};
	rootObject = 0867D690FE84028FC02AAC07 /* Project object */;
}
